// !$*UTF8*$!
{
	archiveVersion = 1;
	classes = {
	};
	objectVersion = 77;
	objects = {

/* Begin PBXBuildFile section */
		048E816F4477212B390A9656 /* SeededDataUITests.swift in Sources */ = {isa = PBXBuildFile; fileRef = 51F23F0716FCE3363F1AA084 /* SeededDataUITests.swift */; };
		0D09EEB6D1A6381EEA6CF030 /* AttributedRoundTripTests.swift in Sources */ = {isa = PBXBuildFile; fileRef = 0EF8382835124C808B432EB7 /* AttributedRoundTripTests.swift */; };
		0EDEF9B8FA4A0C4BBC2969AC /* Pinkha.icon in Resources */ = {isa = PBXBuildFile; fileRef = 98FA53230C175D2564E3AF45 /* Pinkha.icon */; };
		0FCA3499700A2CFF25EB841D /* ImportFeature in Frameworks */ = {isa = PBXBuildFile; productRef = 39EBD01717E41D1EA2F85EA3 /* ImportFeature */; };
		14BA9A8422E8EF6F3C16266A /* BookFeature in Frameworks */ = {isa = PBXBuildFile; productRef = 719A4120B44E2930DCD0A938 /* BookFeature */; };
		155B0A7C57DD6BC320421DBB /* ImportIntegrationTests.swift in Sources */ = {isa = PBXBuildFile; fileRef = 4A87F59E8025954E2D6046E5 /* ImportIntegrationTests.swift */; };
		16243F8C7FD79BEBE5E8B475 /* EdgeCasesTests.swift in Sources */ = {isa = PBXBuildFile; fileRef = D9368C19C4C76886E6A03917 /* EdgeCasesTests.swift */; };
		1687C7C9610D2298A8E55177 /* InfoPlist.xcstrings in Resources */ = {isa = PBXBuildFile; fileRef = A65640724338B9AA4AAF343F /* InfoPlist.xcstrings */; };
		1A4DEC54505A2348CADF2CD6 /* ImportUITests.swift in Sources */ = {isa = PBXBuildFile; fileRef = 2E2E7F51D0CD04EEBC8FE493 /* ImportUITests.swift */; };
		27212F96EDE1DB2A69E5DC8A /* CodableRoundTripTests.swift in Sources */ = {isa = PBXBuildFile; fileRef = F2D794592BEC81AB2CB5E99B /* CodableRoundTripTests.swift */; };
		29937B07CEA589F05F3C64D1 /* ResilienceFFITests.swift in Sources */ = {isa = PBXBuildFile; fileRef = 94AB645E2E656B62E6D0182C /* ResilienceFFITests.swift */; };
		2F4DBAA7D9DAC41973B02B81 /* MarkdownShortcutTests.swift in Sources */ = {isa = PBXBuildFile; fileRef = D0A8005F4451F496EF2075F1 /* MarkdownShortcutTests.swift */; };
		32A58C6A3B2306C8C71716E2 /* FontHelpersTests.swift in Sources */ = {isa = PBXBuildFile; fileRef = 97AAE4ED1A7A8EFFA0FFB26F /* FontHelpersTests.swift */; };
		32C8426F08A11B36F8D34425 /* ColorPersistenceTests.swift in Sources */ = {isa = PBXBuildFile; fileRef = A0242538C571C77BB05443CB /* ColorPersistenceTests.swift */; };
		39EC996E337D7668192E46B0 /* ModelsTests.swift in Sources */ = {isa = PBXBuildFile; fileRef = 7BDCE4B4A67B7675CF7E4994 /* ModelsTests.swift */; };
		3EBA03AE2968EAF33B020A89 /* DatabaseViewModelTests.swift in Sources */ = {isa = PBXBuildFile; fileRef = CFA4CB8B18F322F82D34991C /* DatabaseViewModelTests.swift */; };
		3FAD4339BF72CFD18FC75846 /* PinkhaComposer in Frameworks */ = {isa = PBXBuildFile; productRef = DB9CD06A32E32927DA4E283A /* PinkhaComposer */; };
		406025C2132BC8574ADDE87F /* HomeScreenUITests.swift in Sources */ = {isa = PBXBuildFile; fileRef = E2C07ADA01E894E83B574ABA /* HomeScreenUITests.swift */; };
		4190B41652DB9D8C9534AD12 /* BlockHierarchyTests.swift in Sources */ = {isa = PBXBuildFile; fileRef = AB990B9A8557D574F681053B /* BlockHierarchyTests.swift */; };
		4BA75C93F895BE5EE4307A17 /* EmptyStateUITests.swift in Sources */ = {isa = PBXBuildFile; fileRef = 6093527A0945328E7EC8D4F6 /* EmptyStateUITests.swift */; };
		4C416DF2D208DC067FC9A9E1 /* ContentView.swift in Sources */ = {isa = PBXBuildFile; fileRef = 7A3421677D3E4A70DA86CEB8 /* ContentView.swift */; };
		510DD50589C1252C2F8253A6 /* DocumentApiTests.swift in Sources */ = {isa = PBXBuildFile; fileRef = 8169A1E412FB3AB0851E5ADB /* DocumentApiTests.swift */; };
		55606C176FE32C3B95C91293 /* ResilienceTests.swift in Sources */ = {isa = PBXBuildFile; fileRef = 37543D1D1AAFB9CE1F61603F /* ResilienceTests.swift */; };
		57155F8A05B7C7EA1ED129AF /* Assets.xcassets in Resources */ = {isa = PBXBuildFile; fileRef = F0C5E1D7104E176374A94957 /* Assets.xcassets */; };
		5898D72B50B77D1D3DBB9008 /* ObservabilityTests.swift in Sources */ = {isa = PBXBuildFile; fileRef = 0EF086F9F0458E7ADBD9C439 /* ObservabilityTests.swift */; };
		599105D6197DADEB981F1275 /* SwipeDeleteUITests.swift in Sources */ = {isa = PBXBuildFile; fileRef = BEB8BDD53EA02FC1A56928B5 /* SwipeDeleteUITests.swift */; };
		6037AF533565A18E60760F2C /* ConcurrencyTests.swift in Sources */ = {isa = PBXBuildFile; fileRef = 83C7E5FB163EC0BCAADD90F1 /* ConcurrencyTests.swift */; };
		6A61F7F6FC09488712F87FD4 /* DatabaseModelsTests.swift in Sources */ = {isa = PBXBuildFile; fileRef = BC27E249DFB98A2B03FBBE07 /* DatabaseModelsTests.swift */; };
		6F1BED5AF109B8A559654E40 /* MalformedJSONTests.swift in Sources */ = {isa = PBXBuildFile; fileRef = 8D00712F93440126D5247D83 /* MalformedJSONTests.swift */; };
		70E5381BE9FC61F70FFF8428 /* DatabaseQueriesTests.swift in Sources */ = {isa = PBXBuildFile; fileRef = 74758505CF9C5437D290A702 /* DatabaseQueriesTests.swift */; };
		7730782D87144200F2C2467F /* HelpersTests.swift in Sources */ = {isa = PBXBuildFile; fileRef = 17E4D3F92F639F9E34A27C66 /* HelpersTests.swift */; };
		806AD95333900E5770567ECB /* EdgeOpsTests.swift in Sources */ = {isa = PBXBuildFile; fileRef = 75D7DCC839125DE7FA5021C1 /* EdgeOpsTests.swift */; };
		813F95C5C1BA14EC8CE7FE6C /* PinkhaRichText in Frameworks */ = {isa = PBXBuildFile; productRef = 5C3D37A779DD534887934AAB /* PinkhaRichText */; };
		8407A733A7EFAAF57A90FCB9 /* Sentry in Frameworks */ = {isa = PBXBuildFile; productRef = 239C11BB7B359FC141B27B3C /* Sentry */; };
		8458B3187E4A73BC3010F518 /* SearchFeature in Frameworks */ = {isa = PBXBuildFile; productRef = CB27A7D3DA9FAC4AF81AF319 /* SearchFeature */; };
		89E9A7EE05F907BBD55CB712 /* PinkhaDesignSystem in Frameworks */ = {isa = PBXBuildFile; productRef = 02A56EFCFA9BE0B5D5555148 /* PinkhaDesignSystem */; };
		8D5FA2C87A10F1A5515A71FF /* BlockContentFfiTests.swift in Sources */ = {isa = PBXBuildFile; fileRef = 36A6032BCBFCFE419E656DCE /* BlockContentFfiTests.swift */; };
		8EDE253B7197FBC5C68EBBE1 /* DatabaseApiTests.swift in Sources */ = {isa = PBXBuildFile; fileRef = D790938BD86DCD84018B0A63 /* DatabaseApiTests.swift */; };
		8F3D3AF599C0AA8C7432F385 /* DatabaseEntitiesTests.swift in Sources */ = {isa = PBXBuildFile; fileRef = C48A6090EBBFBAB7A44A9513 /* DatabaseEntitiesTests.swift */; };
		9074D56A0F02ACC6660A97DC /* PinkhaFFI in Frameworks */ = {isa = PBXBuildFile; productRef = 4FCC938B0E5B94FA0726CFF6 /* PinkhaFFI */; };
		98E9AD73AC0F4AF81E73D662 /* EditableBlockTests.swift in Sources */ = {isa = PBXBuildFile; fileRef = 5B033CFC2C8EE318FA058974 /* EditableBlockTests.swift */; };
		9C56A8C90EE5492F7FD49F24 /* PinkhaApp.swift in Sources */ = {isa = PBXBuildFile; fileRef = 909E5D4DB1628C93BC5215A1 /* PinkhaApp.swift */; };
		9E488110AB0BE3931273EEA6 /* PerformanceTests.swift in Sources */ = {isa = PBXBuildFile; fileRef = F8FFF93EEDC254780485D651 /* PerformanceTests.swift */; };
		A56785ADE2F127B5EBA0AAB7 /* BlockOpsTests.swift in Sources */ = {isa = PBXBuildFile; fileRef = 738ECE1D72957495F50518E6 /* BlockOpsTests.swift */; };
		B1CC663C63066A3A8AA2C30E /* LibraryFeature in Frameworks */ = {isa = PBXBuildFile; productRef = B0646CF4E56693CA472EB748 /* LibraryFeature */; };
		B44F29957A1D8A27E587259A /* AppDelegate.swift in Sources */ = {isa = PBXBuildFile; fileRef = 1D8D5D391D7106F7C2E577E4 /* AppDelegate.swift */; };
		BEA49A960162E98F792D98C6 /* BlockPickerUITests.swift in Sources */ = {isa = PBXBuildFile; fileRef = C7C31BC0B000B9D4E7321876 /* BlockPickerUITests.swift */; };
		CADF13DFAEACD69368156D23 /* NotionOAuth2Tests.swift in Sources */ = {isa = PBXBuildFile; fileRef = D8829AA3035FF94BD0A3EF7B /* NotionOAuth2Tests.swift */; };
		CB2ACC1814A777783FADCC91 /* Composer+QuickActions.swift in Sources */ = {isa = PBXBuildFile; fileRef = 6B4887EECF47E4661EA0C63B /* Composer+QuickActions.swift */; };
		CD4789BCC780C9D68DC8B27D /* PinkhaCore in Frameworks */ = {isa = PBXBuildFile; productRef = 7EAD411614854C81161A96AF /* PinkhaCore */; };
		CFD9CAB170B0DA057F17F25B /* SplashView.swift in Sources */ = {isa = PBXBuildFile; fileRef = 2516EE64F9E482E141A0D27E /* SplashView.swift */; };
		D878D8EB398C5B2F7E67F418 /* Localizable.xcstrings in Resources */ = {isa = PBXBuildFile; fileRef = 1C694413F2C74CAD1272F440 /* Localizable.xcstrings */; };
		D94EA417E488B890F0BC3AAA /* VMErrorHandlingTests.swift in Sources */ = {isa = PBXBuildFile; fileRef = 7AF590FDF89EC393658B2029 /* VMErrorHandlingTests.swift */; };
		E368FE7BD750360550B347BD /* CoverImageTests.swift in Sources */ = {isa = PBXBuildFile; fileRef = 1C90F098980AEF72F3CE8978 /* CoverImageTests.swift */; };
		EDF95358CEFF04EA6FF47BB7 /* DocumentViewModelTests.swift in Sources */ = {isa = PBXBuildFile; fileRef = 7489CFC34A012E88663D5A4E /* DocumentViewModelTests.swift */; };
		F1F32310563BE3298EAF023A /* PersistenceTests.swift in Sources */ = {isa = PBXBuildFile; fileRef = F2993E55B338F853D7618589 /* PersistenceTests.swift */; };
		F79CCC9032083583516E9A36 /* SearchTests.swift in Sources */ = {isa = PBXBuildFile; fileRef = 28EEC29CAF243FC97EC0EB7C /* SearchTests.swift */; };
		FBFB686803B28D7733E34D1C /* LeafFeature in Frameworks */ = {isa = PBXBuildFile; productRef = FF83B8C3CF8B8AE46DE62FFB /* LeafFeature */; };
/* End PBXBuildFile section */

/* Begin PBXContainerItemProxy section */
		3F6322727DEA3746AEE58BE4 /* PBXContainerItemProxy */ = {
			isa = PBXContainerItemProxy;
			containerPortal = B6B20DC4A0EA8B3E7FC9B64C /* Project object */;
			proxyType = 1;
			remoteGlobalIDString = EAA7C7AD90A3193951A64D87;
			remoteInfo = Pinkha;
		};
		82CA7FAA1D026B153516741A /* PBXContainerItemProxy */ = {
			isa = PBXContainerItemProxy;
			containerPortal = B6B20DC4A0EA8B3E7FC9B64C /* Project object */;
			proxyType = 1;
			remoteGlobalIDString = EAA7C7AD90A3193951A64D87;
			remoteInfo = Pinkha;
		};
		B1879F3C09CA1C2D142C9F1A /* PBXContainerItemProxy */ = {
			isa = PBXContainerItemProxy;
			containerPortal = B6B20DC4A0EA8B3E7FC9B64C /* Project object */;
			proxyType = 1;
			remoteGlobalIDString = EAA7C7AD90A3193951A64D87;
			remoteInfo = Pinkha;
		};
/* End PBXContainerItemProxy section */

/* Begin PBXFileReference section */
		0EF086F9F0458E7ADBD9C439 /* ObservabilityTests.swift */ = {isa = PBXFileReference; lastKnownFileType = sourcecode.swift; path = ObservabilityTests.swift; sourceTree = "<group>"; };
		0EF8382835124C808B432EB7 /* AttributedRoundTripTests.swift */ = {isa = PBXFileReference; lastKnownFileType = sourcecode.swift; path = AttributedRoundTripTests.swift; sourceTree = "<group>"; };
		17DA6404045030EB17863040 /* PinkhaFeatures */ = {isa = PBXFileReference; lastKnownFileType = folder; name = PinkhaFeatures; path = Packages/PinkhaFeatures; sourceTree = SOURCE_ROOT; };
		17E4D3F92F639F9E34A27C66 /* HelpersTests.swift */ = {isa = PBXFileReference; lastKnownFileType = sourcecode.swift; path = HelpersTests.swift; sourceTree = "<group>"; };
		1C694413F2C74CAD1272F440 /* Localizable.xcstrings */ = {isa = PBXFileReference; lastKnownFileType = text.json.xcstrings; path = Localizable.xcstrings; sourceTree = "<group>"; };
		1C90F098980AEF72F3CE8978 /* CoverImageTests.swift */ = {isa = PBXFileReference; lastKnownFileType = sourcecode.swift; path = CoverImageTests.swift; sourceTree = "<group>"; };
		1D8D5D391D7106F7C2E577E4 /* AppDelegate.swift */ = {isa = PBXFileReference; lastKnownFileType = sourcecode.swift; path = AppDelegate.swift; sourceTree = "<group>"; };
		246D8DEA021370914CD19718 /* PinkhaDesignSystem */ = {isa = PBXFileReference; lastKnownFileType = folder; name = PinkhaDesignSystem; path = Packages/PinkhaDesignSystem; sourceTree = SOURCE_ROOT; };
		2516EE64F9E482E141A0D27E /* SplashView.swift */ = {isa = PBXFileReference; lastKnownFileType = sourcecode.swift; path = SplashView.swift; sourceTree = "<group>"; };
		28EEC29CAF243FC97EC0EB7C /* SearchTests.swift */ = {isa = PBXFileReference; lastKnownFileType = sourcecode.swift; path = SearchTests.swift; sourceTree = "<group>"; };
		2E2E7F51D0CD04EEBC8FE493 /* ImportUITests.swift */ = {isa = PBXFileReference; lastKnownFileType = sourcecode.swift; path = ImportUITests.swift; sourceTree = "<group>"; };
		36A6032BCBFCFE419E656DCE /* BlockContentFfiTests.swift */ = {isa = PBXFileReference; lastKnownFileType = sourcecode.swift; path = BlockContentFfiTests.swift; sourceTree = "<group>"; };
		37543D1D1AAFB9CE1F61603F /* ResilienceTests.swift */ = {isa = PBXFileReference; lastKnownFileType = sourcecode.swift; path = ResilienceTests.swift; sourceTree = "<group>"; };
		42515D61067CC8012E26290D /* PinkhaFFI */ = {isa = PBXFileReference; lastKnownFileType = folder; name = PinkhaFFI; path = Packages/PinkhaFFI; sourceTree = SOURCE_ROOT; };
		4A87F59E8025954E2D6046E5 /* ImportIntegrationTests.swift */ = {isa = PBXFileReference; lastKnownFileType = sourcecode.swift; path = ImportIntegrationTests.swift; sourceTree = "<group>"; };
		51F23F0716FCE3363F1AA084 /* SeededDataUITests.swift */ = {isa = PBXFileReference; lastKnownFileType = sourcecode.swift; path = SeededDataUITests.swift; sourceTree = "<group>"; };
		596EB06D81D9723854411FD8 /* PinkhaTests.xctest */ = {isa = PBXFileReference; includeInIndex = 0; lastKnownFileType = wrapper.cfbundle; path = PinkhaTests.xctest; sourceTree = BUILT_PRODUCTS_DIR; };
		5B033CFC2C8EE318FA058974 /* EditableBlockTests.swift */ = {isa = PBXFileReference; lastKnownFileType = sourcecode.swift; path = EditableBlockTests.swift; sourceTree = "<group>"; };
		6093527A0945328E7EC8D4F6 /* EmptyStateUITests.swift */ = {isa = PBXFileReference; lastKnownFileType = sourcecode.swift; path = EmptyStateUITests.swift; sourceTree = "<group>"; };
		6B4887EECF47E4661EA0C63B /* Composer+QuickActions.swift */ = {isa = PBXFileReference; lastKnownFileType = sourcecode.swift; path = "Composer+QuickActions.swift"; sourceTree = "<group>"; };
		738ECE1D72957495F50518E6 /* BlockOpsTests.swift */ = {isa = PBXFileReference; lastKnownFileType = sourcecode.swift; path = BlockOpsTests.swift; sourceTree = "<group>"; };
		74758505CF9C5437D290A702 /* DatabaseQueriesTests.swift */ = {isa = PBXFileReference; lastKnownFileType = sourcecode.swift; path = DatabaseQueriesTests.swift; sourceTree = "<group>"; };
		7489CFC34A012E88663D5A4E /* DocumentViewModelTests.swift */ = {isa = PBXFileReference; lastKnownFileType = sourcecode.swift; path = DocumentViewModelTests.swift; sourceTree = "<group>"; };
		75D7DCC839125DE7FA5021C1 /* EdgeOpsTests.swift */ = {isa = PBXFileReference; lastKnownFileType = sourcecode.swift; path = EdgeOpsTests.swift; sourceTree = "<group>"; };
		7A3421677D3E4A70DA86CEB8 /* ContentView.swift */ = {isa = PBXFileReference; lastKnownFileType = sourcecode.swift; path = ContentView.swift; sourceTree = "<group>"; };
		7AF590FDF89EC393658B2029 /* VMErrorHandlingTests.swift */ = {isa = PBXFileReference; lastKnownFileType = sourcecode.swift; path = VMErrorHandlingTests.swift; sourceTree = "<group>"; };
		7BDCE4B4A67B7675CF7E4994 /* ModelsTests.swift */ = {isa = PBXFileReference; lastKnownFileType = sourcecode.swift; path = ModelsTests.swift; sourceTree = "<group>"; };
		8169A1E412FB3AB0851E5ADB /* DocumentApiTests.swift */ = {isa = PBXFileReference; lastKnownFileType = sourcecode.swift; path = DocumentApiTests.swift; sourceTree = "<group>"; };
		83C7E5FB163EC0BCAADD90F1 /* ConcurrencyTests.swift */ = {isa = PBXFileReference; lastKnownFileType = sourcecode.swift; path = ConcurrencyTests.swift; sourceTree = "<group>"; };
		86D3AC790B05FD01F5C7C833 /* PinkhaCore */ = {isa = PBXFileReference; lastKnownFileType = folder; name = PinkhaCore; path = Packages/PinkhaCore; sourceTree = SOURCE_ROOT; };
		8D00712F93440126D5247D83 /* MalformedJSONTests.swift */ = {isa = PBXFileReference; lastKnownFileType = sourcecode.swift; path = MalformedJSONTests.swift; sourceTree = "<group>"; };
		8D498BD6A504E837D38568BA /* Info.plist */ = {isa = PBXFileReference; lastKnownFileType = text.plist; path = Info.plist; sourceTree = "<group>"; };
		909E5D4DB1628C93BC5215A1 /* PinkhaApp.swift */ = {isa = PBXFileReference; lastKnownFileType = sourcecode.swift; path = PinkhaApp.swift; sourceTree = "<group>"; };
		94AB645E2E656B62E6D0182C /* ResilienceFFITests.swift */ = {isa = PBXFileReference; lastKnownFileType = sourcecode.swift; path = ResilienceFFITests.swift; sourceTree = "<group>"; };
		97AAE4ED1A7A8EFFA0FFB26F /* FontHelpersTests.swift */ = {isa = PBXFileReference; lastKnownFileType = sourcecode.swift; path = FontHelpersTests.swift; sourceTree = "<group>"; };
		989079D332C7B04FEE02C8BC /* PinkhaIntegrationTests.xctest */ = {isa = PBXFileReference; includeInIndex = 0; lastKnownFileType = wrapper.cfbundle; path = PinkhaIntegrationTests.xctest; sourceTree = BUILT_PRODUCTS_DIR; };
		98FA53230C175D2564E3AF45 /* Pinkha.icon */ = {isa = PBXFileReference; includeInIndex = 1; lastKnownFileType = wrapper.icon; path = Pinkha.icon; sourceTree = "<group>"; };
		A0242538C571C77BB05443CB /* ColorPersistenceTests.swift */ = {isa = PBXFileReference; lastKnownFileType = sourcecode.swift; path = ColorPersistenceTests.swift; sourceTree = "<group>"; };
		A4E2380661E5813755F120A1 /* Pinkha.app */ = {isa = PBXFileReference; includeInIndex = 0; lastKnownFileType = wrapper.application; path = Pinkha.app; sourceTree = BUILT_PRODUCTS_DIR; };
		A65640724338B9AA4AAF343F /* InfoPlist.xcstrings */ = {isa = PBXFileReference; lastKnownFileType = text.json.xcstrings; path = InfoPlist.xcstrings; sourceTree = "<group>"; };
		AB990B9A8557D574F681053B /* BlockHierarchyTests.swift */ = {isa = PBXFileReference; lastKnownFileType = sourcecode.swift; path = BlockHierarchyTests.swift; sourceTree = "<group>"; };
		BAE708B54C4D296BE09E399D /* Secrets.xcconfig */ = {isa = PBXFileReference; lastKnownFileType = text.xcconfig; path = Secrets.xcconfig; sourceTree = "<group>"; };
		BBCF4EDFC02A470DBC3BA602 /* PinkhaUITests.xctest */ = {isa = PBXFileReference; includeInIndex = 0; lastKnownFileType = wrapper.cfbundle; path = PinkhaUITests.xctest; sourceTree = BUILT_PRODUCTS_DIR; };
		BC27E249DFB98A2B03FBBE07 /* DatabaseModelsTests.swift */ = {isa = PBXFileReference; lastKnownFileType = sourcecode.swift; path = DatabaseModelsTests.swift; sourceTree = "<group>"; };
		BEB8BDD53EA02FC1A56928B5 /* SwipeDeleteUITests.swift */ = {isa = PBXFileReference; lastKnownFileType = sourcecode.swift; path = SwipeDeleteUITests.swift; sourceTree = "<group>"; };
		C48A6090EBBFBAB7A44A9513 /* DatabaseEntitiesTests.swift */ = {isa = PBXFileReference; lastKnownFileType = sourcecode.swift; path = DatabaseEntitiesTests.swift; sourceTree = "<group>"; };
		C7C31BC0B000B9D4E7321876 /* BlockPickerUITests.swift */ = {isa = PBXFileReference; lastKnownFileType = sourcecode.swift; path = BlockPickerUITests.swift; sourceTree = "<group>"; };
		CFA4CB8B18F322F82D34991C /* DatabaseViewModelTests.swift */ = {isa = PBXFileReference; lastKnownFileType = sourcecode.swift; path = DatabaseViewModelTests.swift; sourceTree = "<group>"; };
		D0A8005F4451F496EF2075F1 /* MarkdownShortcutTests.swift */ = {isa = PBXFileReference; lastKnownFileType = sourcecode.swift; path = MarkdownShortcutTests.swift; sourceTree = "<group>"; };
		D790938BD86DCD84018B0A63 /* DatabaseApiTests.swift */ = {isa = PBXFileReference; lastKnownFileType = sourcecode.swift; path = DatabaseApiTests.swift; sourceTree = "<group>"; };
		D7B91458BC33B0E4E7209183 /* PinkhaRichText */ = {isa = PBXFileReference; lastKnownFileType = folder; name = PinkhaRichText; path = Packages/PinkhaRichText; sourceTree = SOURCE_ROOT; };
		D8829AA3035FF94BD0A3EF7B /* NotionOAuth2Tests.swift */ = {isa = PBXFileReference; lastKnownFileType = sourcecode.swift; path = NotionOAuth2Tests.swift; sourceTree = "<group>"; };
		D9368C19C4C76886E6A03917 /* EdgeCasesTests.swift */ = {isa = PBXFileReference; lastKnownFileType = sourcecode.swift; path = EdgeCasesTests.swift; sourceTree = "<group>"; };
		DC3CE918941B43A282D0FF3D /* PinkhaComposer */ = {isa = PBXFileReference; lastKnownFileType = folder; name = PinkhaComposer; path = Packages/PinkhaComposer; sourceTree = SOURCE_ROOT; };
		E2C07ADA01E894E83B574ABA /* HomeScreenUITests.swift */ = {isa = PBXFileReference; lastKnownFileType = sourcecode.swift; path = HomeScreenUITests.swift; sourceTree = "<group>"; };
		F0C5E1D7104E176374A94957 /* Assets.xcassets */ = {isa = PBXFileReference; lastKnownFileType = folder.assetcatalog; path = Assets.xcassets; sourceTree = "<group>"; };
		F2993E55B338F853D7618589 /* PersistenceTests.swift */ = {isa = PBXFileReference; lastKnownFileType = sourcecode.swift; path = PersistenceTests.swift; sourceTree = "<group>"; };
		F2D794592BEC81AB2CB5E99B /* CodableRoundTripTests.swift */ = {isa = PBXFileReference; lastKnownFileType = sourcecode.swift; path = CodableRoundTripTests.swift; sourceTree = "<group>"; };
		F8FFF93EEDC254780485D651 /* PerformanceTests.swift */ = {isa = PBXFileReference; lastKnownFileType = sourcecode.swift; path = PerformanceTests.swift; sourceTree = "<group>"; };
/* End PBXFileReference section */

/* Begin PBXFrameworksBuildPhase section */
		361BE22DD94B71EEEC5EFB54 /* Frameworks */ = {
			isa = PBXFrameworksBuildPhase;
			buildActionMask = 2147483647;
			files = (
				9074D56A0F02ACC6660A97DC /* PinkhaFFI in Frameworks */,
				CD4789BCC780C9D68DC8B27D /* PinkhaCore in Frameworks */,
				89E9A7EE05F907BBD55CB712 /* PinkhaDesignSystem in Frameworks */,
				813F95C5C1BA14EC8CE7FE6C /* PinkhaRichText in Frameworks */,
				3FAD4339BF72CFD18FC75846 /* PinkhaComposer in Frameworks */,
				FBFB686803B28D7733E34D1C /* LeafFeature in Frameworks */,
				14BA9A8422E8EF6F3C16266A /* BookFeature in Frameworks */,
				B1CC663C63066A3A8AA2C30E /* LibraryFeature in Frameworks */,
				0FCA3499700A2CFF25EB841D /* ImportFeature in Frameworks */,
				8458B3187E4A73BC3010F518 /* SearchFeature in Frameworks */,
				8407A733A7EFAAF57A90FCB9 /* Sentry in Frameworks */,
			);
			runOnlyForDeploymentPostprocessing = 0;
		};
/* End PBXFrameworksBuildPhase section */

/* Begin PBXGroup section */
		1A00F97C8C67F1DADFB024A3 /* Unit */ = {
			isa = PBXGroup;
			children = (
				0EF8382835124C808B432EB7 /* AttributedRoundTripTests.swift */,
				36A6032BCBFCFE419E656DCE /* BlockContentFfiTests.swift */,
				F2D794592BEC81AB2CB5E99B /* CodableRoundTripTests.swift */,
				BC27E249DFB98A2B03FBBE07 /* DatabaseModelsTests.swift */,
				5B033CFC2C8EE318FA058974 /* EditableBlockTests.swift */,
				97AAE4ED1A7A8EFFA0FFB26F /* FontHelpersTests.swift */,
				17E4D3F92F639F9E34A27C66 /* HelpersTests.swift */,
				8D00712F93440126D5247D83 /* MalformedJSONTests.swift */,
				D0A8005F4451F496EF2075F1 /* MarkdownShortcutTests.swift */,
				7BDCE4B4A67B7675CF7E4994 /* ModelsTests.swift */,
				D8829AA3035FF94BD0A3EF7B /* NotionOAuth2Tests.swift */,
				0EF086F9F0458E7ADBD9C439 /* ObservabilityTests.swift */,
				37543D1D1AAFB9CE1F61603F /* ResilienceTests.swift */,
			);
			path = Unit;
			sourceTree = "<group>";
		};
		3556BDEB901BA5C3B0B5128B /* UI */ = {
			isa = PBXGroup;
			children = (
				C7C31BC0B000B9D4E7321876 /* BlockPickerUITests.swift */,
				6093527A0945328E7EC8D4F6 /* EmptyStateUITests.swift */,
				E2C07ADA01E894E83B574ABA /* HomeScreenUITests.swift */,
				2E2E7F51D0CD04EEBC8FE493 /* ImportUITests.swift */,
				51F23F0716FCE3363F1AA084 /* SeededDataUITests.swift */,
				BEB8BDD53EA02FC1A56928B5 /* SwipeDeleteUITests.swift */,
			);
			path = UI;
			sourceTree = "<group>";
		};
		52689657E616B098718D0A67 /* Config */ = {
			isa = PBXGroup;
			children = (
				BAE708B54C4D296BE09E399D /* Secrets.xcconfig */,
			);
			path = Config;
			sourceTree = "<group>";
		};
		53A5FA7ABDC9C73E74A8706F /* App */ = {
			isa = PBXGroup;
			children = (
				1D8D5D391D7106F7C2E577E4 /* AppDelegate.swift */,
				6B4887EECF47E4661EA0C63B /* Composer+QuickActions.swift */,
				7A3421677D3E4A70DA86CEB8 /* ContentView.swift */,
				909E5D4DB1628C93BC5215A1 /* PinkhaApp.swift */,
				2516EE64F9E482E141A0D27E /* SplashView.swift */,
			);
			path = App;
			sourceTree = "<group>";
		};
		57EFC2114549FF22DA2AC116 /* Integration */ = {
			isa = PBXGroup;
			children = (
				AB990B9A8557D574F681053B /* BlockHierarchyTests.swift */,
				738ECE1D72957495F50518E6 /* BlockOpsTests.swift */,
				A0242538C571C77BB05443CB /* ColorPersistenceTests.swift */,
				83C7E5FB163EC0BCAADD90F1 /* ConcurrencyTests.swift */,
				1C90F098980AEF72F3CE8978 /* CoverImageTests.swift */,
				D790938BD86DCD84018B0A63 /* DatabaseApiTests.swift */,
				C48A6090EBBFBAB7A44A9513 /* DatabaseEntitiesTests.swift */,
				74758505CF9C5437D290A702 /* DatabaseQueriesTests.swift */,
				CFA4CB8B18F322F82D34991C /* DatabaseViewModelTests.swift */,
				8169A1E412FB3AB0851E5ADB /* DocumentApiTests.swift */,
				7489CFC34A012E88663D5A4E /* DocumentViewModelTests.swift */,
				D9368C19C4C76886E6A03917 /* EdgeCasesTests.swift */,
				75D7DCC839125DE7FA5021C1 /* EdgeOpsTests.swift */,
				4A87F59E8025954E2D6046E5 /* ImportIntegrationTests.swift */,
				F8FFF93EEDC254780485D651 /* PerformanceTests.swift */,
				F2993E55B338F853D7618589 /* PersistenceTests.swift */,
				94AB645E2E656B62E6D0182C /* ResilienceFFITests.swift */,
				28EEC29CAF243FC97EC0EB7C /* SearchTests.swift */,
				7AF590FDF89EC393658B2029 /* VMErrorHandlingTests.swift */,
			);
			path = Integration;
			sourceTree = "<group>";
		};
		7459E38DDB42FA0567FB08BE /* Products */ = {
			isa = PBXGroup;
			children = (
				A4E2380661E5813755F120A1 /* Pinkha.app */,
				989079D332C7B04FEE02C8BC /* PinkhaIntegrationTests.xctest */,
				596EB06D81D9723854411FD8 /* PinkhaTests.xctest */,
				BBCF4EDFC02A470DBC3BA602 /* PinkhaUITests.xctest */,
			);
			name = Products;
			sourceTree = "<group>";
		};
		7CE19974FB0E7C2FE24CED36 /* Tests */ = {
			isa = PBXGroup;
			children = (
				57EFC2114549FF22DA2AC116 /* Integration */,
				3556BDEB901BA5C3B0B5128B /* UI */,
				1A00F97C8C67F1DADFB024A3 /* Unit */,
			);
			path = Tests;
			sourceTree = "<group>";
		};
		8FB7F1288CD331FA0F093783 /* Sources */ = {
			isa = PBXGroup;
			children = (
				F0C5E1D7104E176374A94957 /* Assets.xcassets */,
				8D498BD6A504E837D38568BA /* Info.plist */,
				A65640724338B9AA4AAF343F /* InfoPlist.xcstrings */,
				1C694413F2C74CAD1272F440 /* Localizable.xcstrings */,
				53A5FA7ABDC9C73E74A8706F /* App */,
			);
			path = Sources;
			sourceTree = "<group>";
		};
		A75FAF648EEA621E03010904 /* Packages */ = {
			isa = PBXGroup;
			children = (
				DC3CE918941B43A282D0FF3D /* PinkhaComposer */,
				86D3AC790B05FD01F5C7C833 /* PinkhaCore */,
				246D8DEA021370914CD19718 /* PinkhaDesignSystem */,
				17DA6404045030EB17863040 /* PinkhaFeatures */,
				42515D61067CC8012E26290D /* PinkhaFFI */,
				D7B91458BC33B0E4E7209183 /* PinkhaRichText */,
			);
			path = Packages;
			sourceTree = "<group>";
		};
		E86798F7A2A2D237245F09A1 /* app */ = {
			isa = PBXGroup;
			children = (
				98FA53230C175D2564E3AF45 /* Pinkha.icon */,
			);
			name = app;
			sourceTree = "<group>";
		};
		F122F2A1952EFD55C6F7E411 = {
			isa = PBXGroup;
			children = (
				52689657E616B098718D0A67 /* Config */,
				A75FAF648EEA621E03010904 /* Packages */,
				8FB7F1288CD331FA0F093783 /* Sources */,
				7CE19974FB0E7C2FE24CED36 /* Tests */,
				7459E38DDB42FA0567FB08BE /* Products */,
				E86798F7A2A2D237245F09A1 /* app */,
			);
			sourceTree = "<group>";
		};
/* End PBXGroup section */

/* Begin PBXNativeTarget section */
		1682225E1FF720CA9A508B0E /* PinkhaIntegrationTests */ = {
			isa = PBXNativeTarget;
			buildConfigurationList = C66A3119ED20EDAF72F94117 /* Build configuration list for PBXNativeTarget "PinkhaIntegrationTests" */;
			buildPhases = (
				C2C2D0A2B82E496AFC1ADF12 /* Sources */,
			);
			buildRules = (
			);
			dependencies = (
				927F330555739D9EA6AE32DA /* PBXTargetDependency */,
			);
			name = PinkhaIntegrationTests;
			productName = PinkhaIntegrationTests;
			productReference = 989079D332C7B04FEE02C8BC /* PinkhaIntegrationTests.xctest */;
			productType = "com.apple.product-type.bundle.unit-test";
		};
		8C1010FA95FFCFEEE4AF60B9 /* PinkhaUITests */ = {
			isa = PBXNativeTarget;
			buildConfigurationList = 766E005E531098A5CFF3BCDC /* Build configuration list for PBXNativeTarget "PinkhaUITests" */;
			buildPhases = (
				49B187D4AB8B5A36D887B019 /* Sources */,
			);
			buildRules = (
			);
			dependencies = (
				4E6BCB04497B8C41D714F720 /* PBXTargetDependency */,
			);
			name = PinkhaUITests;
			productName = PinkhaUITests;
			productReference = BBCF4EDFC02A470DBC3BA602 /* PinkhaUITests.xctest */;
			productType = "com.apple.product-type.bundle.ui-testing";
		};
		D17CDC21C3448F05002B7131 /* PinkhaTests */ = {
			isa = PBXNativeTarget;
			buildConfigurationList = E506D8A2E05ACC8F63B73873 /* Build configuration list for PBXNativeTarget "PinkhaTests" */;
			buildPhases = (
				DDB8E7046FD3A36994009D3A /* Sources */,
			);
			buildRules = (
			);
			dependencies = (
				BEEC4C3C50F6749665EC95D9 /* PBXTargetDependency */,
			);
			name = PinkhaTests;
			productName = PinkhaTests;
			productReference = 596EB06D81D9723854411FD8 /* PinkhaTests.xctest */;
			productType = "com.apple.product-type.bundle.unit-test";
		};
		EAA7C7AD90A3193951A64D87 /* Pinkha */ = {
			isa = PBXNativeTarget;
			buildConfigurationList = F296389EA5103A5E0CF85924 /* Build configuration list for PBXNativeTarget "Pinkha" */;
			buildPhases = (
				0DFF22B74E173A59AD0F2300 /* Sources */,
				89EFF3485932289DEEF40AEC /* Resources */,
				361BE22DD94B71EEEC5EFB54 /* Frameworks */,
			);
			buildRules = (
			);
			dependencies = (
			);
			name = Pinkha;
			packageProductDependencies = (
				4FCC938B0E5B94FA0726CFF6 /* PinkhaFFI */,
				7EAD411614854C81161A96AF /* PinkhaCore */,
				02A56EFCFA9BE0B5D5555148 /* PinkhaDesignSystem */,
				5C3D37A779DD534887934AAB /* PinkhaRichText */,
				DB9CD06A32E32927DA4E283A /* PinkhaComposer */,
				FF83B8C3CF8B8AE46DE62FFB /* LeafFeature */,
				719A4120B44E2930DCD0A938 /* BookFeature */,
				B0646CF4E56693CA472EB748 /* LibraryFeature */,
				39EBD01717E41D1EA2F85EA3 /* ImportFeature */,
				CB27A7D3DA9FAC4AF81AF319 /* SearchFeature */,
				239C11BB7B359FC141B27B3C /* Sentry */,
			);
			productName = Pinkha;
			productReference = A4E2380661E5813755F120A1 /* Pinkha.app */;
			productType = "com.apple.product-type.application";
		};
/* End PBXNativeTarget section */

/* Begin PBXProject section */
		B6B20DC4A0EA8B3E7FC9B64C /* Project object */ = {
			isa = PBXProject;
			attributes = {
				BuildIndependentTargetsInParallel = YES;
				LastUpgradeCheck = 1430;
				TargetAttributes = {
					1682225E1FF720CA9A508B0E = {
						DevelopmentTeam = N49VNC2G57;
					};
					8C1010FA95FFCFEEE4AF60B9 = {
						DevelopmentTeam = N49VNC2G57;
						TestTargetID = EAA7C7AD90A3193951A64D87;
					};
					D17CDC21C3448F05002B7131 = {
						DevelopmentTeam = N49VNC2G57;
					};
					EAA7C7AD90A3193951A64D87 = {
						DevelopmentTeam = N49VNC2G57;
					};
				};
			};
			buildConfigurationList = 745D40AE35FFA2222389F097 /* Build configuration list for PBXProject "Pinkha" */;
			developmentRegion = en;
			hasScannedForEncodings = 0;
			knownRegions = (
				Base,
				en,
				fr,
			);
			mainGroup = F122F2A1952EFD55C6F7E411;
			minimizedProjectReferenceProxies = 1;
			packageReferences = (
				C7825E2281810F2327BF98FF /* XCRemoteSwiftPackageReference "sentry-cocoa" */,
				E29BBE593B0D6FBC9305D41D /* XCLocalSwiftPackageReference "PinkhaComposer" */,
				3A283417E14F4171E2CB6C47 /* XCLocalSwiftPackageReference "PinkhaCore" */,
				D9A10A1EE966734829834F90 /* XCLocalSwiftPackageReference "PinkhaDesignSystem" */,
				B0FE31F7CD88318FA252F053 /* XCLocalSwiftPackageReference "PinkhaFFI" */,
				718B09548FDB464F566672B1 /* XCLocalSwiftPackageReference "PinkhaFeatures" */,
				482F80831FDB58B7A87E622C /* XCLocalSwiftPackageReference "PinkhaRichText" */,
			);
			preferredProjectObjectVersion = 77;
			productRefGroup = 7459E38DDB42FA0567FB08BE /* Products */;
			projectDirPath = "";
			projectRoot = "";
			targets = (
				EAA7C7AD90A3193951A64D87 /* Pinkha */,
				1682225E1FF720CA9A508B0E /* PinkhaIntegrationTests */,
				D17CDC21C3448F05002B7131 /* PinkhaTests */,
				8C1010FA95FFCFEEE4AF60B9 /* PinkhaUITests */,
			);
		};
/* End PBXProject section */

/* Begin PBXResourcesBuildPhase section */
		89EFF3485932289DEEF40AEC /* Resources */ = {
			isa = PBXResourcesBuildPhase;
			buildActionMask = 2147483647;
			files = (
				57155F8A05B7C7EA1ED129AF /* Assets.xcassets in Resources */,
				1687C7C9610D2298A8E55177 /* InfoPlist.xcstrings in Resources */,
				D878D8EB398C5B2F7E67F418 /* Localizable.xcstrings in Resources */,
				0EDEF9B8FA4A0C4BBC2969AC /* Pinkha.icon in Resources */,
			);
			runOnlyForDeploymentPostprocessing = 0;
		};
/* End PBXResourcesBuildPhase section */

/* Begin PBXSourcesBuildPhase section */
		0DFF22B74E173A59AD0F2300 /* Sources */ = {
			isa = PBXSourcesBuildPhase;
			buildActionMask = 2147483647;
			files = (
				B44F29957A1D8A27E587259A /* AppDelegate.swift in Sources */,
				CB2ACC1814A777783FADCC91 /* Composer+QuickActions.swift in Sources */,
				4C416DF2D208DC067FC9A9E1 /* ContentView.swift in Sources */,
				9C56A8C90EE5492F7FD49F24 /* PinkhaApp.swift in Sources */,
				CFD9CAB170B0DA057F17F25B /* SplashView.swift in Sources */,
			);
			runOnlyForDeploymentPostprocessing = 0;
		};
		49B187D4AB8B5A36D887B019 /* Sources */ = {
			isa = PBXSourcesBuildPhase;
			buildActionMask = 2147483647;
			files = (
				BEA49A960162E98F792D98C6 /* BlockPickerUITests.swift in Sources */,
				4BA75C93F895BE5EE4307A17 /* EmptyStateUITests.swift in Sources */,
				406025C2132BC8574ADDE87F /* HomeScreenUITests.swift in Sources */,
				1A4DEC54505A2348CADF2CD6 /* ImportUITests.swift in Sources */,
				048E816F4477212B390A9656 /* SeededDataUITests.swift in Sources */,
				599105D6197DADEB981F1275 /* SwipeDeleteUITests.swift in Sources */,
			);
			runOnlyForDeploymentPostprocessing = 0;
		};
		C2C2D0A2B82E496AFC1ADF12 /* Sources */ = {
			isa = PBXSourcesBuildPhase;
			buildActionMask = 2147483647;
			files = (
				4190B41652DB9D8C9534AD12 /* BlockHierarchyTests.swift in Sources */,
				A56785ADE2F127B5EBA0AAB7 /* BlockOpsTests.swift in Sources */,
				32C8426F08A11B36F8D34425 /* ColorPersistenceTests.swift in Sources */,
				6037AF533565A18E60760F2C /* ConcurrencyTests.swift in Sources */,
				E368FE7BD750360550B347BD /* CoverImageTests.swift in Sources */,
				8EDE253B7197FBC5C68EBBE1 /* DatabaseApiTests.swift in Sources */,
				8F3D3AF599C0AA8C7432F385 /* DatabaseEntitiesTests.swift in Sources */,
				70E5381BE9FC61F70FFF8428 /* DatabaseQueriesTests.swift in Sources */,
				3EBA03AE2968EAF33B020A89 /* DatabaseViewModelTests.swift in Sources */,
				510DD50589C1252C2F8253A6 /* DocumentApiTests.swift in Sources */,
				EDF95358CEFF04EA6FF47BB7 /* DocumentViewModelTests.swift in Sources */,
				16243F8C7FD79BEBE5E8B475 /* EdgeCasesTests.swift in Sources */,
				806AD95333900E5770567ECB /* EdgeOpsTests.swift in Sources */,
				155B0A7C57DD6BC320421DBB /* ImportIntegrationTests.swift in Sources */,
				9E488110AB0BE3931273EEA6 /* PerformanceTests.swift in Sources */,
				F1F32310563BE3298EAF023A /* PersistenceTests.swift in Sources */,
				29937B07CEA589F05F3C64D1 /* ResilienceFFITests.swift in Sources */,
				F79CCC9032083583516E9A36 /* SearchTests.swift in Sources */,
				D94EA417E488B890F0BC3AAA /* VMErrorHandlingTests.swift in Sources */,
			);
			runOnlyForDeploymentPostprocessing = 0;
		};
		DDB8E7046FD3A36994009D3A /* Sources */ = {
			isa = PBXSourcesBuildPhase;
			buildActionMask = 2147483647;
			files = (
				0D09EEB6D1A6381EEA6CF030 /* AttributedRoundTripTests.swift in Sources */,
				8D5FA2C87A10F1A5515A71FF /* BlockContentFfiTests.swift in Sources */,
				27212F96EDE1DB2A69E5DC8A /* CodableRoundTripTests.swift in Sources */,
				6A61F7F6FC09488712F87FD4 /* DatabaseModelsTests.swift in Sources */,
				98E9AD73AC0F4AF81E73D662 /* EditableBlockTests.swift in Sources */,
				32A58C6A3B2306C8C71716E2 /* FontHelpersTests.swift in Sources */,
				7730782D87144200F2C2467F /* HelpersTests.swift in Sources */,
				6F1BED5AF109B8A559654E40 /* MalformedJSONTests.swift in Sources */,
				2F4DBAA7D9DAC41973B02B81 /* MarkdownShortcutTests.swift in Sources */,
				39EC996E337D7668192E46B0 /* ModelsTests.swift in Sources */,
				CADF13DFAEACD69368156D23 /* NotionOAuth2Tests.swift in Sources */,
				5898D72B50B77D1D3DBB9008 /* ObservabilityTests.swift in Sources */,
				55606C176FE32C3B95C91293 /* ResilienceTests.swift in Sources */,
			);
			runOnlyForDeploymentPostprocessing = 0;
		};
/* End PBXSourcesBuildPhase section */

/* Begin PBXTargetDependency section */
		4E6BCB04497B8C41D714F720 /* PBXTargetDependency */ = {
			isa = PBXTargetDependency;
			target = EAA7C7AD90A3193951A64D87 /* Pinkha */;
			targetProxy = 3F6322727DEA3746AEE58BE4 /* PBXContainerItemProxy */;
		};
		927F330555739D9EA6AE32DA /* PBXTargetDependency */ = {
			isa = PBXTargetDependency;
			target = EAA7C7AD90A3193951A64D87 /* Pinkha */;
			targetProxy = 82CA7FAA1D026B153516741A /* PBXContainerItemProxy */;
		};
		BEEC4C3C50F6749665EC95D9 /* PBXTargetDependency */ = {
			isa = PBXTargetDependency;
			target = EAA7C7AD90A3193951A64D87 /* Pinkha */;
			targetProxy = B1879F3C09CA1C2D142C9F1A /* PBXContainerItemProxy */;
		};
/* End PBXTargetDependency section */

/* Begin XCBuildConfiguration section */
		1C540A5CE0F83E920BB14DAF /* Release */ = {
			isa = XCBuildConfiguration;
			baseConfigurationReference = BAE708B54C4D296BE09E399D /* Secrets.xcconfig */;
			buildSettings = {
				ASSETCATALOG_COMPILER_APPICON_NAME = Pinkha;
				CODE_SIGN_IDENTITY = "iPhone Developer";
				DEVELOPMENT_TEAM = N49VNC2G57;
				"EXCLUDED_ARCHS[sdk=iphonesimulator*]" = x86_64;
				INFOPLIST_FILE = Sources/Info.plist;
				IPHONEOS_DEPLOYMENT_TARGET = 26.0;
				LD_RUNPATH_SEARCH_PATHS = (
					"$(inherited)",
					"@executable_path/Frameworks",
				);
				OTHER_LDFLAGS = (
					"$(inherited)",
					"-lc++",
				);
				PRODUCT_BUNDLE_IDENTIFIER = com.gloiiire.pinkha;
				SDKROOT = iphoneos;
				SWIFT_VERSION = 5.0;
				TARGETED_DEVICE_FAMILY = "1,2";
			};
			name = Release;
		};
		43A4D4169987536FE61137E7 /* Release */ = {
			isa = XCBuildConfiguration;
			buildSettings = {
				BUNDLE_LOADER = "$(TEST_HOST)";
				DEVELOPMENT_TEAM = N49VNC2G57;
				GENERATE_INFOPLIST_FILE = YES;
				IPHONEOS_DEPLOYMENT_TARGET = 26.0;
				LD_RUNPATH_SEARCH_PATHS = (
					"$(inherited)",
					"@executable_path/Frameworks",
					"@loader_path/Frameworks",
				);
				PRODUCT_BUNDLE_IDENTIFIER = com.gloiiire.pinkha.integration;
				SDKROOT = iphoneos;
				SWIFT_VERSION = 5.0;
				TARGETED_DEVICE_FAMILY = "1,2";
				TEST_HOST = "$(BUILT_PRODUCTS_DIR)/Pinkha.app/Pinkha";
			};
			name = Release;
		};
		474E762450622F54CA598DC9 /* Debug */ = {
			isa = XCBuildConfiguration;
			baseConfigurationReference = BAE708B54C4D296BE09E399D /* Secrets.xcconfig */;
			buildSettings = {
				ASSETCATALOG_COMPILER_APPICON_NAME = Pinkha;
				CODE_SIGN_IDENTITY = "iPhone Developer";
				DEVELOPMENT_TEAM = N49VNC2G57;
				ENABLE_TESTABILITY = YES;
				"EXCLUDED_ARCHS[sdk=iphonesimulator*]" = x86_64;
				INFOPLIST_FILE = Sources/Info.plist;
				IPHONEOS_DEPLOYMENT_TARGET = 26.0;
				LD_RUNPATH_SEARCH_PATHS = (
					"$(inherited)",
					"@executable_path/Frameworks",
				);
				OTHER_LDFLAGS = (
					"$(inherited)",
					"-lc++",
				);
				PRODUCT_BUNDLE_IDENTIFIER = com.gloiiire.pinkha;
				SDKROOT = iphoneos;
				SWIFT_VERSION = 5.0;
				TARGETED_DEVICE_FAMILY = "1,2";
			};
			name = Debug;
		};
		5543A8177AA4707C15ADA939 /* Debug */ = {
			isa = XCBuildConfiguration;
			buildSettings = {
				BUNDLE_LOADER = "$(TEST_HOST)";
				DEVELOPMENT_TEAM = N49VNC2G57;
				GENERATE_INFOPLIST_FILE = YES;
				IPHONEOS_DEPLOYMENT_TARGET = 26.0;
				LD_RUNPATH_SEARCH_PATHS = (
					"$(inherited)",
					"@executable_path/Frameworks",
					"@loader_path/Frameworks",
				);
				PRODUCT_BUNDLE_IDENTIFIER = com.gloiiire.pinkha.uitests;
				SDKROOT = iphoneos;
				SWIFT_VERSION = 5.0;
				TARGETED_DEVICE_FAMILY = "1,2";
				TEST_TARGET_NAME = Pinkha;
			};
			name = Debug;
		};
		6B43E789E65544028800DB00 /* Release */ = {
			isa = XCBuildConfiguration;
			buildSettings = {
				BUNDLE_LOADER = "$(TEST_HOST)";
				DEVELOPMENT_TEAM = N49VNC2G57;
				GENERATE_INFOPLIST_FILE = YES;
				IPHONEOS_DEPLOYMENT_TARGET = 26.0;
				LD_RUNPATH_SEARCH_PATHS = (
					"$(inherited)",
					"@executable_path/Frameworks",
					"@loader_path/Frameworks",
				);
				PRODUCT_BUNDLE_IDENTIFIER = com.gloiiire.pinkha.uitests;
				SDKROOT = iphoneos;
				SWIFT_VERSION = 5.0;
				TARGETED_DEVICE_FAMILY = "1,2";
				TEST_TARGET_NAME = Pinkha;
			};
			name = Release;
		};
		6C0D111AE07521602F9205FC /* Release */ = {
			isa = XCBuildConfiguration;
			buildSettings = {
				BUNDLE_LOADER = "$(TEST_HOST)";
				DEVELOPMENT_TEAM = N49VNC2G57;
				GENERATE_INFOPLIST_FILE = YES;
				IPHONEOS_DEPLOYMENT_TARGET = 26.0;
				LD_RUNPATH_SEARCH_PATHS = (
					"$(inherited)",
					"@executable_path/Frameworks",
					"@loader_path/Frameworks",
				);
				PRODUCT_BUNDLE_IDENTIFIER = com.gloiiire.pinkha.tests;
				SDKROOT = iphoneos;
				SWIFT_VERSION = 5.0;
				TARGETED_DEVICE_FAMILY = "1,2";
				TEST_HOST = "$(BUILT_PRODUCTS_DIR)/Pinkha.app/Pinkha";
			};
			name = Release;
		};
		93FAA69A5D5533A4FE2AABE5 /* Release */ = {
			isa = XCBuildConfiguration;
			buildSettings = {
				ALWAYS_SEARCH_USER_PATHS = NO;
				CLANG_ANALYZER_NONNULL = YES;
				CLANG_ANALYZER_NUMBER_OBJECT_CONVERSION = YES_AGGRESSIVE;
				CLANG_CXX_LANGUAGE_STANDARD = "gnu++14";
				CLANG_CXX_LIBRARY = "libc++";
				CLANG_ENABLE_MODULES = YES;
				CLANG_ENABLE_OBJC_ARC = YES;
				CLANG_ENABLE_OBJC_WEAK = YES;
				CLANG_WARN_BLOCK_CAPTURE_AUTORELEASING = YES;
				CLANG_WARN_BOOL_CONVERSION = YES;
				CLANG_WARN_COMMA = YES;
				CLANG_WARN_CONSTANT_CONVERSION = YES;
				CLANG_WARN_DEPRECATED_OBJC_IMPLEMENTATIONS = YES;
				CLANG_WARN_DIRECT_OBJC_ISA_USAGE = YES_ERROR;
				CLANG_WARN_DOCUMENTATION_COMMENTS = YES;
				CLANG_WARN_EMPTY_BODY = YES;
				CLANG_WARN_ENUM_CONVERSION = YES;
				CLANG_WARN_INFINITE_RECURSION = YES;
				CLANG_WARN_INT_CONVERSION = YES;
				CLANG_WARN_NON_LITERAL_NULL_CONVERSION = YES;
				CLANG_WARN_OBJC_IMPLICIT_RETAIN_SELF = YES;
				CLANG_WARN_OBJC_LITERAL_CONVERSION = YES;
				CLANG_WARN_OBJC_ROOT_CLASS = YES_ERROR;
				CLANG_WARN_QUOTED_INCLUDE_IN_FRAMEWORK_HEADER = YES;
				CLANG_WARN_RANGE_LOOP_ANALYSIS = YES;
				CLANG_WARN_STRICT_PROTOTYPES = YES;
				CLANG_WARN_SUSPICIOUS_MOVE = YES;
				CLANG_WARN_UNGUARDED_AVAILABILITY = YES_AGGRESSIVE;
				CLANG_WARN_UNREACHABLE_CODE = YES;
				CLANG_WARN__DUPLICATE_METHOD_MATCH = YES;
				COPY_PHASE_STRIP = NO;
				DEBUG_INFORMATION_FORMAT = "dwarf-with-dsym";
				ENABLE_NS_ASSERTIONS = NO;
				ENABLE_STRICT_OBJC_MSGSEND = YES;
				"EXCLUDED_ARCHS[sdk=iphonesimulator*]" = x86_64;
				GCC_C_LANGUAGE_STANDARD = gnu11;
				GCC_NO_COMMON_BLOCKS = YES;
				GCC_WARN_64_TO_32_BIT_CONVERSION = YES;
				GCC_WARN_ABOUT_RETURN_TYPE = YES_ERROR;
				GCC_WARN_UNDECLARED_SELECTOR = YES;
				GCC_WARN_UNINITIALIZED_AUTOS = YES_AGGRESSIVE;
				GCC_WARN_UNUSED_FUNCTION = YES;
				GCC_WARN_UNUSED_VARIABLE = YES;
				IPHONEOS_DEPLOYMENT_TARGET = 26.0;
				MTL_ENABLE_DEBUG_INFO = NO;
				MTL_FAST_MATH = YES;
				PRODUCT_NAME = "$(TARGET_NAME)";
				SDKROOT = iphoneos;
				SWIFT_COMPILATION_MODE = wholemodule;
				SWIFT_OPTIMIZATION_LEVEL = "-O";
				SWIFT_VERSION = 5.0;
			};
			name = Release;
		};
		94CD7D5DFEB9420FE5C840BC /* Debug */ = {
			isa = XCBuildConfiguration;
			buildSettings = {
				BUNDLE_LOADER = "$(TEST_HOST)";
				DEVELOPMENT_TEAM = N49VNC2G57;
				GENERATE_INFOPLIST_FILE = YES;
				IPHONEOS_DEPLOYMENT_TARGET = 26.0;
				LD_RUNPATH_SEARCH_PATHS = (
					"$(inherited)",
					"@executable_path/Frameworks",
					"@loader_path/Frameworks",
				);
				PRODUCT_BUNDLE_IDENTIFIER = com.gloiiire.pinkha.tests;
				SDKROOT = iphoneos;
				SWIFT_VERSION = 5.0;
				TARGETED_DEVICE_FAMILY = "1,2";
				TEST_HOST = "$(BUILT_PRODUCTS_DIR)/Pinkha.app/Pinkha";
			};
			name = Debug;
		};
		BEE11839D6FAF53971A3C8CD /* Debug */ = {
			isa = XCBuildConfiguration;
			buildSettings = {
				BUNDLE_LOADER = "$(TEST_HOST)";
				DEVELOPMENT_TEAM = N49VNC2G57;
				GENERATE_INFOPLIST_FILE = YES;
				IPHONEOS_DEPLOYMENT_TARGET = 26.0;
				LD_RUNPATH_SEARCH_PATHS = (
					"$(inherited)",
					"@executable_path/Frameworks",
					"@loader_path/Frameworks",
				);
				PRODUCT_BUNDLE_IDENTIFIER = com.gloiiire.pinkha.integration;
				SDKROOT = iphoneos;
				SWIFT_VERSION = 5.0;
				TARGETED_DEVICE_FAMILY = "1,2";
				TEST_HOST = "$(BUILT_PRODUCTS_DIR)/Pinkha.app/Pinkha";
			};
			name = Debug;
		};
		DFACE75F9A7E2DC1FC5D8F87 /* Debug */ = {
			isa = XCBuildConfiguration;
			buildSettings = {
				ALWAYS_SEARCH_USER_PATHS = NO;
				CLANG_ANALYZER_NONNULL = YES;
				CLANG_ANALYZER_NUMBER_OBJECT_CONVERSION = YES_AGGRESSIVE;
				CLANG_CXX_LANGUAGE_STANDARD = "gnu++14";
				CLANG_CXX_LIBRARY = "libc++";
				CLANG_ENABLE_MODULES = YES;
				CLANG_ENABLE_OBJC_ARC = YES;
				CLANG_ENABLE_OBJC_WEAK = YES;
				CLANG_WARN_BLOCK_CAPTURE_AUTORELEASING = YES;
				CLANG_WARN_BOOL_CONVERSION = YES;
				CLANG_WARN_COMMA = YES;
				CLANG_WARN_CONSTANT_CONVERSION = YES;
				CLANG_WARN_DEPRECATED_OBJC_IMPLEMENTATIONS = YES;
				CLANG_WARN_DIRECT_OBJC_ISA_USAGE = YES_ERROR;
				CLANG_WARN_DOCUMENTATION_COMMENTS = YES;
				CLANG_WARN_EMPTY_BODY = YES;
				CLANG_WARN_ENUM_CONVERSION = YES;
				CLANG_WARN_INFINITE_RECURSION = YES;
				CLANG_WARN_INT_CONVERSION = YES;
				CLANG_WARN_NON_LITERAL_NULL_CONVERSION = YES;
				CLANG_WARN_OBJC_IMPLICIT_RETAIN_SELF = YES;
				CLANG_WARN_OBJC_LITERAL_CONVERSION = YES;
				CLANG_WARN_OBJC_ROOT_CLASS = YES_ERROR;
				CLANG_WARN_QUOTED_INCLUDE_IN_FRAMEWORK_HEADER = YES;
				CLANG_WARN_RANGE_LOOP_ANALYSIS = YES;
				CLANG_WARN_STRICT_PROTOTYPES = YES;
				CLANG_WARN_SUSPICIOUS_MOVE = YES;
				CLANG_WARN_UNGUARDED_AVAILABILITY = YES_AGGRESSIVE;
				CLANG_WARN_UNREACHABLE_CODE = YES;
				CLANG_WARN__DUPLICATE_METHOD_MATCH = YES;
				COPY_PHASE_STRIP = NO;
				DEBUG_INFORMATION_FORMAT = dwarf;
				ENABLE_STRICT_OBJC_MSGSEND = YES;
				ENABLE_TESTABILITY = YES;
				"EXCLUDED_ARCHS[sdk=iphonesimulator*]" = x86_64;
				GCC_C_LANGUAGE_STANDARD = gnu11;
				GCC_DYNAMIC_NO_PIC = NO;
				GCC_NO_COMMON_BLOCKS = YES;
				GCC_OPTIMIZATION_LEVEL = 0;
				GCC_PREPROCESSOR_DEFINITIONS = (
					"$(inherited)",
					"DEBUG=1",
				);
				GCC_WARN_64_TO_32_BIT_CONVERSION = YES;
				GCC_WARN_ABOUT_RETURN_TYPE = YES_ERROR;
				GCC_WARN_UNDECLARED_SELECTOR = YES;
				GCC_WARN_UNINITIALIZED_AUTOS = YES_AGGRESSIVE;
				GCC_WARN_UNUSED_FUNCTION = YES;
				GCC_WARN_UNUSED_VARIABLE = YES;
				IPHONEOS_DEPLOYMENT_TARGET = 26.0;
				MTL_ENABLE_DEBUG_INFO = INCLUDE_SOURCE;
				MTL_FAST_MATH = YES;
				ONLY_ACTIVE_ARCH = YES;
				PRODUCT_NAME = "$(TARGET_NAME)";
				SDKROOT = iphoneos;
				SWIFT_ACTIVE_COMPILATION_CONDITIONS = DEBUG;
				SWIFT_OPTIMIZATION_LEVEL = "-Onone";
				SWIFT_VERSION = 5.0;
			};
			name = Debug;
		};
/* End XCBuildConfiguration section */

/* Begin XCConfigurationList section */
		745D40AE35FFA2222389F097 /* Build configuration list for PBXProject "Pinkha" */ = {
			isa = XCConfigurationList;
			buildConfigurations = (
				DFACE75F9A7E2DC1FC5D8F87 /* Debug */,
				93FAA69A5D5533A4FE2AABE5 /* Release */,
			);
			defaultConfigurationIsVisible = 0;
			defaultConfigurationName = Debug;
		};
		766E005E531098A5CFF3BCDC /* Build configuration list for PBXNativeTarget "PinkhaUITests" */ = {
			isa = XCConfigurationList;
			buildConfigurations = (
				5543A8177AA4707C15ADA939 /* Debug */,
				6B43E789E65544028800DB00 /* Release */,
			);
			defaultConfigurationIsVisible = 0;
			defaultConfigurationName = Debug;
		};
		C66A3119ED20EDAF72F94117 /* Build configuration list for PBXNativeTarget "PinkhaIntegrationTests" */ = {
			isa = XCConfigurationList;
			buildConfigurations = (
				BEE11839D6FAF53971A3C8CD /* Debug */,
				43A4D4169987536FE61137E7 /* Release */,
			);
			defaultConfigurationIsVisible = 0;
			defaultConfigurationName = Debug;
		};
		E506D8A2E05ACC8F63B73873 /* Build configuration list for PBXNativeTarget "PinkhaTests" */ = {
			isa = XCConfigurationList;
			buildConfigurations = (
				94CD7D5DFEB9420FE5C840BC /* Debug */,
				6C0D111AE07521602F9205FC /* Release */,
			);
			defaultConfigurationIsVisible = 0;
			defaultConfigurationName = Debug;
		};
		F296389EA5103A5E0CF85924 /* Build configuration list for PBXNativeTarget "Pinkha" */ = {
			isa = XCConfigurationList;
			buildConfigurations = (
				474E762450622F54CA598DC9 /* Debug */,
				1C540A5CE0F83E920BB14DAF /* Release */,
			);
			defaultConfigurationIsVisible = 0;
			defaultConfigurationName = Debug;
		};
/* End XCConfigurationList section */

/* Begin XCLocalSwiftPackageReference section */
		3A283417E14F4171E2CB6C47 /* XCLocalSwiftPackageReference "PinkhaCore" */ = {
			isa = XCLocalSwiftPackageReference;
			relativePath = Packages/PinkhaCore;
		};
		482F80831FDB58B7A87E622C /* XCLocalSwiftPackageReference "PinkhaRichText" */ = {
			isa = XCLocalSwiftPackageReference;
			relativePath = Packages/PinkhaRichText;
		};
		718B09548FDB464F566672B1 /* XCLocalSwiftPackageReference "PinkhaFeatures" */ = {
			isa = XCLocalSwiftPackageReference;
			relativePath = Packages/PinkhaFeatures;
		};
		B0FE31F7CD88318FA252F053 /* XCLocalSwiftPackageReference "PinkhaFFI" */ = {
			isa = XCLocalSwiftPackageReference;
			relativePath = Packages/PinkhaFFI;
		};
		D9A10A1EE966734829834F90 /* XCLocalSwiftPackageReference "PinkhaDesignSystem" */ = {
			isa = XCLocalSwiftPackageReference;
			relativePath = Packages/PinkhaDesignSystem;
		};
		E29BBE593B0D6FBC9305D41D /* XCLocalSwiftPackageReference "PinkhaComposer" */ = {
			isa = XCLocalSwiftPackageReference;
			relativePath = Packages/PinkhaComposer;
		};
/* End XCLocalSwiftPackageReference section */

/* Begin XCRemoteSwiftPackageReference section */
		C7825E2281810F2327BF98FF /* XCRemoteSwiftPackageReference "sentry-cocoa" */ = {
			isa = XCRemoteSwiftPackageReference;
			repositoryURL = "https://github.com/getsentry/sentry-cocoa";
			requirement = {
				kind = upToNextMajorVersion;
				minimumVersion = 8.49.0;
			};
		};
/* End XCRemoteSwiftPackageReference section */

/* Begin XCSwiftPackageProductDependency section */
		02A56EFCFA9BE0B5D5555148 /* PinkhaDesignSystem */ = {
			isa = XCSwiftPackageProductDependency;
			productName = PinkhaDesignSystem;
		};
		239C11BB7B359FC141B27B3C /* Sentry */ = {
			isa = XCSwiftPackageProductDependency;
			package = C7825E2281810F2327BF98FF /* XCRemoteSwiftPackageReference "sentry-cocoa" */;
			productName = Sentry;
		};
		39EBD01717E41D1EA2F85EA3 /* ImportFeature */ = {
			isa = XCSwiftPackageProductDependency;
			productName = ImportFeature;
		};
		4FCC938B0E5B94FA0726CFF6 /* PinkhaFFI */ = {
			isa = XCSwiftPackageProductDependency;
			productName = PinkhaFFI;
		};
		5C3D37A779DD534887934AAB /* PinkhaRichText */ = {
			isa = XCSwiftPackageProductDependency;
			productName = PinkhaRichText;
		};
		719A4120B44E2930DCD0A938 /* BookFeature */ = {
			isa = XCSwiftPackageProductDependency;
			productName = BookFeature;
		};
		7EAD411614854C81161A96AF /* PinkhaCore */ = {
			isa = XCSwiftPackageProductDependency;
			productName = PinkhaCore;
		};
		B0646CF4E56693CA472EB748 /* LibraryFeature */ = {
			isa = XCSwiftPackageProductDependency;
			productName = LibraryFeature;
		};
		CB27A7D3DA9FAC4AF81AF319 /* SearchFeature */ = {
			isa = XCSwiftPackageProductDependency;
			productName = SearchFeature;
		};
		DB9CD06A32E32927DA4E283A /* PinkhaComposer */ = {
			isa = XCSwiftPackageProductDependency;
			productName = PinkhaComposer;
		};
		FF83B8C3CF8B8AE46DE62FFB /* LeafFeature */ = {
			isa = XCSwiftPackageProductDependency;
			productName = LeafFeature;
		};
/* End XCSwiftPackageProductDependency section */
	};
	rootObject = B6B20DC4A0EA8B3E7FC9B64C /* Project object */;
}
