// !$*UTF8*$!
{
	archiveVersion = 1;
	classes = {
	};
	objectVersion = 77;
	objects = {

/* Begin PBXBuildFile section */
		0076C6026FE6852513D5D504 /* RichTextEditor.swift in Sources */ = {isa = PBXBuildFile; fileRef = 4E13ECEFE18B72D0CB681C2F /* RichTextEditor.swift */; };
		048E816F4477212B390A9656 /* SeededDataUITests.swift in Sources */ = {isa = PBXBuildFile; fileRef = 51F23F0716FCE3363F1AA084 /* SeededDataUITests.swift */; };
		061BD0E95B4AF0F5D22FE28A /* MentionBar.swift in Sources */ = {isa = PBXBuildFile; fileRef = B36A366A969BB6505588D099 /* MentionBar.swift */; };
		080E62AC634C6662AE03D666 /* SharedComponents.swift in Sources */ = {isa = PBXBuildFile; fileRef = ED135BF384902D45638398A9 /* SharedComponents.swift */; };
		09B67BE409FE77751012209F /* DocumentPublishDateSheet.swift in Sources */ = {isa = PBXBuildFile; fileRef = 6A8E8AE9B516507D0E1A651A /* DocumentPublishDateSheet.swift */; };
		0ADBF05F496F5AE6FBFC1840 /* DocumentView+Toolbar.swift in Sources */ = {isa = PBXBuildFile; fileRef = 1A2F4D6B923DC89DF072E276 /* DocumentView+Toolbar.swift */; };
		0D09EEB6D1A6381EEA6CF030 /* AttributedRoundTripTests.swift in Sources */ = {isa = PBXBuildFile; fileRef = 0EF8382835124C808B432EB7 /* AttributedRoundTripTests.swift */; };
		1100FDA7AEB6EF5DB87916B7 /* NotionImportView.swift in Sources */ = {isa = PBXBuildFile; fileRef = 1B108BFBF56D23F9E75554C4 /* NotionImportView.swift */; };
		155B0A7C57DD6BC320421DBB /* ImportIntegrationTests.swift in Sources */ = {isa = PBXBuildFile; fileRef = 4A87F59E8025954E2D6046E5 /* ImportIntegrationTests.swift */; };
		16243F8C7FD79BEBE5E8B475 /* EdgeCasesTests.swift in Sources */ = {isa = PBXBuildFile; fileRef = D9368C19C4C76886E6A03917 /* EdgeCasesTests.swift */; };
		1687C7C9610D2298A8E55177 /* InfoPlist.xcstrings in Resources */ = {isa = PBXBuildFile; fileRef = A65640724338B9AA4AAF343F /* InfoPlist.xcstrings */; };
		18FE70BD95ECA3B45B396B03 /* DocumentView+BlockCallbacks.swift in Sources */ = {isa = PBXBuildFile; fileRef = CBE9EDA58052E521C5447AFC /* DocumentView+BlockCallbacks.swift */; };
		1A4DEC54505A2348CADF2CD6 /* ImportUITests.swift in Sources */ = {isa = PBXBuildFile; fileRef = 2E2E7F51D0CD04EEBC8FE493 /* ImportUITests.swift */; };
		1DE271E32A5A2713F1789221 /* DatabaseTableView.swift in Sources */ = {isa = PBXBuildFile; fileRef = 2A44F927166AF063EE55BA19 /* DatabaseTableView.swift */; };
		1E40358C3D3EBC63ABA61B93 /* SettingsView.swift in Sources */ = {isa = PBXBuildFile; fileRef = 2F4F9BF7DD9230F2CC2D175F /* SettingsView.swift */; };
		1E6606D564D8A474B224BEE6 /* EmbedMetadata.swift in Sources */ = {isa = PBXBuildFile; fileRef = 5FC41B512D2A1C11C838A229 /* EmbedMetadata.swift */; };
		20F30ACDC974F9531B4F2872 /* EmojiPicker.swift in Sources */ = {isa = PBXBuildFile; fileRef = 57131D776D3CE92923ABAC6B /* EmojiPicker.swift */; };
		27212F96EDE1DB2A69E5DC8A /* CodableRoundTripTests.swift in Sources */ = {isa = PBXBuildFile; fileRef = F2D794592BEC81AB2CB5E99B /* CodableRoundTripTests.swift */; };
		27512C6B1A2E5C669BF5B2A4 /* DatabaseGroupHeader.swift in Sources */ = {isa = PBXBuildFile; fileRef = 3CE15965161FC8D6B478B747 /* DatabaseGroupHeader.swift */; };
		28975716F7613B5F9DAD18AE /* ExpandingTextView.swift in Sources */ = {isa = PBXBuildFile; fileRef = 7E8493451BB64B1B9FBF2A03 /* ExpandingTextView.swift */; };
		296FB70CAACBC2BB01F1B402 /* pinkha.swift in Sources */ = {isa = PBXBuildFile; fileRef = C119198301C269A81F04C97F /* pinkha.swift */; };
		29937B07CEA589F05F3C64D1 /* ResilienceFFITests.swift in Sources */ = {isa = PBXBuildFile; fileRef = 94AB645E2E656B62E6D0182C /* ResilienceFFITests.swift */; };
		2AF60F327F068C845A054391 /* RichTextEditorCoordinator+Toolbar.swift in Sources */ = {isa = PBXBuildFile; fileRef = 6084E410F0DAFDE23346475E /* RichTextEditorCoordinator+Toolbar.swift */; };
		2F4DBAA7D9DAC41973B02B81 /* MarkdownShortcutTests.swift in Sources */ = {isa = PBXBuildFile; fileRef = D0A8005F4451F496EF2075F1 /* MarkdownShortcutTests.swift */; };
		32A58C6A3B2306C8C71716E2 /* FontHelpersTests.swift in Sources */ = {isa = PBXBuildFile; fileRef = 97AAE4ED1A7A8EFFA0FFB26F /* FontHelpersTests.swift */; };
		32C8426F08A11B36F8D34425 /* ColorPersistenceTests.swift in Sources */ = {isa = PBXBuildFile; fileRef = A0242538C571C77BB05443CB /* ColorPersistenceTests.swift */; };
		35790178FC28CBE4BBC07EB3 /* Resilience.swift in Sources */ = {isa = PBXBuildFile; fileRef = 56806548C25A65F2BB6E2671 /* Resilience.swift */; };
		39EC996E337D7668192E46B0 /* ModelsTests.swift in Sources */ = {isa = PBXBuildFile; fileRef = 7BDCE4B4A67B7675CF7E4994 /* ModelsTests.swift */; };
		3D2EB438F75FBE9267D39944 /* PinkhaStore.swift in Sources */ = {isa = PBXBuildFile; fileRef = 3A60A4A6A8B2EE03385292F9 /* PinkhaStore.swift */; };
		3EBA03AE2968EAF33B020A89 /* DatabaseViewModelTests.swift in Sources */ = {isa = PBXBuildFile; fileRef = CFA4CB8B18F322F82D34991C /* DatabaseViewModelTests.swift */; };
		3ED8C12B7F94F86A0834A1DE /* AttachDocToDatabaseSheet.swift in Sources */ = {isa = PBXBuildFile; fileRef = A65E66F89E3D7BC7BDF0772D /* AttachDocToDatabaseSheet.swift */; };
		3F74498C702B5EAFFEE232A0 /* DatabaseToolbar.swift in Sources */ = {isa = PBXBuildFile; fileRef = B5C9F30194205370FD57F361 /* DatabaseToolbar.swift */; };
		406025C2132BC8574ADDE87F /* HomeScreenUITests.swift in Sources */ = {isa = PBXBuildFile; fileRef = E2C07ADA01E894E83B574ABA /* HomeScreenUITests.swift */; };
		408409EF81F137F7B7C5C4C4 /* CreateBubble.swift in Sources */ = {isa = PBXBuildFile; fileRef = A28837F5576A94ACE216F9EE /* CreateBubble.swift */; };
		4190B41652DB9D8C9534AD12 /* BlockHierarchyTests.swift in Sources */ = {isa = PBXBuildFile; fileRef = AB990B9A8557D574F681053B /* BlockHierarchyTests.swift */; };
		44938C9A776C331C81983D72 /* Models.swift in Sources */ = {isa = PBXBuildFile; fileRef = 06943BB0FCD3892420403C11 /* Models.swift */; };
		45E77D792C8C3C628E517056 /* DatabaseCalendarView.swift in Sources */ = {isa = PBXBuildFile; fileRef = 31E2F26E9E41A2DD333CE67C /* DatabaseCalendarView.swift */; };
		46CB53682242D60469C8EE47 /* DatabasePropertiesSheet.swift in Sources */ = {isa = PBXBuildFile; fileRef = FB765EDBB1319247E92234A3 /* DatabasePropertiesSheet.swift */; };
		47F932118B8D0EEDDC83639D /* FolderView.swift in Sources */ = {isa = PBXBuildFile; fileRef = ED9B1DB1A313487130CA11D1 /* FolderView.swift */; };
		48F2EA508B9CA1B9034003BC /* AllDocumentsSwitcher.swift in Sources */ = {isa = PBXBuildFile; fileRef = 3B79A5D3D1AB94785FD7654A /* AllDocumentsSwitcher.swift */; };
		4BA75C93F895BE5EE4307A17 /* EmptyStateUITests.swift in Sources */ = {isa = PBXBuildFile; fileRef = 6093527A0945328E7EC8D4F6 /* EmptyStateUITests.swift */; };
		4C416DF2D208DC067FC9A9E1 /* ContentView.swift in Sources */ = {isa = PBXBuildFile; fileRef = 7A3421677D3E4A70DA86CEB8 /* ContentView.swift */; };
		4F91BD3CF22F2B3E9F67822F /* SafariSwitcher.swift in Sources */ = {isa = PBXBuildFile; fileRef = 540D702216A224AA42E51C36 /* SafariSwitcher.swift */; };
		510DD50589C1252C2F8253A6 /* DocumentApiTests.swift in Sources */ = {isa = PBXBuildFile; fileRef = 8169A1E412FB3AB0851E5ADB /* DocumentApiTests.swift */; };
		53D6FD6B9460316231F3E345 /* DocumentViewHelpers.swift in Sources */ = {isa = PBXBuildFile; fileRef = 6BA2A66D382F788C73DDAA3E /* DocumentViewHelpers.swift */; };
		55606C176FE32C3B95C91293 /* ResilienceTests.swift in Sources */ = {isa = PBXBuildFile; fileRef = 37543D1D1AAFB9CE1F61603F /* ResilienceTests.swift */; };
		57155F8A05B7C7EA1ED129AF /* Assets.xcassets in Resources */ = {isa = PBXBuildFile; fileRef = F0C5E1D7104E176374A94957 /* Assets.xcassets */; };
		588B9BF7189E81FED95BCED9 /* DocumentViewModel+Blocks.swift in Sources */ = {isa = PBXBuildFile; fileRef = FD73683057C8D48D76031811 /* DocumentViewModel+Blocks.swift */; };
		5898D72B50B77D1D3DBB9008 /* ObservabilityTests.swift in Sources */ = {isa = PBXBuildFile; fileRef = 0EF086F9F0458E7ADBD9C439 /* ObservabilityTests.swift */; };
		599105D6197DADEB981F1275 /* SwipeDeleteUITests.swift in Sources */ = {isa = PBXBuildFile; fileRef = BEB8BDD53EA02FC1A56928B5 /* SwipeDeleteUITests.swift */; };
		5B178E6B0B5EBD3F7DE7E8E5 /* DatabaseListView.swift in Sources */ = {isa = PBXBuildFile; fileRef = 6AB06C82AFCB67B99CDD92CE /* DatabaseListView.swift */; };
		5D10E3CF18AB2BBBC4992714 /* BlockRows.swift in Sources */ = {isa = PBXBuildFile; fileRef = 4841430F047F9217FA8E7E83 /* BlockRows.swift */; };
		6037AF533565A18E60760F2C /* ConcurrencyTests.swift in Sources */ = {isa = PBXBuildFile; fileRef = 83C7E5FB163EC0BCAADD90F1 /* ConcurrencyTests.swift */; };
		60A09E44A2C02CD59C1C08BE /* UIKitContextMenu.swift in Sources */ = {isa = PBXBuildFile; fileRef = DB0F81F0C34049331FECB422 /* UIKitContextMenu.swift */; };
		62FDB0C4AF1E562971C8A80F /* pinkha.xcframework in Frameworks */ = {isa = PBXBuildFile; fileRef = 9E3470806F13B18DD1BDF7AC /* pinkha.xcframework */; };
		68BC15311DC7E4DACE35F1AC /* CraftCombinedImportView.swift in Sources */ = {isa = PBXBuildFile; fileRef = E4CE1B82B64C77244F8BD2A7 /* CraftCombinedImportView.swift */; };
		6A61F7F6FC09488712F87FD4 /* DatabaseModelsTests.swift in Sources */ = {isa = PBXBuildFile; fileRef = BC27E249DFB98A2B03FBBE07 /* DatabaseModelsTests.swift */; };
		6B42F9C897912CD6C268761F /* LockToolbarButton.swift in Sources */ = {isa = PBXBuildFile; fileRef = 41DFDA21F0D761E725B1B8B1 /* LockToolbarButton.swift */; };
		6D96251ADE4D099A372F7FAF /* RichTextEditorCoordinator+Menus.swift in Sources */ = {isa = PBXBuildFile; fileRef = 7BCB63FBC9E7B7B4FC6EAD63 /* RichTextEditorCoordinator+Menus.swift */; };
		6DBC19535EFDC5C2ABC2F129 /* DatabaseBoardView.swift in Sources */ = {isa = PBXBuildFile; fileRef = 3B92239203646879DEDD1FD9 /* DatabaseBoardView.swift */; };
		6F1BED5AF109B8A559654E40 /* MalformedJSONTests.swift in Sources */ = {isa = PBXBuildFile; fileRef = 8D00712F93440126D5247D83 /* MalformedJSONTests.swift */; };
		70E5381BE9FC61F70FFF8428 /* DatabaseQueriesTests.swift in Sources */ = {isa = PBXBuildFile; fileRef = 74758505CF9C5437D290A702 /* DatabaseQueriesTests.swift */; };
		7139F6926983DBB5C04123E9 /* EditableBlock.swift in Sources */ = {isa = PBXBuildFile; fileRef = 48B4A52ADC2D2CB912775A26 /* EditableBlock.swift */; };
		747B9F1E4433D4ADA9815094 /* Keychain.swift in Sources */ = {isa = PBXBuildFile; fileRef = 320D74AADC9E183109B95653 /* Keychain.swift */; };
		7506795FB142C78DD3F306B4 /* NotionOAuth2.swift in Sources */ = {isa = PBXBuildFile; fileRef = C3DF3FB26602684300293BDB /* NotionOAuth2.swift */; };
		7730782D87144200F2C2467F /* HelpersTests.swift in Sources */ = {isa = PBXBuildFile; fileRef = 17E4D3F92F639F9E34A27C66 /* HelpersTests.swift */; };
		7B0171AC7A15E65F4A60B271 /* InboxView.swift in Sources */ = {isa = PBXBuildFile; fileRef = 5A4803ADD45316B67067AEC7 /* InboxView.swift */; };
		7C52E3761387AD402A903707 /* MarkdownShortcuts.swift in Sources */ = {isa = PBXBuildFile; fileRef = DDF836EB2D9E803A6DCC33B3 /* MarkdownShortcuts.swift */; };
		7F6DC0D4E5B9C5A340452CB6 /* DocumentViewModel+Undo.swift in Sources */ = {isa = PBXBuildFile; fileRef = C7B62706E6C0BDE46FF867DA /* DocumentViewModel+Undo.swift */; };
		806AD95333900E5770567ECB /* EdgeOpsTests.swift in Sources */ = {isa = PBXBuildFile; fileRef = 75D7DCC839125DE7FA5021C1 /* EdgeOpsTests.swift */; };
		80DC3F511283AC0E5FB4718C /* DocumentViewModel+Persistence.swift in Sources */ = {isa = PBXBuildFile; fileRef = 9B12A10AF0ABA0755B011232 /* DocumentViewModel+Persistence.swift */; };
		82CBD128F0251D06CF16E4FC /* BearImportView.swift in Sources */ = {isa = PBXBuildFile; fileRef = 127DC7F3BA7595FF3A94DE9B /* BearImportView.swift */; };
		83C9E87BA287706865F0B7FA /* RichTextEditorCoordinator+Selection.swift in Sources */ = {isa = PBXBuildFile; fileRef = B6DB4D4AA0CC43137759C109 /* RichTextEditorCoordinator+Selection.swift */; };
		85DF49CBBCBDBFCF76345BAA /* RecentStrip.swift in Sources */ = {isa = PBXBuildFile; fileRef = 6FF3829D735CC2FE776FCB96 /* RecentStrip.swift */; };
		8BC5F7E62E7BD5C734E00D7C /* DatabaseView.swift in Sources */ = {isa = PBXBuildFile; fileRef = A131D9A1E0532C0B73AC7161 /* DatabaseView.swift */; };
		8D5FA2C87A10F1A5515A71FF /* BlockContentFfiTests.swift in Sources */ = {isa = PBXBuildFile; fileRef = 36A6032BCBFCFE419E656DCE /* BlockContentFfiTests.swift */; };
		8EDE253B7197FBC5C68EBBE1 /* DatabaseApiTests.swift in Sources */ = {isa = PBXBuildFile; fileRef = D790938BD86DCD84018B0A63 /* DatabaseApiTests.swift */; };
		8F3D3AF599C0AA8C7432F385 /* DatabaseEntitiesTests.swift in Sources */ = {isa = PBXBuildFile; fileRef = C48A6090EBBFBAB7A44A9513 /* DatabaseEntitiesTests.swift */; };
		9074D56A0F02ACC6660A97DC /* Sentry in Frameworks */ = {isa = PBXBuildFile; productRef = 239C11BB7B359FC141B27B3C /* Sentry */; };
		9201EA73A777A438388BFF10 /* Composer.swift in Sources */ = {isa = PBXBuildFile; fileRef = 5E55415B95A1A1155B0AD072 /* Composer.swift */; };
		93D9C5663066A8320AA2B220 /* Observability.swift in Sources */ = {isa = PBXBuildFile; fileRef = 2F8AFBAF1ABB7C2F44C3F4E2 /* Observability.swift */; };
		942B7E33459721C0FD93D3D6 /* DocumentViewModel+TitleCover.swift in Sources */ = {isa = PBXBuildFile; fileRef = 420CF5A0FD522E8FE84D832D /* DocumentViewModel+TitleCover.swift */; };
		986DC9E07B7E4321A2794C8A /* PropertyInputRow.swift in Sources */ = {isa = PBXBuildFile; fileRef = 7B77A45654972BB2F837287E /* PropertyInputRow.swift */; };
		98E9AD73AC0F4AF81E73D662 /* EditableBlockTests.swift in Sources */ = {isa = PBXBuildFile; fileRef = 5B033CFC2C8EE318FA058974 /* EditableBlockTests.swift */; };
		9AD11420B8F37D7A114A13EC /* EmbedRowView.swift in Sources */ = {isa = PBXBuildFile; fileRef = 3C53838FEB629D2C322C1E9F /* EmbedRowView.swift */; };
		9B9A431855E8404A9003314B /* NotesHomeView+Sort.swift in Sources */ = {isa = PBXBuildFile; fileRef = A3C4D279824EA1E96EE07D0E /* NotesHomeView+Sort.swift */; };
		9C56A8C90EE5492F7FD49F24 /* PinkhaApp.swift in Sources */ = {isa = PBXBuildFile; fileRef = 909E5D4DB1628C93BC5215A1 /* PinkhaApp.swift */; };
		9E488110AB0BE3931273EEA6 /* PerformanceTests.swift in Sources */ = {isa = PBXBuildFile; fileRef = F8FFF93EEDC254780485D651 /* PerformanceTests.swift */; };
		A56785ADE2F127B5EBA0AAB7 /* BlockOpsTests.swift in Sources */ = {isa = PBXBuildFile; fileRef = 738ECE1D72957495F50518E6 /* BlockOpsTests.swift */; };
		A7488A14BA5D34A208227E79 /* DocumentView.swift in Sources */ = {isa = PBXBuildFile; fileRef = A4028AC186A60E09445883F5 /* DocumentView.swift */; };
		A755F6C957C8FF1627DCCCAA /* AppSettings.swift in Sources */ = {isa = PBXBuildFile; fileRef = 7EA90C535ED0F61DCB900957 /* AppSettings.swift */; };
		A8613E7E2B077648883D1137 /* BlockRowsExtra.swift in Sources */ = {isa = PBXBuildFile; fileRef = C3551302225B195EACBC7718 /* BlockRowsExtra.swift */; };
		AE87A7ACA3C04AB5DA110E8B /* WorkspaceRow.swift in Sources */ = {isa = PBXBuildFile; fileRef = 26E3927CA7686F453C78FFE8 /* WorkspaceRow.swift */; };
		B207B75F33CEA2D5711E25B8 /* ExpandingBlockFAB.swift in Sources */ = {isa = PBXBuildFile; fileRef = 4904D22DFF5530B867713757 /* ExpandingBlockFAB.swift */; };
		B44F29957A1D8A27E587259A /* AppDelegate.swift in Sources */ = {isa = PBXBuildFile; fileRef = 1D8D5D391D7106F7C2E577E4 /* AppDelegate.swift */; };
		B61C28CDBA15D0ADD34E430C /* Haptic.swift in Sources */ = {isa = PBXBuildFile; fileRef = 870CA1B2DFAA09E7ADD88550 /* Haptic.swift */; };
		B6A52FD0809AE2D7C1F66497 /* DocumentDecor.swift in Sources */ = {isa = PBXBuildFile; fileRef = D4B3F017BEB4CF32BDC0BECA /* DocumentDecor.swift */; };
		B7AEF4E5B121245C5007896B /* RichTextEditorCoordinator.swift in Sources */ = {isa = PBXBuildFile; fileRef = 87A30B94BE52616D506EF2F5 /* RichTextEditorCoordinator.swift */; };
		BD10E791F92F7E446A2CD758 /* KeyboardSwipeDismiss.swift in Sources */ = {isa = PBXBuildFile; fileRef = EE4E34548A3F51F2FE7080F8 /* KeyboardSwipeDismiss.swift */; };
		BEA49A960162E98F792D98C6 /* BlockPickerUITests.swift in Sources */ = {isa = PBXBuildFile; fileRef = C7C31BC0B000B9D4E7321876 /* BlockPickerUITests.swift */; };
		BF1D1D1F67543A167B0D6C01 /* DocumentTitle.swift in Sources */ = {isa = PBXBuildFile; fileRef = C24DE7A2835E6F35C04017AA /* DocumentTitle.swift */; };
		BFCC98038C229872A833776B /* RichTextEditorCoordinator+Style.swift in Sources */ = {isa = PBXBuildFile; fileRef = 5FF3FD226E223F8377466121 /* RichTextEditorCoordinator+Style.swift */; };
		C2830A05849A7E1E6D61D06E /* TabSnapshotCache.swift in Sources */ = {isa = PBXBuildFile; fileRef = 17750796B6598E0BB46A4477 /* TabSnapshotCache.swift */; };
		C85F5E99890F7AD69D8D0AA4 /* CreateDocumentSheet.swift in Sources */ = {isa = PBXBuildFile; fileRef = F89F4E27B13C0A8D7D76F1B2 /* CreateDocumentSheet.swift */; };
		CADF13DFAEACD69368156D23 /* NotionOAuth2Tests.swift in Sources */ = {isa = PBXBuildFile; fileRef = D8829AA3035FF94BD0A3EF7B /* NotionOAuth2Tests.swift */; };
		CDAFB542D8910694F862A716 /* CraftTextBundleImportView.swift in Sources */ = {isa = PBXBuildFile; fileRef = A737C5AB9A5CD05DAA78F9E5 /* CraftTextBundleImportView.swift */; };
		CFD9CAB170B0DA057F17F25B /* SplashView.swift in Sources */ = {isa = PBXBuildFile; fileRef = 2516EE64F9E482E141A0D27E /* SplashView.swift */; };
		D030E663D697B3BDBAE36FA4 /* DatabaseViewModel.swift in Sources */ = {isa = PBXBuildFile; fileRef = 9F3EF0593ACB7C1002859466 /* DatabaseViewModel.swift */; };
		D30ECD6EF037636E91D118D3 /* RichTextConversion.swift in Sources */ = {isa = PBXBuildFile; fileRef = 51C6157A2F89654A80442CA7 /* RichTextConversion.swift */; };
		D3D565FBC64A7A5D589AF9AD /* DatabaseGalleryView.swift in Sources */ = {isa = PBXBuildFile; fileRef = 67C63FC0A00126CC7DD1E3F7 /* DatabaseGalleryView.swift */; };
		D878D8EB398C5B2F7E67F418 /* Localizable.xcstrings in Resources */ = {isa = PBXBuildFile; fileRef = 1C694413F2C74CAD1272F440 /* Localizable.xcstrings */; };
		D94EA417E488B890F0BC3AAA /* VMErrorHandlingTests.swift in Sources */ = {isa = PBXBuildFile; fileRef = 7AF590FDF89EC393658B2029 /* VMErrorHandlingTests.swift */; };
		E2E59C5B7F383B830FF1EBB9 /* DatabaseFilterSheet.swift in Sources */ = {isa = PBXBuildFile; fileRef = 78031483BED592FC98C626A3 /* DatabaseFilterSheet.swift */; };
		E368FE7BD750360550B347BD /* CoverImageTests.swift in Sources */ = {isa = PBXBuildFile; fileRef = 1C90F098980AEF72F3CE8978 /* CoverImageTests.swift */; };
		E73E1D68271106005E63ABAC /* NotesHomeView.swift in Sources */ = {isa = PBXBuildFile; fileRef = 7211340993B3A5D766850FDE /* NotesHomeView.swift */; };
		E92F562B0BC4BFD440E650AF /* DatabasesHomeView.swift in Sources */ = {isa = PBXBuildFile; fileRef = CC6268A543F57BE87AC43F83 /* DatabasesHomeView.swift */; };
		EDF95358CEFF04EA6FF47BB7 /* DocumentViewModelTests.swift in Sources */ = {isa = PBXBuildFile; fileRef = 7489CFC34A012E88663D5A4E /* DocumentViewModelTests.swift */; };
		EF55B8535B9D42B45F96B1A5 /* DocumentViewModel.swift in Sources */ = {isa = PBXBuildFile; fileRef = 8AA5AD149942C517A93E0631 /* DocumentViewModel.swift */; };
		F1F32310563BE3298EAF023A /* PersistenceTests.swift in Sources */ = {isa = PBXBuildFile; fileRef = F2993E55B338F853D7618589 /* PersistenceTests.swift */; };
		F3D06349851BB68FFDBB252D /* DatabaseHeader.swift in Sources */ = {isa = PBXBuildFile; fileRef = 366C2A42AD80DBB4B100A9E8 /* DatabaseHeader.swift */; };
		F408B0625381F22FD4541EFF /* TabManager.swift in Sources */ = {isa = PBXBuildFile; fileRef = 3FD63652AFD0D42CDE57170D /* TabManager.swift */; };
		F64EEC8F5D4FAFC4338B85AB /* RichTextAttributes.swift in Sources */ = {isa = PBXBuildFile; fileRef = 544D22A9F70020AAC703BB01 /* RichTextAttributes.swift */; };
		F79CCC9032083583516E9A36 /* SearchTests.swift in Sources */ = {isa = PBXBuildFile; fileRef = 28EEC29CAF243FC97EC0EB7C /* SearchTests.swift */; };
		F7F362376754EBFAAE39A6DC /* TrashView.swift in Sources */ = {isa = PBXBuildFile; fileRef = 6C7CC1817FC3F8DA6E8AAEE2 /* TrashView.swift */; };
		FE75E1519D0F20A1DB6448FA /* CoverImageView.swift in Sources */ = {isa = PBXBuildFile; fileRef = 694C8BA0DF263BDFD379B30D /* CoverImageView.swift */; };
/* End PBXBuildFile section */

/* Begin PBXContainerItemProxy section */
		3F6322727DEA3746AEE58BE4 /* PBXContainerItemProxy */ = {
			isa = PBXContainerItemProxy;
			containerPortal = B6B20DC4A0EA8B3E7FC9B64C /* Project object */;
			proxyType = 1;
			remoteGlobalIDString = EAA7C7AD90A3193951A64D87;
			remoteInfo = Pinkha;
		};
		82CA7FAA1D026B153516741A /* PBXContainerItemProxy */ = {
			isa = PBXContainerItemProxy;
			containerPortal = B6B20DC4A0EA8B3E7FC9B64C /* Project object */;
			proxyType = 1;
			remoteGlobalIDString = EAA7C7AD90A3193951A64D87;
			remoteInfo = Pinkha;
		};
		B1879F3C09CA1C2D142C9F1A /* PBXContainerItemProxy */ = {
			isa = PBXContainerItemProxy;
			containerPortal = B6B20DC4A0EA8B3E7FC9B64C /* Project object */;
			proxyType = 1;
			remoteGlobalIDString = EAA7C7AD90A3193951A64D87;
			remoteInfo = Pinkha;
		};
/* End PBXContainerItemProxy section */

/* Begin PBXFileReference section */
		06943BB0FCD3892420403C11 /* Models.swift */ = {isa = PBXFileReference; lastKnownFileType = sourcecode.swift; path = Models.swift; sourceTree = "<group>"; };
		0EF086F9F0458E7ADBD9C439 /* ObservabilityTests.swift */ = {isa = PBXFileReference; lastKnownFileType = sourcecode.swift; path = ObservabilityTests.swift; sourceTree = "<group>"; };
		0EF8382835124C808B432EB7 /* AttributedRoundTripTests.swift */ = {isa = PBXFileReference; lastKnownFileType = sourcecode.swift; path = AttributedRoundTripTests.swift; sourceTree = "<group>"; };
		127DC7F3BA7595FF3A94DE9B /* BearImportView.swift */ = {isa = PBXFileReference; lastKnownFileType = sourcecode.swift; path = BearImportView.swift; sourceTree = "<group>"; };
		17750796B6598E0BB46A4477 /* TabSnapshotCache.swift */ = {isa = PBXFileReference; lastKnownFileType = sourcecode.swift; path = TabSnapshotCache.swift; sourceTree = "<group>"; };
		17E4D3F92F639F9E34A27C66 /* HelpersTests.swift */ = {isa = PBXFileReference; lastKnownFileType = sourcecode.swift; path = HelpersTests.swift; sourceTree = "<group>"; };
		1A2F4D6B923DC89DF072E276 /* DocumentView+Toolbar.swift */ = {isa = PBXFileReference; lastKnownFileType = sourcecode.swift; path = "DocumentView+Toolbar.swift"; sourceTree = "<group>"; };
		1B108BFBF56D23F9E75554C4 /* NotionImportView.swift */ = {isa = PBXFileReference; lastKnownFileType = sourcecode.swift; path = NotionImportView.swift; sourceTree = "<group>"; };
		1C694413F2C74CAD1272F440 /* Localizable.xcstrings */ = {isa = PBXFileReference; lastKnownFileType = text.json.xcstrings; path = Localizable.xcstrings; sourceTree = "<group>"; };
		1C90F098980AEF72F3CE8978 /* CoverImageTests.swift */ = {isa = PBXFileReference; lastKnownFileType = sourcecode.swift; path = CoverImageTests.swift; sourceTree = "<group>"; };
		1D8D5D391D7106F7C2E577E4 /* AppDelegate.swift */ = {isa = PBXFileReference; lastKnownFileType = sourcecode.swift; path = AppDelegate.swift; sourceTree = "<group>"; };
		2516EE64F9E482E141A0D27E /* SplashView.swift */ = {isa = PBXFileReference; lastKnownFileType = sourcecode.swift; path = SplashView.swift; sourceTree = "<group>"; };
		26E3927CA7686F453C78FFE8 /* WorkspaceRow.swift */ = {isa = PBXFileReference; lastKnownFileType = sourcecode.swift; path = WorkspaceRow.swift; sourceTree = "<group>"; };
		28EEC29CAF243FC97EC0EB7C /* SearchTests.swift */ = {isa = PBXFileReference; lastKnownFileType = sourcecode.swift; path = SearchTests.swift; sourceTree = "<group>"; };
		2A44F927166AF063EE55BA19 /* DatabaseTableView.swift */ = {isa = PBXFileReference; lastKnownFileType = sourcecode.swift; path = DatabaseTableView.swift; sourceTree = "<group>"; };
		2E2E7F51D0CD04EEBC8FE493 /* ImportUITests.swift */ = {isa = PBXFileReference; lastKnownFileType = sourcecode.swift; path = ImportUITests.swift; sourceTree = "<group>"; };
		2F4F9BF7DD9230F2CC2D175F /* SettingsView.swift */ = {isa = PBXFileReference; lastKnownFileType = sourcecode.swift; path = SettingsView.swift; sourceTree = "<group>"; };
		2F8AFBAF1ABB7C2F44C3F4E2 /* Observability.swift */ = {isa = PBXFileReference; lastKnownFileType = sourcecode.swift; path = Observability.swift; sourceTree = "<group>"; };
		31E2F26E9E41A2DD333CE67C /* DatabaseCalendarView.swift */ = {isa = PBXFileReference; lastKnownFileType = sourcecode.swift; path = DatabaseCalendarView.swift; sourceTree = "<group>"; };
		320D74AADC9E183109B95653 /* Keychain.swift */ = {isa = PBXFileReference; lastKnownFileType = sourcecode.swift; path = Keychain.swift; sourceTree = "<group>"; };
		366C2A42AD80DBB4B100A9E8 /* DatabaseHeader.swift */ = {isa = PBXFileReference; lastKnownFileType = sourcecode.swift; path = DatabaseHeader.swift; sourceTree = "<group>"; };
		36A6032BCBFCFE419E656DCE /* BlockContentFfiTests.swift */ = {isa = PBXFileReference; lastKnownFileType = sourcecode.swift; path = BlockContentFfiTests.swift; sourceTree = "<group>"; };
		37543D1D1AAFB9CE1F61603F /* ResilienceTests.swift */ = {isa = PBXFileReference; lastKnownFileType = sourcecode.swift; path = ResilienceTests.swift; sourceTree = "<group>"; };
		3A60A4A6A8B2EE03385292F9 /* PinkhaStore.swift */ = {isa = PBXFileReference; lastKnownFileType = sourcecode.swift; path = PinkhaStore.swift; sourceTree = "<group>"; };
		3B79A5D3D1AB94785FD7654A /* AllDocumentsSwitcher.swift */ = {isa = PBXFileReference; lastKnownFileType = sourcecode.swift; path = AllDocumentsSwitcher.swift; sourceTree = "<group>"; };
		3B92239203646879DEDD1FD9 /* DatabaseBoardView.swift */ = {isa = PBXFileReference; lastKnownFileType = sourcecode.swift; path = DatabaseBoardView.swift; sourceTree = "<group>"; };
		3C53838FEB629D2C322C1E9F /* EmbedRowView.swift */ = {isa = PBXFileReference; lastKnownFileType = sourcecode.swift; path = EmbedRowView.swift; sourceTree = "<group>"; };
		3CE15965161FC8D6B478B747 /* DatabaseGroupHeader.swift */ = {isa = PBXFileReference; lastKnownFileType = sourcecode.swift; path = DatabaseGroupHeader.swift; sourceTree = "<group>"; };
		3FD63652AFD0D42CDE57170D /* TabManager.swift */ = {isa = PBXFileReference; lastKnownFileType = sourcecode.swift; path = TabManager.swift; sourceTree = "<group>"; };
		41DFDA21F0D761E725B1B8B1 /* LockToolbarButton.swift */ = {isa = PBXFileReference; lastKnownFileType = sourcecode.swift; path = LockToolbarButton.swift; sourceTree = "<group>"; };
		420CF5A0FD522E8FE84D832D /* DocumentViewModel+TitleCover.swift */ = {isa = PBXFileReference; lastKnownFileType = sourcecode.swift; path = "DocumentViewModel+TitleCover.swift"; sourceTree = "<group>"; };
		4841430F047F9217FA8E7E83 /* BlockRows.swift */ = {isa = PBXFileReference; lastKnownFileType = sourcecode.swift; path = BlockRows.swift; sourceTree = "<group>"; };
		48B4A52ADC2D2CB912775A26 /* EditableBlock.swift */ = {isa = PBXFileReference; lastKnownFileType = sourcecode.swift; path = EditableBlock.swift; sourceTree = "<group>"; };
		4904D22DFF5530B867713757 /* ExpandingBlockFAB.swift */ = {isa = PBXFileReference; lastKnownFileType = sourcecode.swift; path = ExpandingBlockFAB.swift; sourceTree = "<group>"; };
		4A87F59E8025954E2D6046E5 /* ImportIntegrationTests.swift */ = {isa = PBXFileReference; lastKnownFileType = sourcecode.swift; path = ImportIntegrationTests.swift; sourceTree = "<group>"; };
		4E13ECEFE18B72D0CB681C2F /* RichTextEditor.swift */ = {isa = PBXFileReference; lastKnownFileType = sourcecode.swift; path = RichTextEditor.swift; sourceTree = "<group>"; };
		51C6157A2F89654A80442CA7 /* RichTextConversion.swift */ = {isa = PBXFileReference; lastKnownFileType = sourcecode.swift; path = RichTextConversion.swift; sourceTree = "<group>"; };
		51F23F0716FCE3363F1AA084 /* SeededDataUITests.swift */ = {isa = PBXFileReference; lastKnownFileType = sourcecode.swift; path = SeededDataUITests.swift; sourceTree = "<group>"; };
		540D702216A224AA42E51C36 /* SafariSwitcher.swift */ = {isa = PBXFileReference; lastKnownFileType = sourcecode.swift; path = SafariSwitcher.swift; sourceTree = "<group>"; };
		544D22A9F70020AAC703BB01 /* RichTextAttributes.swift */ = {isa = PBXFileReference; lastKnownFileType = sourcecode.swift; path = RichTextAttributes.swift; sourceTree = "<group>"; };
		56806548C25A65F2BB6E2671 /* Resilience.swift */ = {isa = PBXFileReference; lastKnownFileType = sourcecode.swift; path = Resilience.swift; sourceTree = "<group>"; };
		57131D776D3CE92923ABAC6B /* EmojiPicker.swift */ = {isa = PBXFileReference; lastKnownFileType = sourcecode.swift; path = EmojiPicker.swift; sourceTree = "<group>"; };
		596EB06D81D9723854411FD8 /* PinkhaTests.xctest */ = {isa = PBXFileReference; includeInIndex = 0; lastKnownFileType = wrapper.cfbundle; path = PinkhaTests.xctest; sourceTree = BUILT_PRODUCTS_DIR; };
		5A4803ADD45316B67067AEC7 /* InboxView.swift */ = {isa = PBXFileReference; lastKnownFileType = sourcecode.swift; path = InboxView.swift; sourceTree = "<group>"; };
		5B033CFC2C8EE318FA058974 /* EditableBlockTests.swift */ = {isa = PBXFileReference; lastKnownFileType = sourcecode.swift; path = EditableBlockTests.swift; sourceTree = "<group>"; };
		5E55415B95A1A1155B0AD072 /* Composer.swift */ = {isa = PBXFileReference; lastKnownFileType = sourcecode.swift; path = Composer.swift; sourceTree = "<group>"; };
		5FC41B512D2A1C11C838A229 /* EmbedMetadata.swift */ = {isa = PBXFileReference; lastKnownFileType = sourcecode.swift; path = EmbedMetadata.swift; sourceTree = "<group>"; };
		5FF3FD226E223F8377466121 /* RichTextEditorCoordinator+Style.swift */ = {isa = PBXFileReference; lastKnownFileType = sourcecode.swift; path = "RichTextEditorCoordinator+Style.swift"; sourceTree = "<group>"; };
		6084E410F0DAFDE23346475E /* RichTextEditorCoordinator+Toolbar.swift */ = {isa = PBXFileReference; lastKnownFileType = sourcecode.swift; path = "RichTextEditorCoordinator+Toolbar.swift"; sourceTree = "<group>"; };
		6093527A0945328E7EC8D4F6 /* EmptyStateUITests.swift */ = {isa = PBXFileReference; lastKnownFileType = sourcecode.swift; path = EmptyStateUITests.swift; sourceTree = "<group>"; };
		67C63FC0A00126CC7DD1E3F7 /* DatabaseGalleryView.swift */ = {isa = PBXFileReference; lastKnownFileType = sourcecode.swift; path = DatabaseGalleryView.swift; sourceTree = "<group>"; };
		694C8BA0DF263BDFD379B30D /* CoverImageView.swift */ = {isa = PBXFileReference; lastKnownFileType = sourcecode.swift; path = CoverImageView.swift; sourceTree = "<group>"; };
		6A8E8AE9B516507D0E1A651A /* DocumentPublishDateSheet.swift */ = {isa = PBXFileReference; lastKnownFileType = sourcecode.swift; path = DocumentPublishDateSheet.swift; sourceTree = "<group>"; };
		6AB06C82AFCB67B99CDD92CE /* DatabaseListView.swift */ = {isa = PBXFileReference; lastKnownFileType = sourcecode.swift; path = DatabaseListView.swift; sourceTree = "<group>"; };
		6BA2A66D382F788C73DDAA3E /* DocumentViewHelpers.swift */ = {isa = PBXFileReference; lastKnownFileType = sourcecode.swift; path = DocumentViewHelpers.swift; sourceTree = "<group>"; };
		6C7CC1817FC3F8DA6E8AAEE2 /* TrashView.swift */ = {isa = PBXFileReference; lastKnownFileType = sourcecode.swift; path = TrashView.swift; sourceTree = "<group>"; };
		6FF3829D735CC2FE776FCB96 /* RecentStrip.swift */ = {isa = PBXFileReference; lastKnownFileType = sourcecode.swift; path = RecentStrip.swift; sourceTree = "<group>"; };
		7211340993B3A5D766850FDE /* NotesHomeView.swift */ = {isa = PBXFileReference; lastKnownFileType = sourcecode.swift; path = NotesHomeView.swift; sourceTree = "<group>"; };
		738ECE1D72957495F50518E6 /* BlockOpsTests.swift */ = {isa = PBXFileReference; lastKnownFileType = sourcecode.swift; path = BlockOpsTests.swift; sourceTree = "<group>"; };
		74758505CF9C5437D290A702 /* DatabaseQueriesTests.swift */ = {isa = PBXFileReference; lastKnownFileType = sourcecode.swift; path = DatabaseQueriesTests.swift; sourceTree = "<group>"; };
		7489CFC34A012E88663D5A4E /* DocumentViewModelTests.swift */ = {isa = PBXFileReference; lastKnownFileType = sourcecode.swift; path = DocumentViewModelTests.swift; sourceTree = "<group>"; };
		75D7DCC839125DE7FA5021C1 /* EdgeOpsTests.swift */ = {isa = PBXFileReference; lastKnownFileType = sourcecode.swift; path = EdgeOpsTests.swift; sourceTree = "<group>"; };
		78031483BED592FC98C626A3 /* DatabaseFilterSheet.swift */ = {isa = PBXFileReference; lastKnownFileType = sourcecode.swift; path = DatabaseFilterSheet.swift; sourceTree = "<group>"; };
		7A3421677D3E4A70DA86CEB8 /* ContentView.swift */ = {isa = PBXFileReference; lastKnownFileType = sourcecode.swift; path = ContentView.swift; sourceTree = "<group>"; };
		7AF590FDF89EC393658B2029 /* VMErrorHandlingTests.swift */ = {isa = PBXFileReference; lastKnownFileType = sourcecode.swift; path = VMErrorHandlingTests.swift; sourceTree = "<group>"; };
		7B77A45654972BB2F837287E /* PropertyInputRow.swift */ = {isa = PBXFileReference; lastKnownFileType = sourcecode.swift; path = PropertyInputRow.swift; sourceTree = "<group>"; };
		7BCB63FBC9E7B7B4FC6EAD63 /* RichTextEditorCoordinator+Menus.swift */ = {isa = PBXFileReference; lastKnownFileType = sourcecode.swift; path = "RichTextEditorCoordinator+Menus.swift"; sourceTree = "<group>"; };
		7BDCE4B4A67B7675CF7E4994 /* ModelsTests.swift */ = {isa = PBXFileReference; lastKnownFileType = sourcecode.swift; path = ModelsTests.swift; sourceTree = "<group>"; };
		7E8493451BB64B1B9FBF2A03 /* ExpandingTextView.swift */ = {isa = PBXFileReference; lastKnownFileType = sourcecode.swift; path = ExpandingTextView.swift; sourceTree = "<group>"; };
		7EA90C535ED0F61DCB900957 /* AppSettings.swift */ = {isa = PBXFileReference; lastKnownFileType = sourcecode.swift; path = AppSettings.swift; sourceTree = "<group>"; };
		8169A1E412FB3AB0851E5ADB /* DocumentApiTests.swift */ = {isa = PBXFileReference; lastKnownFileType = sourcecode.swift; path = DocumentApiTests.swift; sourceTree = "<group>"; };
		83C7E5FB163EC0BCAADD90F1 /* ConcurrencyTests.swift */ = {isa = PBXFileReference; lastKnownFileType = sourcecode.swift; path = ConcurrencyTests.swift; sourceTree = "<group>"; };
		870CA1B2DFAA09E7ADD88550 /* Haptic.swift */ = {isa = PBXFileReference; lastKnownFileType = sourcecode.swift; path = Haptic.swift; sourceTree = "<group>"; };
		87A30B94BE52616D506EF2F5 /* RichTextEditorCoordinator.swift */ = {isa = PBXFileReference; lastKnownFileType = sourcecode.swift; path = RichTextEditorCoordinator.swift; sourceTree = "<group>"; };
		8AA5AD149942C517A93E0631 /* DocumentViewModel.swift */ = {isa = PBXFileReference; lastKnownFileType = sourcecode.swift; path = DocumentViewModel.swift; sourceTree = "<group>"; };
		8D00712F93440126D5247D83 /* MalformedJSONTests.swift */ = {isa = PBXFileReference; lastKnownFileType = sourcecode.swift; path = MalformedJSONTests.swift; sourceTree = "<group>"; };
		8D498BD6A504E837D38568BA /* Info.plist */ = {isa = PBXFileReference; lastKnownFileType = text.plist; path = Info.plist; sourceTree = "<group>"; };
		909E5D4DB1628C93BC5215A1 /* PinkhaApp.swift */ = {isa = PBXFileReference; lastKnownFileType = sourcecode.swift; path = PinkhaApp.swift; sourceTree = "<group>"; };
		94AB645E2E656B62E6D0182C /* ResilienceFFITests.swift */ = {isa = PBXFileReference; lastKnownFileType = sourcecode.swift; path = ResilienceFFITests.swift; sourceTree = "<group>"; };
		97AAE4ED1A7A8EFFA0FFB26F /* FontHelpersTests.swift */ = {isa = PBXFileReference; lastKnownFileType = sourcecode.swift; path = FontHelpersTests.swift; sourceTree = "<group>"; };
		989079D332C7B04FEE02C8BC /* PinkhaIntegrationTests.xctest */ = {isa = PBXFileReference; includeInIndex = 0; lastKnownFileType = wrapper.cfbundle; path = PinkhaIntegrationTests.xctest; sourceTree = BUILT_PRODUCTS_DIR; };
		9B12A10AF0ABA0755B011232 /* DocumentViewModel+Persistence.swift */ = {isa = PBXFileReference; lastKnownFileType = sourcecode.swift; path = "DocumentViewModel+Persistence.swift"; sourceTree = "<group>"; };
		9E3470806F13B18DD1BDF7AC /* pinkha.xcframework */ = {isa = PBXFileReference; lastKnownFileType = wrapper.xcframework; name = pinkha.xcframework; path = ../pinkha.xcframework; sourceTree = "<group>"; };
		9F3EF0593ACB7C1002859466 /* DatabaseViewModel.swift */ = {isa = PBXFileReference; lastKnownFileType = sourcecode.swift; path = DatabaseViewModel.swift; sourceTree = "<group>"; };
		A0242538C571C77BB05443CB /* ColorPersistenceTests.swift */ = {isa = PBXFileReference; lastKnownFileType = sourcecode.swift; path = ColorPersistenceTests.swift; sourceTree = "<group>"; };
		A131D9A1E0532C0B73AC7161 /* DatabaseView.swift */ = {isa = PBXFileReference; lastKnownFileType = sourcecode.swift; path = DatabaseView.swift; sourceTree = "<group>"; };
		A28837F5576A94ACE216F9EE /* CreateBubble.swift */ = {isa = PBXFileReference; lastKnownFileType = sourcecode.swift; path = CreateBubble.swift; sourceTree = "<group>"; };
		A3C4D279824EA1E96EE07D0E /* NotesHomeView+Sort.swift */ = {isa = PBXFileReference; lastKnownFileType = sourcecode.swift; path = "NotesHomeView+Sort.swift"; sourceTree = "<group>"; };
		A4028AC186A60E09445883F5 /* DocumentView.swift */ = {isa = PBXFileReference; lastKnownFileType = sourcecode.swift; path = DocumentView.swift; sourceTree = "<group>"; };
		A4E2380661E5813755F120A1 /* Pinkha.app */ = {isa = PBXFileReference; includeInIndex = 0; lastKnownFileType = wrapper.application; path = Pinkha.app; sourceTree = BUILT_PRODUCTS_DIR; };
		A65640724338B9AA4AAF343F /* InfoPlist.xcstrings */ = {isa = PBXFileReference; lastKnownFileType = text.json.xcstrings; path = InfoPlist.xcstrings; sourceTree = "<group>"; };
		A65E66F89E3D7BC7BDF0772D /* AttachDocToDatabaseSheet.swift */ = {isa = PBXFileReference; lastKnownFileType = sourcecode.swift; path = AttachDocToDatabaseSheet.swift; sourceTree = "<group>"; };
		A737C5AB9A5CD05DAA78F9E5 /* CraftTextBundleImportView.swift */ = {isa = PBXFileReference; lastKnownFileType = sourcecode.swift; path = CraftTextBundleImportView.swift; sourceTree = "<group>"; };
		AB990B9A8557D574F681053B /* BlockHierarchyTests.swift */ = {isa = PBXFileReference; lastKnownFileType = sourcecode.swift; path = BlockHierarchyTests.swift; sourceTree = "<group>"; };
		B36A366A969BB6505588D099 /* MentionBar.swift */ = {isa = PBXFileReference; lastKnownFileType = sourcecode.swift; path = MentionBar.swift; sourceTree = "<group>"; };
		B5C9F30194205370FD57F361 /* DatabaseToolbar.swift */ = {isa = PBXFileReference; lastKnownFileType = sourcecode.swift; path = DatabaseToolbar.swift; sourceTree = "<group>"; };
		B6DB4D4AA0CC43137759C109 /* RichTextEditorCoordinator+Selection.swift */ = {isa = PBXFileReference; lastKnownFileType = sourcecode.swift; path = "RichTextEditorCoordinator+Selection.swift"; sourceTree = "<group>"; };
		BAE708B54C4D296BE09E399D /* Secrets.xcconfig */ = {isa = PBXFileReference; lastKnownFileType = text.xcconfig; path = Secrets.xcconfig; sourceTree = "<group>"; };
		BBCF4EDFC02A470DBC3BA602 /* PinkhaUITests.xctest */ = {isa = PBXFileReference; includeInIndex = 0; lastKnownFileType = wrapper.cfbundle; path = PinkhaUITests.xctest; sourceTree = BUILT_PRODUCTS_DIR; };
		BC27E249DFB98A2B03FBBE07 /* DatabaseModelsTests.swift */ = {isa = PBXFileReference; lastKnownFileType = sourcecode.swift; path = DatabaseModelsTests.swift; sourceTree = "<group>"; };
		BEB8BDD53EA02FC1A56928B5 /* SwipeDeleteUITests.swift */ = {isa = PBXFileReference; lastKnownFileType = sourcecode.swift; path = SwipeDeleteUITests.swift; sourceTree = "<group>"; };
		C119198301C269A81F04C97F /* pinkha.swift */ = {isa = PBXFileReference; lastKnownFileType = sourcecode.swift; path = pinkha.swift; sourceTree = "<group>"; };
		C24DE7A2835E6F35C04017AA /* DocumentTitle.swift */ = {isa = PBXFileReference; lastKnownFileType = sourcecode.swift; path = DocumentTitle.swift; sourceTree = "<group>"; };
		C3551302225B195EACBC7718 /* BlockRowsExtra.swift */ = {isa = PBXFileReference; lastKnownFileType = sourcecode.swift; path = BlockRowsExtra.swift; sourceTree = "<group>"; };
		C3DF3FB26602684300293BDB /* NotionOAuth2.swift */ = {isa = PBXFileReference; lastKnownFileType = sourcecode.swift; path = NotionOAuth2.swift; sourceTree = "<group>"; };
		C48A6090EBBFBAB7A44A9513 /* DatabaseEntitiesTests.swift */ = {isa = PBXFileReference; lastKnownFileType = sourcecode.swift; path = DatabaseEntitiesTests.swift; sourceTree = "<group>"; };
		C7B62706E6C0BDE46FF867DA /* DocumentViewModel+Undo.swift */ = {isa = PBXFileReference; lastKnownFileType = sourcecode.swift; path = "DocumentViewModel+Undo.swift"; sourceTree = "<group>"; };
		C7C31BC0B000B9D4E7321876 /* BlockPickerUITests.swift */ = {isa = PBXFileReference; lastKnownFileType = sourcecode.swift; path = BlockPickerUITests.swift; sourceTree = "<group>"; };
		CBE9EDA58052E521C5447AFC /* DocumentView+BlockCallbacks.swift */ = {isa = PBXFileReference; lastKnownFileType = sourcecode.swift; path = "DocumentView+BlockCallbacks.swift"; sourceTree = "<group>"; };
		CC6268A543F57BE87AC43F83 /* DatabasesHomeView.swift */ = {isa = PBXFileReference; lastKnownFileType = sourcecode.swift; path = DatabasesHomeView.swift; sourceTree = "<group>"; };
		CFA4CB8B18F322F82D34991C /* DatabaseViewModelTests.swift */ = {isa = PBXFileReference; lastKnownFileType = sourcecode.swift; path = DatabaseViewModelTests.swift; sourceTree = "<group>"; };
		D0A8005F4451F496EF2075F1 /* MarkdownShortcutTests.swift */ = {isa = PBXFileReference; lastKnownFileType = sourcecode.swift; path = MarkdownShortcutTests.swift; sourceTree = "<group>"; };
		D4B3F017BEB4CF32BDC0BECA /* DocumentDecor.swift */ = {isa = PBXFileReference; lastKnownFileType = sourcecode.swift; path = DocumentDecor.swift; sourceTree = "<group>"; };
		D790938BD86DCD84018B0A63 /* DatabaseApiTests.swift */ = {isa = PBXFileReference; lastKnownFileType = sourcecode.swift; path = DatabaseApiTests.swift; sourceTree = "<group>"; };
		D8829AA3035FF94BD0A3EF7B /* NotionOAuth2Tests.swift */ = {isa = PBXFileReference; lastKnownFileType = sourcecode.swift; path = NotionOAuth2Tests.swift; sourceTree = "<group>"; };
		D9368C19C4C76886E6A03917 /* EdgeCasesTests.swift */ = {isa = PBXFileReference; lastKnownFileType = sourcecode.swift; path = EdgeCasesTests.swift; sourceTree = "<group>"; };
		DB0F81F0C34049331FECB422 /* UIKitContextMenu.swift */ = {isa = PBXFileReference; lastKnownFileType = sourcecode.swift; path = UIKitContextMenu.swift; sourceTree = "<group>"; };
		DDF836EB2D9E803A6DCC33B3 /* MarkdownShortcuts.swift */ = {isa = PBXFileReference; lastKnownFileType = sourcecode.swift; path = MarkdownShortcuts.swift; sourceTree = "<group>"; };
		E2C07ADA01E894E83B574ABA /* HomeScreenUITests.swift */ = {isa = PBXFileReference; lastKnownFileType = sourcecode.swift; path = HomeScreenUITests.swift; sourceTree = "<group>"; };
		E4CE1B82B64C77244F8BD2A7 /* CraftCombinedImportView.swift */ = {isa = PBXFileReference; lastKnownFileType = sourcecode.swift; path = CraftCombinedImportView.swift; sourceTree = "<group>"; };
		ED135BF384902D45638398A9 /* SharedComponents.swift */ = {isa = PBXFileReference; lastKnownFileType = sourcecode.swift; path = SharedComponents.swift; sourceTree = "<group>"; };
		ED9B1DB1A313487130CA11D1 /* FolderView.swift */ = {isa = PBXFileReference; lastKnownFileType = sourcecode.swift; path = FolderView.swift; sourceTree = "<group>"; };
		EE4E34548A3F51F2FE7080F8 /* KeyboardSwipeDismiss.swift */ = {isa = PBXFileReference; lastKnownFileType = sourcecode.swift; path = KeyboardSwipeDismiss.swift; sourceTree = "<group>"; };
		F0C5E1D7104E176374A94957 /* Assets.xcassets */ = {isa = PBXFileReference; lastKnownFileType = folder.assetcatalog; path = Assets.xcassets; sourceTree = "<group>"; };
		F2993E55B338F853D7618589 /* PersistenceTests.swift */ = {isa = PBXFileReference; lastKnownFileType = sourcecode.swift; path = PersistenceTests.swift; sourceTree = "<group>"; };
		F2D794592BEC81AB2CB5E99B /* CodableRoundTripTests.swift */ = {isa = PBXFileReference; lastKnownFileType = sourcecode.swift; path = CodableRoundTripTests.swift; sourceTree = "<group>"; };
		F89F4E27B13C0A8D7D76F1B2 /* CreateDocumentSheet.swift */ = {isa = PBXFileReference; lastKnownFileType = sourcecode.swift; path = CreateDocumentSheet.swift; sourceTree = "<group>"; };
		F8FFF93EEDC254780485D651 /* PerformanceTests.swift */ = {isa = PBXFileReference; lastKnownFileType = sourcecode.swift; path = PerformanceTests.swift; sourceTree = "<group>"; };
		FB765EDBB1319247E92234A3 /* DatabasePropertiesSheet.swift */ = {isa = PBXFileReference; lastKnownFileType = sourcecode.swift; path = DatabasePropertiesSheet.swift; sourceTree = "<group>"; };
		FD73683057C8D48D76031811 /* DocumentViewModel+Blocks.swift */ = {isa = PBXFileReference; lastKnownFileType = sourcecode.swift; path = "DocumentViewModel+Blocks.swift"; sourceTree = "<group>"; };
/* End PBXFileReference section */

/* Begin PBXFrameworksBuildPhase section */
		361BE22DD94B71EEEC5EFB54 /* Frameworks */ = {
			isa = PBXFrameworksBuildPhase;
			buildActionMask = 2147483647;
			files = (
				62FDB0C4AF1E562971C8A80F /* pinkha.xcframework in Frameworks */,
				9074D56A0F02ACC6660A97DC /* Sentry in Frameworks */,
			);
			runOnlyForDeploymentPostprocessing = 0;
		};
/* End PBXFrameworksBuildPhase section */

/* Begin PBXGroup section */
		08895E7793EC63864AA7EA76 /* Editor */ = {
			isa = PBXGroup;
			children = (
				D4B3F017BEB4CF32BDC0BECA /* DocumentDecor.swift */,
				C24DE7A2835E6F35C04017AA /* DocumentTitle.swift */,
				A4028AC186A60E09445883F5 /* DocumentView.swift */,
				CBE9EDA58052E521C5447AFC /* DocumentView+BlockCallbacks.swift */,
				1A2F4D6B923DC89DF072E276 /* DocumentView+Toolbar.swift */,
				6BA2A66D382F788C73DDAA3E /* DocumentViewHelpers.swift */,
				8AA5AD149942C517A93E0631 /* DocumentViewModel.swift */,
				FD73683057C8D48D76031811 /* DocumentViewModel+Blocks.swift */,
				9B12A10AF0ABA0755B011232 /* DocumentViewModel+Persistence.swift */,
				420CF5A0FD522E8FE84D832D /* DocumentViewModel+TitleCover.swift */,
				C7B62706E6C0BDE46FF867DA /* DocumentViewModel+Undo.swift */,
				48B4A52ADC2D2CB912775A26 /* EditableBlock.swift */,
				57131D776D3CE92923ABAC6B /* EmojiPicker.swift */,
				4904D22DFF5530B867713757 /* ExpandingBlockFAB.swift */,
			);
			path = Editor;
			sourceTree = "<group>";
		};
		1A00F97C8C67F1DADFB024A3 /* Unit */ = {
			isa = PBXGroup;
			children = (
				0EF8382835124C808B432EB7 /* AttributedRoundTripTests.swift */,
				36A6032BCBFCFE419E656DCE /* BlockContentFfiTests.swift */,
				F2D794592BEC81AB2CB5E99B /* CodableRoundTripTests.swift */,
				BC27E249DFB98A2B03FBBE07 /* DatabaseModelsTests.swift */,
				5B033CFC2C8EE318FA058974 /* EditableBlockTests.swift */,
				97AAE4ED1A7A8EFFA0FFB26F /* FontHelpersTests.swift */,
				17E4D3F92F639F9E34A27C66 /* HelpersTests.swift */,
				8D00712F93440126D5247D83 /* MalformedJSONTests.swift */,
				D0A8005F4451F496EF2075F1 /* MarkdownShortcutTests.swift */,
				7BDCE4B4A67B7675CF7E4994 /* ModelsTests.swift */,
				D8829AA3035FF94BD0A3EF7B /* NotionOAuth2Tests.swift */,
				0EF086F9F0458E7ADBD9C439 /* ObservabilityTests.swift */,
				37543D1D1AAFB9CE1F61603F /* ResilienceTests.swift */,
			);
			path = Unit;
			sourceTree = "<group>";
		};
		26C80B9E5028416B4A9488C7 /* Sheets */ = {
			isa = PBXGroup;
			children = (
				78031483BED592FC98C626A3 /* DatabaseFilterSheet.swift */,
				FB765EDBB1319247E92234A3 /* DatabasePropertiesSheet.swift */,
			);
			path = Sheets;
			sourceTree = "<group>";
		};
		30C4E3F3EB6B011D64BD914E /* Notes */ = {
			isa = PBXGroup;
			children = (
				3B79A5D3D1AB94785FD7654A /* AllDocumentsSwitcher.swift */,
				5E55415B95A1A1155B0AD072 /* Composer.swift */,
				A28837F5576A94ACE216F9EE /* CreateBubble.swift */,
				F89F4E27B13C0A8D7D76F1B2 /* CreateDocumentSheet.swift */,
				ED9B1DB1A313487130CA11D1 /* FolderView.swift */,
				5A4803ADD45316B67067AEC7 /* InboxView.swift */,
				7211340993B3A5D766850FDE /* NotesHomeView.swift */,
				A3C4D279824EA1E96EE07D0E /* NotesHomeView+Sort.swift */,
				6FF3829D735CC2FE776FCB96 /* RecentStrip.swift */,
				540D702216A224AA42E51C36 /* SafariSwitcher.swift */,
				ED135BF384902D45638398A9 /* SharedComponents.swift */,
				17750796B6598E0BB46A4477 /* TabSnapshotCache.swift */,
				6C7CC1817FC3F8DA6E8AAEE2 /* TrashView.swift */,
				DB0F81F0C34049331FECB422 /* UIKitContextMenu.swift */,
				26E3927CA7686F453C78FFE8 /* WorkspaceRow.swift */,
			);
			path = Notes;
			sourceTree = "<group>";
		};
		3556BDEB901BA5C3B0B5128B /* UI */ = {
			isa = PBXGroup;
			children = (
				C7C31BC0B000B9D4E7321876 /* BlockPickerUITests.swift */,
				6093527A0945328E7EC8D4F6 /* EmptyStateUITests.swift */,
				E2C07ADA01E894E83B574ABA /* HomeScreenUITests.swift */,
				2E2E7F51D0CD04EEBC8FE493 /* ImportUITests.swift */,
				51F23F0716FCE3363F1AA084 /* SeededDataUITests.swift */,
				BEB8BDD53EA02FC1A56928B5 /* SwipeDeleteUITests.swift */,
			);
			path = UI;
			sourceTree = "<group>";
		};
		392DE59F50ABA7F2A42D7E9A /* Core */ = {
			isa = PBXGroup;
			children = (
				7EA90C535ED0F61DCB900957 /* AppSettings.swift */,
				694C8BA0DF263BDFD379B30D /* CoverImageView.swift */,
				870CA1B2DFAA09E7ADD88550 /* Haptic.swift */,
				EE4E34548A3F51F2FE7080F8 /* KeyboardSwipeDismiss.swift */,
				320D74AADC9E183109B95653 /* Keychain.swift */,
				41DFDA21F0D761E725B1B8B1 /* LockToolbarButton.swift */,
				2F8AFBAF1ABB7C2F44C3F4E2 /* Observability.swift */,
				3A60A4A6A8B2EE03385292F9 /* PinkhaStore.swift */,
				56806548C25A65F2BB6E2671 /* Resilience.swift */,
				2F4F9BF7DD9230F2CC2D175F /* SettingsView.swift */,
			);
			path = Core;
			sourceTree = "<group>";
		};
		421A0A589F8AC01BE871254C /* Models */ = {
			isa = PBXGroup;
			children = (
				06943BB0FCD3892420403C11 /* Models.swift */,
			);
			path = Models;
			sourceTree = "<group>";
		};
		4494D74BA7F514A78EB8D8AC /* Frameworks */ = {
			isa = PBXGroup;
			children = (
				9E3470806F13B18DD1BDF7AC /* pinkha.xcframework */,
			);
			name = Frameworks;
			sourceTree = "<group>";
		};
		496752923F54AD2F5D477238 /* swift-bindings */ = {
			isa = PBXGroup;
			children = (
				C119198301C269A81F04C97F /* pinkha.swift */,
			);
			path = "swift-bindings";
			sourceTree = "<group>";
		};
		517C8F4A0D5F295AD6BCE96A /* RichText */ = {
			isa = PBXGroup;
			children = (
				7E8493451BB64B1B9FBF2A03 /* ExpandingTextView.swift */,
				DDF836EB2D9E803A6DCC33B3 /* MarkdownShortcuts.swift */,
				B36A366A969BB6505588D099 /* MentionBar.swift */,
				544D22A9F70020AAC703BB01 /* RichTextAttributes.swift */,
				51C6157A2F89654A80442CA7 /* RichTextConversion.swift */,
				4E13ECEFE18B72D0CB681C2F /* RichTextEditor.swift */,
				87A30B94BE52616D506EF2F5 /* RichTextEditorCoordinator.swift */,
				7BCB63FBC9E7B7B4FC6EAD63 /* RichTextEditorCoordinator+Menus.swift */,
				B6DB4D4AA0CC43137759C109 /* RichTextEditorCoordinator+Selection.swift */,
				5FF3FD226E223F8377466121 /* RichTextEditorCoordinator+Style.swift */,
				6084E410F0DAFDE23346475E /* RichTextEditorCoordinator+Toolbar.swift */,
			);
			path = RichText;
			sourceTree = "<group>";
		};
		52689657E616B098718D0A67 /* Config */ = {
			isa = PBXGroup;
			children = (
				BAE708B54C4D296BE09E399D /* Secrets.xcconfig */,
			);
			path = Config;
			sourceTree = "<group>";
		};
		53A5FA7ABDC9C73E74A8706F /* App */ = {
			isa = PBXGroup;
			children = (
				1D8D5D391D7106F7C2E577E4 /* AppDelegate.swift */,
				7A3421677D3E4A70DA86CEB8 /* ContentView.swift */,
				909E5D4DB1628C93BC5215A1 /* PinkhaApp.swift */,
				2516EE64F9E482E141A0D27E /* SplashView.swift */,
				3FD63652AFD0D42CDE57170D /* TabManager.swift */,
			);
			path = App;
			sourceTree = "<group>";
		};
		57EFC2114549FF22DA2AC116 /* Integration */ = {
			isa = PBXGroup;
			children = (
				AB990B9A8557D574F681053B /* BlockHierarchyTests.swift */,
				738ECE1D72957495F50518E6 /* BlockOpsTests.swift */,
				A0242538C571C77BB05443CB /* ColorPersistenceTests.swift */,
				83C7E5FB163EC0BCAADD90F1 /* ConcurrencyTests.swift */,
				1C90F098980AEF72F3CE8978 /* CoverImageTests.swift */,
				D790938BD86DCD84018B0A63 /* DatabaseApiTests.swift */,
				C48A6090EBBFBAB7A44A9513 /* DatabaseEntitiesTests.swift */,
				74758505CF9C5437D290A702 /* DatabaseQueriesTests.swift */,
				CFA4CB8B18F322F82D34991C /* DatabaseViewModelTests.swift */,
				8169A1E412FB3AB0851E5ADB /* DocumentApiTests.swift */,
				7489CFC34A012E88663D5A4E /* DocumentViewModelTests.swift */,
				D9368C19C4C76886E6A03917 /* EdgeCasesTests.swift */,
				75D7DCC839125DE7FA5021C1 /* EdgeOpsTests.swift */,
				4A87F59E8025954E2D6046E5 /* ImportIntegrationTests.swift */,
				F8FFF93EEDC254780485D651 /* PerformanceTests.swift */,
				F2993E55B338F853D7618589 /* PersistenceTests.swift */,
				94AB645E2E656B62E6D0182C /* ResilienceFFITests.swift */,
				28EEC29CAF243FC97EC0EB7C /* SearchTests.swift */,
				7AF590FDF89EC393658B2029 /* VMErrorHandlingTests.swift */,
			);
			path = Integration;
			sourceTree = "<group>";
		};
		651EA0FB42E391E774BAC629 /* Database */ = {
			isa = PBXGroup;
			children = (
				366C2A42AD80DBB4B100A9E8 /* DatabaseHeader.swift */,
				CC6268A543F57BE87AC43F83 /* DatabasesHomeView.swift */,
				B5C9F30194205370FD57F361 /* DatabaseToolbar.swift */,
				A131D9A1E0532C0B73AC7161 /* DatabaseView.swift */,
				9F3EF0593ACB7C1002859466 /* DatabaseViewModel.swift */,
				7B77A45654972BB2F837287E /* PropertyInputRow.swift */,
				26C80B9E5028416B4A9488C7 /* Sheets */,
				F504DCEE1CC55242D677651D /* Views */,
			);
			path = Database;
			sourceTree = "<group>";
		};
		7019B3BEE5F336C4EE93E2A0 /* Sheets */ = {
			isa = PBXGroup;
			children = (
				A65E66F89E3D7BC7BDF0772D /* AttachDocToDatabaseSheet.swift */,
				6A8E8AE9B516507D0E1A651A /* DocumentPublishDateSheet.swift */,
			);
			path = Sheets;
			sourceTree = "<group>";
		};
		7459E38DDB42FA0567FB08BE /* Products */ = {
			isa = PBXGroup;
			children = (
				A4E2380661E5813755F120A1 /* Pinkha.app */,
				989079D332C7B04FEE02C8BC /* PinkhaIntegrationTests.xctest */,
				596EB06D81D9723854411FD8 /* PinkhaTests.xctest */,
				BBCF4EDFC02A470DBC3BA602 /* PinkhaUITests.xctest */,
			);
			name = Products;
			sourceTree = "<group>";
		};
		7CE19974FB0E7C2FE24CED36 /* Tests */ = {
			isa = PBXGroup;
			children = (
				57EFC2114549FF22DA2AC116 /* Integration */,
				3556BDEB901BA5C3B0B5128B /* UI */,
				1A00F97C8C67F1DADFB024A3 /* Unit */,
			);
			path = Tests;
			sourceTree = "<group>";
		};
		8FB7F1288CD331FA0F093783 /* Sources */ = {
			isa = PBXGroup;
			children = (
				F0C5E1D7104E176374A94957 /* Assets.xcassets */,
				8D498BD6A504E837D38568BA /* Info.plist */,
				A65640724338B9AA4AAF343F /* InfoPlist.xcstrings */,
				1C694413F2C74CAD1272F440 /* Localizable.xcstrings */,
				53A5FA7ABDC9C73E74A8706F /* App */,
				392DE59F50ABA7F2A42D7E9A /* Core */,
				651EA0FB42E391E774BAC629 /* Database */,
				990E3BE54B5E7DA3FFC7AE48 /* Document */,
				BDC1F9C83F165B227360E2AB /* Import */,
				421A0A589F8AC01BE871254C /* Models */,
				30C4E3F3EB6B011D64BD914E /* Notes */,
				517C8F4A0D5F295AD6BCE96A /* RichText */,
			);
			path = Sources;
			sourceTree = "<group>";
		};
		90D9CC2C3F61C59405E4C3C6 /* Blocks */ = {
			isa = PBXGroup;
			children = (
				4841430F047F9217FA8E7E83 /* BlockRows.swift */,
				C3551302225B195EACBC7718 /* BlockRowsExtra.swift */,
				5FC41B512D2A1C11C838A229 /* EmbedMetadata.swift */,
				3C53838FEB629D2C322C1E9F /* EmbedRowView.swift */,
			);
			path = Blocks;
			sourceTree = "<group>";
		};
		990E3BE54B5E7DA3FFC7AE48 /* Document */ = {
			isa = PBXGroup;
			children = (
				90D9CC2C3F61C59405E4C3C6 /* Blocks */,
				08895E7793EC63864AA7EA76 /* Editor */,
				7019B3BEE5F336C4EE93E2A0 /* Sheets */,
			);
			path = Document;
			sourceTree = "<group>";
		};
		BDC1F9C83F165B227360E2AB /* Import */ = {
			isa = PBXGroup;
			children = (
				127DC7F3BA7595FF3A94DE9B /* BearImportView.swift */,
				E4CE1B82B64C77244F8BD2A7 /* CraftCombinedImportView.swift */,
				A737C5AB9A5CD05DAA78F9E5 /* CraftTextBundleImportView.swift */,
				1B108BFBF56D23F9E75554C4 /* NotionImportView.swift */,
				C3DF3FB26602684300293BDB /* NotionOAuth2.swift */,
			);
			path = Import;
			sourceTree = "<group>";
		};
		F122F2A1952EFD55C6F7E411 = {
			isa = PBXGroup;
			children = (
				52689657E616B098718D0A67 /* Config */,
				F90891AF98643A801B2DA46B /* pinkha */,
				8FB7F1288CD331FA0F093783 /* Sources */,
				7CE19974FB0E7C2FE24CED36 /* Tests */,
				4494D74BA7F514A78EB8D8AC /* Frameworks */,
				7459E38DDB42FA0567FB08BE /* Products */,
			);
			sourceTree = "<group>";
		};
		F504DCEE1CC55242D677651D /* Views */ = {
			isa = PBXGroup;
			children = (
				3B92239203646879DEDD1FD9 /* DatabaseBoardView.swift */,
				31E2F26E9E41A2DD333CE67C /* DatabaseCalendarView.swift */,
				67C63FC0A00126CC7DD1E3F7 /* DatabaseGalleryView.swift */,
				3CE15965161FC8D6B478B747 /* DatabaseGroupHeader.swift */,
				6AB06C82AFCB67B99CDD92CE /* DatabaseListView.swift */,
				2A44F927166AF063EE55BA19 /* DatabaseTableView.swift */,
			);
			path = Views;
			sourceTree = "<group>";
		};
		F90891AF98643A801B2DA46B /* pinkha */ = {
			isa = PBXGroup;
			children = (
				496752923F54AD2F5D477238 /* swift-bindings */,
			);
			name = pinkha;
			path = ..;
			sourceTree = "<group>";
		};
/* End PBXGroup section */

/* Begin PBXNativeTarget section */
		1682225E1FF720CA9A508B0E /* PinkhaIntegrationTests */ = {
			isa = PBXNativeTarget;
			buildConfigurationList = C66A3119ED20EDAF72F94117 /* Build configuration list for PBXNativeTarget "PinkhaIntegrationTests" */;
			buildPhases = (
				C2C2D0A2B82E496AFC1ADF12 /* Sources */,
			);
			buildRules = (
			);
			dependencies = (
				927F330555739D9EA6AE32DA /* PBXTargetDependency */,
			);
			name = PinkhaIntegrationTests;
			packageProductDependencies = (
			);
			productName = PinkhaIntegrationTests;
			productReference = 989079D332C7B04FEE02C8BC /* PinkhaIntegrationTests.xctest */;
			productType = "com.apple.product-type.bundle.unit-test";
		};
		8C1010FA95FFCFEEE4AF60B9 /* PinkhaUITests */ = {
			isa = PBXNativeTarget;
			buildConfigurationList = 766E005E531098A5CFF3BCDC /* Build configuration list for PBXNativeTarget "PinkhaUITests" */;
			buildPhases = (
				49B187D4AB8B5A36D887B019 /* Sources */,
			);
			buildRules = (
			);
			dependencies = (
				4E6BCB04497B8C41D714F720 /* PBXTargetDependency */,
			);
			name = PinkhaUITests;
			packageProductDependencies = (
			);
			productName = PinkhaUITests;
			productReference = BBCF4EDFC02A470DBC3BA602 /* PinkhaUITests.xctest */;
			productType = "com.apple.product-type.bundle.ui-testing";
		};
		D17CDC21C3448F05002B7131 /* PinkhaTests */ = {
			isa = PBXNativeTarget;
			buildConfigurationList = E506D8A2E05ACC8F63B73873 /* Build configuration list for PBXNativeTarget "PinkhaTests" */;
			buildPhases = (
				DDB8E7046FD3A36994009D3A /* Sources */,
			);
			buildRules = (
			);
			dependencies = (
				BEEC4C3C50F6749665EC95D9 /* PBXTargetDependency */,
			);
			name = PinkhaTests;
			packageProductDependencies = (
			);
			productName = PinkhaTests;
			productReference = 596EB06D81D9723854411FD8 /* PinkhaTests.xctest */;
			productType = "com.apple.product-type.bundle.unit-test";
		};
		EAA7C7AD90A3193951A64D87 /* Pinkha */ = {
			isa = PBXNativeTarget;
			buildConfigurationList = F296389EA5103A5E0CF85924 /* Build configuration list for PBXNativeTarget "Pinkha" */;
			buildPhases = (
				0DFF22B74E173A59AD0F2300 /* Sources */,
				89EFF3485932289DEEF40AEC /* Resources */,
				361BE22DD94B71EEEC5EFB54 /* Frameworks */,
			);
			buildRules = (
			);
			dependencies = (
			);
			name = Pinkha;
			packageProductDependencies = (
				239C11BB7B359FC141B27B3C /* Sentry */,
			);
			productName = Pinkha;
			productReference = A4E2380661E5813755F120A1 /* Pinkha.app */;
			productType = "com.apple.product-type.application";
		};
/* End PBXNativeTarget section */

/* Begin PBXProject section */
		B6B20DC4A0EA8B3E7FC9B64C /* Project object */ = {
			isa = PBXProject;
			attributes = {
				BuildIndependentTargetsInParallel = YES;
				LastUpgradeCheck = 1430;
				TargetAttributes = {
					1682225E1FF720CA9A508B0E = {
						DevelopmentTeam = N49VNC2G57;
					};
					8C1010FA95FFCFEEE4AF60B9 = {
						DevelopmentTeam = N49VNC2G57;
						TestTargetID = EAA7C7AD90A3193951A64D87;
					};
					D17CDC21C3448F05002B7131 = {
						DevelopmentTeam = N49VNC2G57;
					};
					EAA7C7AD90A3193951A64D87 = {
						DevelopmentTeam = N49VNC2G57;
					};
				};
			};
			buildConfigurationList = 745D40AE35FFA2222389F097 /* Build configuration list for PBXProject "Pinkha" */;
			developmentRegion = en;
			hasScannedForEncodings = 0;
			knownRegions = (
				Base,
				en,
				fr,
			);
			mainGroup = F122F2A1952EFD55C6F7E411;
			minimizedProjectReferenceProxies = 1;
			packageReferences = (
				C7825E2281810F2327BF98FF /* XCRemoteSwiftPackageReference "sentry-cocoa" */,
			);
			preferredProjectObjectVersion = 77;
			productRefGroup = 7459E38DDB42FA0567FB08BE /* Products */;
			projectDirPath = "";
			projectRoot = "";
			targets = (
				EAA7C7AD90A3193951A64D87 /* Pinkha */,
				1682225E1FF720CA9A508B0E /* PinkhaIntegrationTests */,
				D17CDC21C3448F05002B7131 /* PinkhaTests */,
				8C1010FA95FFCFEEE4AF60B9 /* PinkhaUITests */,
			);
		};
/* End PBXProject section */

/* Begin PBXResourcesBuildPhase section */
		89EFF3485932289DEEF40AEC /* Resources */ = {
			isa = PBXResourcesBuildPhase;
			buildActionMask = 2147483647;
			files = (
				57155F8A05B7C7EA1ED129AF /* Assets.xcassets in Resources */,
				1687C7C9610D2298A8E55177 /* InfoPlist.xcstrings in Resources */,
				D878D8EB398C5B2F7E67F418 /* Localizable.xcstrings in Resources */,
			);
			runOnlyForDeploymentPostprocessing = 0;
		};
/* End PBXResourcesBuildPhase section */

/* Begin PBXSourcesBuildPhase section */
		0DFF22B74E173A59AD0F2300 /* Sources */ = {
			isa = PBXSourcesBuildPhase;
			buildActionMask = 2147483647;
			files = (
				48F2EA508B9CA1B9034003BC /* AllDocumentsSwitcher.swift in Sources */,
				B44F29957A1D8A27E587259A /* AppDelegate.swift in Sources */,
				A755F6C957C8FF1627DCCCAA /* AppSettings.swift in Sources */,
				3ED8C12B7F94F86A0834A1DE /* AttachDocToDatabaseSheet.swift in Sources */,
				82CBD128F0251D06CF16E4FC /* BearImportView.swift in Sources */,
				5D10E3CF18AB2BBBC4992714 /* BlockRows.swift in Sources */,
				A8613E7E2B077648883D1137 /* BlockRowsExtra.swift in Sources */,
				9201EA73A777A438388BFF10 /* Composer.swift in Sources */,
				4C416DF2D208DC067FC9A9E1 /* ContentView.swift in Sources */,
				FE75E1519D0F20A1DB6448FA /* CoverImageView.swift in Sources */,
				68BC15311DC7E4DACE35F1AC /* CraftCombinedImportView.swift in Sources */,
				CDAFB542D8910694F862A716 /* CraftTextBundleImportView.swift in Sources */,
				408409EF81F137F7B7C5C4C4 /* CreateBubble.swift in Sources */,
				C85F5E99890F7AD69D8D0AA4 /* CreateDocumentSheet.swift in Sources */,
				6DBC19535EFDC5C2ABC2F129 /* DatabaseBoardView.swift in Sources */,
				45E77D792C8C3C628E517056 /* DatabaseCalendarView.swift in Sources */,
				E2E59C5B7F383B830FF1EBB9 /* DatabaseFilterSheet.swift in Sources */,
				D3D565FBC64A7A5D589AF9AD /* DatabaseGalleryView.swift in Sources */,
				27512C6B1A2E5C669BF5B2A4 /* DatabaseGroupHeader.swift in Sources */,
				F3D06349851BB68FFDBB252D /* DatabaseHeader.swift in Sources */,
				5B178E6B0B5EBD3F7DE7E8E5 /* DatabaseListView.swift in Sources */,
				46CB53682242D60469C8EE47 /* DatabasePropertiesSheet.swift in Sources */,
				1DE271E32A5A2713F1789221 /* DatabaseTableView.swift in Sources */,
				3F74498C702B5EAFFEE232A0 /* DatabaseToolbar.swift in Sources */,
				8BC5F7E62E7BD5C734E00D7C /* DatabaseView.swift in Sources */,
				D030E663D697B3BDBAE36FA4 /* DatabaseViewModel.swift in Sources */,
				E92F562B0BC4BFD440E650AF /* DatabasesHomeView.swift in Sources */,
				B6A52FD0809AE2D7C1F66497 /* DocumentDecor.swift in Sources */,
				09B67BE409FE77751012209F /* DocumentPublishDateSheet.swift in Sources */,
				BF1D1D1F67543A167B0D6C01 /* DocumentTitle.swift in Sources */,
				18FE70BD95ECA3B45B396B03 /* DocumentView+BlockCallbacks.swift in Sources */,
				0ADBF05F496F5AE6FBFC1840 /* DocumentView+Toolbar.swift in Sources */,
				A7488A14BA5D34A208227E79 /* DocumentView.swift in Sources */,
				53D6FD6B9460316231F3E345 /* DocumentViewHelpers.swift in Sources */,
				588B9BF7189E81FED95BCED9 /* DocumentViewModel+Blocks.swift in Sources */,
				80DC3F511283AC0E5FB4718C /* DocumentViewModel+Persistence.swift in Sources */,
				942B7E33459721C0FD93D3D6 /* DocumentViewModel+TitleCover.swift in Sources */,
				7F6DC0D4E5B9C5A340452CB6 /* DocumentViewModel+Undo.swift in Sources */,
				EF55B8535B9D42B45F96B1A5 /* DocumentViewModel.swift in Sources */,
				7139F6926983DBB5C04123E9 /* EditableBlock.swift in Sources */,
				1E6606D564D8A474B224BEE6 /* EmbedMetadata.swift in Sources */,
				9AD11420B8F37D7A114A13EC /* EmbedRowView.swift in Sources */,
				20F30ACDC974F9531B4F2872 /* EmojiPicker.swift in Sources */,
				B207B75F33CEA2D5711E25B8 /* ExpandingBlockFAB.swift in Sources */,
				28975716F7613B5F9DAD18AE /* ExpandingTextView.swift in Sources */,
				47F932118B8D0EEDDC83639D /* FolderView.swift in Sources */,
				B61C28CDBA15D0ADD34E430C /* Haptic.swift in Sources */,
				7B0171AC7A15E65F4A60B271 /* InboxView.swift in Sources */,
				BD10E791F92F7E446A2CD758 /* KeyboardSwipeDismiss.swift in Sources */,
				747B9F1E4433D4ADA9815094 /* Keychain.swift in Sources */,
				6B42F9C897912CD6C268761F /* LockToolbarButton.swift in Sources */,
				7C52E3761387AD402A903707 /* MarkdownShortcuts.swift in Sources */,
				061BD0E95B4AF0F5D22FE28A /* MentionBar.swift in Sources */,
				44938C9A776C331C81983D72 /* Models.swift in Sources */,
				9B9A431855E8404A9003314B /* NotesHomeView+Sort.swift in Sources */,
				E73E1D68271106005E63ABAC /* NotesHomeView.swift in Sources */,
				1100FDA7AEB6EF5DB87916B7 /* NotionImportView.swift in Sources */,
				7506795FB142C78DD3F306B4 /* NotionOAuth2.swift in Sources */,
				93D9C5663066A8320AA2B220 /* Observability.swift in Sources */,
				9C56A8C90EE5492F7FD49F24 /* PinkhaApp.swift in Sources */,
				3D2EB438F75FBE9267D39944 /* PinkhaStore.swift in Sources */,
				986DC9E07B7E4321A2794C8A /* PropertyInputRow.swift in Sources */,
				85DF49CBBCBDBFCF76345BAA /* RecentStrip.swift in Sources */,
				35790178FC28CBE4BBC07EB3 /* Resilience.swift in Sources */,
				F64EEC8F5D4FAFC4338B85AB /* RichTextAttributes.swift in Sources */,
				D30ECD6EF037636E91D118D3 /* RichTextConversion.swift in Sources */,
				0076C6026FE6852513D5D504 /* RichTextEditor.swift in Sources */,
				6D96251ADE4D099A372F7FAF /* RichTextEditorCoordinator+Menus.swift in Sources */,
				83C9E87BA287706865F0B7FA /* RichTextEditorCoordinator+Selection.swift in Sources */,
				BFCC98038C229872A833776B /* RichTextEditorCoordinator+Style.swift in Sources */,
				2AF60F327F068C845A054391 /* RichTextEditorCoordinator+Toolbar.swift in Sources */,
				B7AEF4E5B121245C5007896B /* RichTextEditorCoordinator.swift in Sources */,
				4F91BD3CF22F2B3E9F67822F /* SafariSwitcher.swift in Sources */,
				1E40358C3D3EBC63ABA61B93 /* SettingsView.swift in Sources */,
				080E62AC634C6662AE03D666 /* SharedComponents.swift in Sources */,
				CFD9CAB170B0DA057F17F25B /* SplashView.swift in Sources */,
				F408B0625381F22FD4541EFF /* TabManager.swift in Sources */,
				C2830A05849A7E1E6D61D06E /* TabSnapshotCache.swift in Sources */,
				F7F362376754EBFAAE39A6DC /* TrashView.swift in Sources */,
				60A09E44A2C02CD59C1C08BE /* UIKitContextMenu.swift in Sources */,
				AE87A7ACA3C04AB5DA110E8B /* WorkspaceRow.swift in Sources */,
				296FB70CAACBC2BB01F1B402 /* pinkha.swift in Sources */,
			);
			runOnlyForDeploymentPostprocessing = 0;
		};
		49B187D4AB8B5A36D887B019 /* Sources */ = {
			isa = PBXSourcesBuildPhase;
			buildActionMask = 2147483647;
			files = (
				BEA49A960162E98F792D98C6 /* BlockPickerUITests.swift in Sources */,
				4BA75C93F895BE5EE4307A17 /* EmptyStateUITests.swift in Sources */,
				406025C2132BC8574ADDE87F /* HomeScreenUITests.swift in Sources */,
				1A4DEC54505A2348CADF2CD6 /* ImportUITests.swift in Sources */,
				048E816F4477212B390A9656 /* SeededDataUITests.swift in Sources */,
				599105D6197DADEB981F1275 /* SwipeDeleteUITests.swift in Sources */,
			);
			runOnlyForDeploymentPostprocessing = 0;
		};
		C2C2D0A2B82E496AFC1ADF12 /* Sources */ = {
			isa = PBXSourcesBuildPhase;
			buildActionMask = 2147483647;
			files = (
				4190B41652DB9D8C9534AD12 /* BlockHierarchyTests.swift in Sources */,
				A56785ADE2F127B5EBA0AAB7 /* BlockOpsTests.swift in Sources */,
				32C8426F08A11B36F8D34425 /* ColorPersistenceTests.swift in Sources */,
				6037AF533565A18E60760F2C /* ConcurrencyTests.swift in Sources */,
				E368FE7BD750360550B347BD /* CoverImageTests.swift in Sources */,
				8EDE253B7197FBC5C68EBBE1 /* DatabaseApiTests.swift in Sources */,
				8F3D3AF599C0AA8C7432F385 /* DatabaseEntitiesTests.swift in Sources */,
				70E5381BE9FC61F70FFF8428 /* DatabaseQueriesTests.swift in Sources */,
				3EBA03AE2968EAF33B020A89 /* DatabaseViewModelTests.swift in Sources */,
				510DD50589C1252C2F8253A6 /* DocumentApiTests.swift in Sources */,
				EDF95358CEFF04EA6FF47BB7 /* DocumentViewModelTests.swift in Sources */,
				16243F8C7FD79BEBE5E8B475 /* EdgeCasesTests.swift in Sources */,
				806AD95333900E5770567ECB /* EdgeOpsTests.swift in Sources */,
				155B0A7C57DD6BC320421DBB /* ImportIntegrationTests.swift in Sources */,
				9E488110AB0BE3931273EEA6 /* PerformanceTests.swift in Sources */,
				F1F32310563BE3298EAF023A /* PersistenceTests.swift in Sources */,
				29937B07CEA589F05F3C64D1 /* ResilienceFFITests.swift in Sources */,
				F79CCC9032083583516E9A36 /* SearchTests.swift in Sources */,
				D94EA417E488B890F0BC3AAA /* VMErrorHandlingTests.swift in Sources */,
			);
			runOnlyForDeploymentPostprocessing = 0;
		};
		DDB8E7046FD3A36994009D3A /* Sources */ = {
			isa = PBXSourcesBuildPhase;
			buildActionMask = 2147483647;
			files = (
				0D09EEB6D1A6381EEA6CF030 /* AttributedRoundTripTests.swift in Sources */,
				8D5FA2C87A10F1A5515A71FF /* BlockContentFfiTests.swift in Sources */,
				27212F96EDE1DB2A69E5DC8A /* CodableRoundTripTests.swift in Sources */,
				6A61F7F6FC09488712F87FD4 /* DatabaseModelsTests.swift in Sources */,
				98E9AD73AC0F4AF81E73D662 /* EditableBlockTests.swift in Sources */,
				32A58C6A3B2306C8C71716E2 /* FontHelpersTests.swift in Sources */,
				7730782D87144200F2C2467F /* HelpersTests.swift in Sources */,
				6F1BED5AF109B8A559654E40 /* MalformedJSONTests.swift in Sources */,
				2F4DBAA7D9DAC41973B02B81 /* MarkdownShortcutTests.swift in Sources */,
				39EC996E337D7668192E46B0 /* ModelsTests.swift in Sources */,
				CADF13DFAEACD69368156D23 /* NotionOAuth2Tests.swift in Sources */,
				5898D72B50B77D1D3DBB9008 /* ObservabilityTests.swift in Sources */,
				55606C176FE32C3B95C91293 /* ResilienceTests.swift in Sources */,
			);
			runOnlyForDeploymentPostprocessing = 0;
		};
/* End PBXSourcesBuildPhase section */

/* Begin PBXTargetDependency section */
		4E6BCB04497B8C41D714F720 /* PBXTargetDependency */ = {
			isa = PBXTargetDependency;
			target = EAA7C7AD90A3193951A64D87 /* Pinkha */;
			targetProxy = 3F6322727DEA3746AEE58BE4 /* PBXContainerItemProxy */;
		};
		927F330555739D9EA6AE32DA /* PBXTargetDependency */ = {
			isa = PBXTargetDependency;
			target = EAA7C7AD90A3193951A64D87 /* Pinkha */;
			targetProxy = 82CA7FAA1D026B153516741A /* PBXContainerItemProxy */;
		};
		BEEC4C3C50F6749665EC95D9 /* PBXTargetDependency */ = {
			isa = PBXTargetDependency;
			target = EAA7C7AD90A3193951A64D87 /* Pinkha */;
			targetProxy = B1879F3C09CA1C2D142C9F1A /* PBXContainerItemProxy */;
		};
/* End PBXTargetDependency section */

/* Begin XCBuildConfiguration section */
		1C540A5CE0F83E920BB14DAF /* Release */ = {
			isa = XCBuildConfiguration;
			baseConfigurationReference = BAE708B54C4D296BE09E399D /* Secrets.xcconfig */;
			buildSettings = {
				ASSETCATALOG_COMPILER_APPICON_NAME = AppIcon;
				CODE_SIGN_IDENTITY = "iPhone Developer";
				DEVELOPMENT_TEAM = N49VNC2G57;
				"EXCLUDED_ARCHS[sdk=iphonesimulator*]" = x86_64;
				FRAMEWORK_SEARCH_PATHS = (
					"$(inherited)",
					"\"..\"",
				);
				INFOPLIST_FILE = Sources/Info.plist;
				IPHONEOS_DEPLOYMENT_TARGET = 26.0;
				LD_RUNPATH_SEARCH_PATHS = (
					"$(inherited)",
					"@executable_path/Frameworks",
				);
				OTHER_LDFLAGS = "$(inherited) -lc++";
				PRODUCT_BUNDLE_IDENTIFIER = com.gloiiire.pinkha;
				SDKROOT = iphoneos;
				SWIFT_VERSION = 5.0;
				TARGETED_DEVICE_FAMILY = "1,2";
			};
			name = Release;
		};
		43A4D4169987536FE61137E7 /* Release */ = {
			isa = XCBuildConfiguration;
			buildSettings = {
				BUNDLE_LOADER = "$(TEST_HOST)";
				DEVELOPMENT_TEAM = N49VNC2G57;
				GENERATE_INFOPLIST_FILE = YES;
				IPHONEOS_DEPLOYMENT_TARGET = 26.0;
				LD_RUNPATH_SEARCH_PATHS = (
					"$(inherited)",
					"@executable_path/Frameworks",
					"@loader_path/Frameworks",
				);
				PRODUCT_BUNDLE_IDENTIFIER = com.gloiiire.pinkha.integration;
				SDKROOT = iphoneos;
				SWIFT_VERSION = 5.0;
				TARGETED_DEVICE_FAMILY = "1,2";
				TEST_HOST = "$(BUILT_PRODUCTS_DIR)/Pinkha.app/Pinkha";
			};
			name = Release;
		};
		474E762450622F54CA598DC9 /* Debug */ = {
			isa = XCBuildConfiguration;
			baseConfigurationReference = BAE708B54C4D296BE09E399D /* Secrets.xcconfig */;
			buildSettings = {
				ASSETCATALOG_COMPILER_APPICON_NAME = AppIcon;
				CODE_SIGN_IDENTITY = "iPhone Developer";
				DEVELOPMENT_TEAM = N49VNC2G57;
				ENABLE_TESTABILITY = YES;
				"EXCLUDED_ARCHS[sdk=iphonesimulator*]" = x86_64;
				FRAMEWORK_SEARCH_PATHS = (
					"$(inherited)",
					"\"..\"",
				);
				INFOPLIST_FILE = Sources/Info.plist;
				IPHONEOS_DEPLOYMENT_TARGET = 26.0;
				LD_RUNPATH_SEARCH_PATHS = (
					"$(inherited)",
					"@executable_path/Frameworks",
				);
				OTHER_LDFLAGS = "$(inherited) -lc++";
				PRODUCT_BUNDLE_IDENTIFIER = com.gloiiire.pinkha;
				SDKROOT = iphoneos;
				SWIFT_VERSION = 5.0;
				TARGETED_DEVICE_FAMILY = "1,2";
			};
			name = Debug;
		};
		5543A8177AA4707C15ADA939 /* Debug */ = {
			isa = XCBuildConfiguration;
			buildSettings = {
				BUNDLE_LOADER = "$(TEST_HOST)";
				DEVELOPMENT_TEAM = N49VNC2G57;
				GENERATE_INFOPLIST_FILE = YES;
				IPHONEOS_DEPLOYMENT_TARGET = 26.0;
				LD_RUNPATH_SEARCH_PATHS = (
					"$(inherited)",
					"@executable_path/Frameworks",
					"@loader_path/Frameworks",
				);
				PRODUCT_BUNDLE_IDENTIFIER = com.gloiiire.pinkha.uitests;
				SDKROOT = iphoneos;
				SWIFT_VERSION = 5.0;
				TARGETED_DEVICE_FAMILY = "1,2";
				TEST_TARGET_NAME = Pinkha;
			};
			name = Debug;
		};
		6B43E789E65544028800DB00 /* Release */ = {
			isa = XCBuildConfiguration;
			buildSettings = {
				BUNDLE_LOADER = "$(TEST_HOST)";
				DEVELOPMENT_TEAM = N49VNC2G57;
				GENERATE_INFOPLIST_FILE = YES;
				IPHONEOS_DEPLOYMENT_TARGET = 26.0;
				LD_RUNPATH_SEARCH_PATHS = (
					"$(inherited)",
					"@executable_path/Frameworks",
					"@loader_path/Frameworks",
				);
				PRODUCT_BUNDLE_IDENTIFIER = com.gloiiire.pinkha.uitests;
				SDKROOT = iphoneos;
				SWIFT_VERSION = 5.0;
				TARGETED_DEVICE_FAMILY = "1,2";
				TEST_TARGET_NAME = Pinkha;
			};
			name = Release;
		};
		6C0D111AE07521602F9205FC /* Release */ = {
			isa = XCBuildConfiguration;
			buildSettings = {
				BUNDLE_LOADER = "$(TEST_HOST)";
				DEVELOPMENT_TEAM = N49VNC2G57;
				GENERATE_INFOPLIST_FILE = YES;
				IPHONEOS_DEPLOYMENT_TARGET = 26.0;
				LD_RUNPATH_SEARCH_PATHS = (
					"$(inherited)",
					"@executable_path/Frameworks",
					"@loader_path/Frameworks",
				);
				PRODUCT_BUNDLE_IDENTIFIER = com.gloiiire.pinkha.tests;
				SDKROOT = iphoneos;
				SWIFT_VERSION = 5.0;
				TARGETED_DEVICE_FAMILY = "1,2";
				TEST_HOST = "$(BUILT_PRODUCTS_DIR)/Pinkha.app/Pinkha";
			};
			name = Release;
		};
		93FAA69A5D5533A4FE2AABE5 /* Release */ = {
			isa = XCBuildConfiguration;
			buildSettings = {
				ALWAYS_SEARCH_USER_PATHS = NO;
				CLANG_ANALYZER_NONNULL = YES;
				CLANG_ANALYZER_NUMBER_OBJECT_CONVERSION = YES_AGGRESSIVE;
				CLANG_CXX_LANGUAGE_STANDARD = "gnu++14";
				CLANG_CXX_LIBRARY = "libc++";
				CLANG_ENABLE_MODULES = YES;
				CLANG_ENABLE_OBJC_ARC = YES;
				CLANG_ENABLE_OBJC_WEAK = YES;
				CLANG_WARN_BLOCK_CAPTURE_AUTORELEASING = YES;
				CLANG_WARN_BOOL_CONVERSION = YES;
				CLANG_WARN_COMMA = YES;
				CLANG_WARN_CONSTANT_CONVERSION = YES;
				CLANG_WARN_DEPRECATED_OBJC_IMPLEMENTATIONS = YES;
				CLANG_WARN_DIRECT_OBJC_ISA_USAGE = YES_ERROR;
				CLANG_WARN_DOCUMENTATION_COMMENTS = YES;
				CLANG_WARN_EMPTY_BODY = YES;
				CLANG_WARN_ENUM_CONVERSION = YES;
				CLANG_WARN_INFINITE_RECURSION = YES;
				CLANG_WARN_INT_CONVERSION = YES;
				CLANG_WARN_NON_LITERAL_NULL_CONVERSION = YES;
				CLANG_WARN_OBJC_IMPLICIT_RETAIN_SELF = YES;
				CLANG_WARN_OBJC_LITERAL_CONVERSION = YES;
				CLANG_WARN_OBJC_ROOT_CLASS = YES_ERROR;
				CLANG_WARN_QUOTED_INCLUDE_IN_FRAMEWORK_HEADER = YES;
				CLANG_WARN_RANGE_LOOP_ANALYSIS = YES;
				CLANG_WARN_STRICT_PROTOTYPES = YES;
				CLANG_WARN_SUSPICIOUS_MOVE = YES;
				CLANG_WARN_UNGUARDED_AVAILABILITY = YES_AGGRESSIVE;
				CLANG_WARN_UNREACHABLE_CODE = YES;
				CLANG_WARN__DUPLICATE_METHOD_MATCH = YES;
				COPY_PHASE_STRIP = NO;
				DEBUG_INFORMATION_FORMAT = "dwarf-with-dsym";
				ENABLE_NS_ASSERTIONS = NO;
				ENABLE_STRICT_OBJC_MSGSEND = YES;
				"EXCLUDED_ARCHS[sdk=iphonesimulator*]" = x86_64;
				GCC_C_LANGUAGE_STANDARD = gnu11;
				GCC_NO_COMMON_BLOCKS = YES;
				GCC_WARN_64_TO_32_BIT_CONVERSION = YES;
				GCC_WARN_ABOUT_RETURN_TYPE = YES_ERROR;
				GCC_WARN_UNDECLARED_SELECTOR = YES;
				GCC_WARN_UNINITIALIZED_AUTOS = YES_AGGRESSIVE;
				GCC_WARN_UNUSED_FUNCTION = YES;
				GCC_WARN_UNUSED_VARIABLE = YES;
				IPHONEOS_DEPLOYMENT_TARGET = 26.0;
				MTL_ENABLE_DEBUG_INFO = NO;
				MTL_FAST_MATH = YES;
				PRODUCT_NAME = "$(TARGET_NAME)";
				SDKROOT = iphoneos;
				SWIFT_COMPILATION_MODE = wholemodule;
				SWIFT_OPTIMIZATION_LEVEL = "-O";
				SWIFT_VERSION = 5.0;
			};
			name = Release;
		};
		94CD7D5DFEB9420FE5C840BC /* Debug */ = {
			isa = XCBuildConfiguration;
			buildSettings = {
				BUNDLE_LOADER = "$(TEST_HOST)";
				DEVELOPMENT_TEAM = N49VNC2G57;
				GENERATE_INFOPLIST_FILE = YES;
				IPHONEOS_DEPLOYMENT_TARGET = 26.0;
				LD_RUNPATH_SEARCH_PATHS = (
					"$(inherited)",
					"@executable_path/Frameworks",
					"@loader_path/Frameworks",
				);
				PRODUCT_BUNDLE_IDENTIFIER = com.gloiiire.pinkha.tests;
				SDKROOT = iphoneos;
				SWIFT_VERSION = 5.0;
				TARGETED_DEVICE_FAMILY = "1,2";
				TEST_HOST = "$(BUILT_PRODUCTS_DIR)/Pinkha.app/Pinkha";
			};
			name = Debug;
		};
		BEE11839D6FAF53971A3C8CD /* Debug */ = {
			isa = XCBuildConfiguration;
			buildSettings = {
				BUNDLE_LOADER = "$(TEST_HOST)";
				DEVELOPMENT_TEAM = N49VNC2G57;
				GENERATE_INFOPLIST_FILE = YES;
				IPHONEOS_DEPLOYMENT_TARGET = 26.0;
				LD_RUNPATH_SEARCH_PATHS = (
					"$(inherited)",
					"@executable_path/Frameworks",
					"@loader_path/Frameworks",
				);
				PRODUCT_BUNDLE_IDENTIFIER = com.gloiiire.pinkha.integration;
				SDKROOT = iphoneos;
				SWIFT_VERSION = 5.0;
				TARGETED_DEVICE_FAMILY = "1,2";
				TEST_HOST = "$(BUILT_PRODUCTS_DIR)/Pinkha.app/Pinkha";
			};
			name = Debug;
		};
		DFACE75F9A7E2DC1FC5D8F87 /* Debug */ = {
			isa = XCBuildConfiguration;
			buildSettings = {
				ALWAYS_SEARCH_USER_PATHS = NO;
				CLANG_ANALYZER_NONNULL = YES;
				CLANG_ANALYZER_NUMBER_OBJECT_CONVERSION = YES_AGGRESSIVE;
				CLANG_CXX_LANGUAGE_STANDARD = "gnu++14";
				CLANG_CXX_LIBRARY = "libc++";
				CLANG_ENABLE_MODULES = YES;
				CLANG_ENABLE_OBJC_ARC = YES;
				CLANG_ENABLE_OBJC_WEAK = YES;
				CLANG_WARN_BLOCK_CAPTURE_AUTORELEASING = YES;
				CLANG_WARN_BOOL_CONVERSION = YES;
				CLANG_WARN_COMMA = YES;
				CLANG_WARN_CONSTANT_CONVERSION = YES;
				CLANG_WARN_DEPRECATED_OBJC_IMPLEMENTATIONS = YES;
				CLANG_WARN_DIRECT_OBJC_ISA_USAGE = YES_ERROR;
				CLANG_WARN_DOCUMENTATION_COMMENTS = YES;
				CLANG_WARN_EMPTY_BODY = YES;
				CLANG_WARN_ENUM_CONVERSION = YES;
				CLANG_WARN_INFINITE_RECURSION = YES;
				CLANG_WARN_INT_CONVERSION = YES;
				CLANG_WARN_NON_LITERAL_NULL_CONVERSION = YES;
				CLANG_WARN_OBJC_IMPLICIT_RETAIN_SELF = YES;
				CLANG_WARN_OBJC_LITERAL_CONVERSION = YES;
				CLANG_WARN_OBJC_ROOT_CLASS = YES_ERROR;
				CLANG_WARN_QUOTED_INCLUDE_IN_FRAMEWORK_HEADER = YES;
				CLANG_WARN_RANGE_LOOP_ANALYSIS = YES;
				CLANG_WARN_STRICT_PROTOTYPES = YES;
				CLANG_WARN_SUSPICIOUS_MOVE = YES;
				CLANG_WARN_UNGUARDED_AVAILABILITY = YES_AGGRESSIVE;
				CLANG_WARN_UNREACHABLE_CODE = YES;
				CLANG_WARN__DUPLICATE_METHOD_MATCH = YES;
				COPY_PHASE_STRIP = NO;
				DEBUG_INFORMATION_FORMAT = dwarf;
				ENABLE_STRICT_OBJC_MSGSEND = YES;
				ENABLE_TESTABILITY = YES;
				"EXCLUDED_ARCHS[sdk=iphonesimulator*]" = x86_64;
				GCC_C_LANGUAGE_STANDARD = gnu11;
				GCC_DYNAMIC_NO_PIC = NO;
				GCC_NO_COMMON_BLOCKS = YES;
				GCC_OPTIMIZATION_LEVEL = 0;
				GCC_PREPROCESSOR_DEFINITIONS = (
					"$(inherited)",
					"DEBUG=1",
				);
				GCC_WARN_64_TO_32_BIT_CONVERSION = YES;
				GCC_WARN_ABOUT_RETURN_TYPE = YES_ERROR;
				GCC_WARN_UNDECLARED_SELECTOR = YES;
				GCC_WARN_UNINITIALIZED_AUTOS = YES_AGGRESSIVE;
				GCC_WARN_UNUSED_FUNCTION = YES;
				GCC_WARN_UNUSED_VARIABLE = YES;
				IPHONEOS_DEPLOYMENT_TARGET = 26.0;
				MTL_ENABLE_DEBUG_INFO = INCLUDE_SOURCE;
				MTL_FAST_MATH = YES;
				ONLY_ACTIVE_ARCH = YES;
				PRODUCT_NAME = "$(TARGET_NAME)";
				SDKROOT = iphoneos;
				SWIFT_ACTIVE_COMPILATION_CONDITIONS = DEBUG;
				SWIFT_OPTIMIZATION_LEVEL = "-Onone";
				SWIFT_VERSION = 5.0;
			};
			name = Debug;
		};
/* End XCBuildConfiguration section */

/* Begin XCConfigurationList section */
		745D40AE35FFA2222389F097 /* Build configuration list for PBXProject "Pinkha" */ = {
			isa = XCConfigurationList;
			buildConfigurations = (
				DFACE75F9A7E2DC1FC5D8F87 /* Debug */,
				93FAA69A5D5533A4FE2AABE5 /* Release */,
			);
			defaultConfigurationIsVisible = 0;
			defaultConfigurationName = Debug;
		};
		766E005E531098A5CFF3BCDC /* Build configuration list for PBXNativeTarget "PinkhaUITests" */ = {
			isa = XCConfigurationList;
			buildConfigurations = (
				5543A8177AA4707C15ADA939 /* Debug */,
				6B43E789E65544028800DB00 /* Release */,
			);
			defaultConfigurationIsVisible = 0;
			defaultConfigurationName = Debug;
		};
		C66A3119ED20EDAF72F94117 /* Build configuration list for PBXNativeTarget "PinkhaIntegrationTests" */ = {
			isa = XCConfigurationList;
			buildConfigurations = (
				BEE11839D6FAF53971A3C8CD /* Debug */,
				43A4D4169987536FE61137E7 /* Release */,
			);
			defaultConfigurationIsVisible = 0;
			defaultConfigurationName = Debug;
		};
		E506D8A2E05ACC8F63B73873 /* Build configuration list for PBXNativeTarget "PinkhaTests" */ = {
			isa = XCConfigurationList;
			buildConfigurations = (
				94CD7D5DFEB9420FE5C840BC /* Debug */,
				6C0D111AE07521602F9205FC /* Release */,
			);
			defaultConfigurationIsVisible = 0;
			defaultConfigurationName = Debug;
		};
		F296389EA5103A5E0CF85924 /* Build configuration list for PBXNativeTarget "Pinkha" */ = {
			isa = XCConfigurationList;
			buildConfigurations = (
				474E762450622F54CA598DC9 /* Debug */,
				1C540A5CE0F83E920BB14DAF /* Release */,
			);
			defaultConfigurationIsVisible = 0;
			defaultConfigurationName = Debug;
		};
/* End XCConfigurationList section */

/* Begin XCRemoteSwiftPackageReference section */
		C7825E2281810F2327BF98FF /* XCRemoteSwiftPackageReference "sentry-cocoa" */ = {
			isa = XCRemoteSwiftPackageReference;
			repositoryURL = "https://github.com/getsentry/sentry-cocoa";
			requirement = {
				kind = upToNextMajorVersion;
				minimumVersion = 8.49.0;
			};
		};
/* End XCRemoteSwiftPackageReference section */

/* Begin XCSwiftPackageProductDependency section */
		239C11BB7B359FC141B27B3C /* Sentry */ = {
			isa = XCSwiftPackageProductDependency;
			package = C7825E2281810F2327BF98FF /* XCRemoteSwiftPackageReference "sentry-cocoa" */;
			productName = Sentry;
		};
/* End XCSwiftPackageProductDependency section */
	};
	rootObject = B6B20DC4A0EA8B3E7FC9B64C /* Project object */;
}
