// !$*UTF8*$!
{
	archiveVersion = 1;
	classes = {
	};
	objectVersion = 77;
	objects = {

/* Begin PBXBuildFile section */
		0B6B081CC9497DC8621A0384 /* AttributedRoundTripTests.swift in Sources */ = {isa = PBXBuildFile; fileRef = 432A43577995128EAF0870EF /* AttributedRoundTripTests.swift */; };
		0C1E1C8AD11759625F837CD4 /* MarkdownShortcutTests.swift in Sources */ = {isa = PBXBuildFile; fileRef = 3B9DFCD117F0D67067513AF4 /* MarkdownShortcutTests.swift */; };
		10192E1DF36988E71B726941 /* ContentView.swift in Sources */ = {isa = PBXBuildFile; fileRef = B8C376A241CCD334055F01CB /* ContentView.swift */; };
		1240A2D9E3F2A5AC18D51ACB /* PersistenceTests.swift in Sources */ = {isa = PBXBuildFile; fileRef = AB5C4CC442340B4BBFA8DC7C /* PersistenceTests.swift */; };
		1D1DD07C0EFEDECD11786079 /* HomeScreenUITests.swift in Sources */ = {isa = PBXBuildFile; fileRef = DA8725F0F0F35A74E2885BF3 /* HomeScreenUITests.swift */; };
		2262FF7F0F8E6AFF5773214D /* VMErrorHandlingTests.swift in Sources */ = {isa = PBXBuildFile; fileRef = F3F25D904DFA118FF322FA9E /* VMErrorHandlingTests.swift */; };
		273634F9619099760E720D72 /* ColorPersistenceTests.swift in Sources */ = {isa = PBXBuildFile; fileRef = 57832BB85495E1DBBAC6C32D /* ColorPersistenceTests.swift */; };
		2AFFBCC5D77E6BCE8E855942 /* Resilience.swift in Sources */ = {isa = PBXBuildFile; fileRef = D9F5A78072F05AA576874C58 /* Resilience.swift */; };
		32CB7DE2D5E0652A08492D42 /* chaqaq.xcframework in Frameworks */ = {isa = PBXBuildFile; fileRef = C2897833B5B3685586CACEB6 /* chaqaq.xcframework */; };
		49A30335803C8A3917EF15DD /* EditableBlockTests.swift in Sources */ = {isa = PBXBuildFile; fileRef = 2F3CBDF14C84002A72362594 /* EditableBlockTests.swift */; };
		50192AB12E752AA13B3F69B5 /* CodableRoundTripTests.swift in Sources */ = {isa = PBXBuildFile; fileRef = B7D590DABED7E2CDD49B2E4F /* CodableRoundTripTests.swift */; };
		53CCE657117895E542F4C775 /* SearchTests.swift in Sources */ = {isa = PBXBuildFile; fileRef = 67FD67E49E7454C8A158DE22 /* SearchTests.swift */; };
		566B7A21337531D883EC7E98 /* HelpersTests.swift in Sources */ = {isa = PBXBuildFile; fileRef = BB5EBAC510475F3D4181D142 /* HelpersTests.swift */; };
		5AD9BF95B63F3CC6C1163107 /* DatabaseApiTests.swift in Sources */ = {isa = PBXBuildFile; fileRef = 8B6B5EA5219F0422733302C5 /* DatabaseApiTests.swift */; };
		60A5045396792C4FD55B3526 /* CreateDocumentFlowTests.swift in Sources */ = {isa = PBXBuildFile; fileRef = F3BD3DEA551FDF139D7CF4C7 /* CreateDocumentFlowTests.swift */; };
		611B587BA01844FC23C1CDB6 /* DocumentEditorUITests.swift in Sources */ = {isa = PBXBuildFile; fileRef = 154B3AE20F89F5C7DB50D9FC /* DocumentEditorUITests.swift */; };
		6852346BA35475CD2310283F /* ResilienceTests.swift in Sources */ = {isa = PBXBuildFile; fileRef = F3D5F7C753720610A7AE2EBA /* ResilienceTests.swift */; };
		8751D1C7EF9DCA4901C58456 /* chaqaq.swift in Sources */ = {isa = PBXBuildFile; fileRef = D11598236B0E33C53528220E /* chaqaq.swift */; };
		8D6AC9E782AD4A9965B94718 /* EdgeCasesTests.swift in Sources */ = {isa = PBXBuildFile; fileRef = D852776D49D4F06F13B51597 /* EdgeCasesTests.swift */; };
		94766EC0131DB557DB393722 /* RichTextEditor.swift in Sources */ = {isa = PBXBuildFile; fileRef = 468510DC930C6616110EE478 /* RichTextEditor.swift */; };
		A8148D81C3FC1CEECBF51E48 /* ModelsTests.swift in Sources */ = {isa = PBXBuildFile; fileRef = DE0D5EF3410EEA5D9A1D6808 /* ModelsTests.swift */; };
		B13BAFE8F8B712E9FC544354 /* SeededDataUITests.swift in Sources */ = {isa = PBXBuildFile; fileRef = 8D29F1324B9C40EC592CF5FB /* SeededDataUITests.swift */; };
		B2CE43ADC5AE0E594AE37B88 /* ResilienceFFITests.swift in Sources */ = {isa = PBXBuildFile; fileRef = DC19F4873E2FB0D3F59FC174 /* ResilienceFFITests.swift */; };
		B4E6EB2D7A6D475F93A081E8 /* ConcurrencyTests.swift in Sources */ = {isa = PBXBuildFile; fileRef = 93CE3D689ED3556BECE4B34B /* ConcurrencyTests.swift */; };
		C17337002B16D605DFB278E5 /* Assets.xcassets in Resources */ = {isa = PBXBuildFile; fileRef = 61FAF4827B7007C56EF3A1F9 /* Assets.xcassets */; };
		CB742789018700DFCDE5D6E6 /* DocumentApiTests.swift in Sources */ = {isa = PBXBuildFile; fileRef = 360E322DAC690D96965C457C /* DocumentApiTests.swift */; };
		D21CF0FB8443FCF3AE5B634E /* Models.swift in Sources */ = {isa = PBXBuildFile; fileRef = 7B37195EE5E973F6B64A028A /* Models.swift */; };
		E291D8DF01FD7DBFF1E382F6 /* DocumentViewModelTests.swift in Sources */ = {isa = PBXBuildFile; fileRef = F1F401B4D9863428B73BF78E /* DocumentViewModelTests.swift */; };
		EB303519C033E0CEB4CF7DAC /* ChaqaqApp.swift in Sources */ = {isa = PBXBuildFile; fileRef = 6A3054081BFBDCD9AFC2D855 /* ChaqaqApp.swift */; };
		EBEE393B64CA85A6759B89B6 /* BlockOpsTests.swift in Sources */ = {isa = PBXBuildFile; fileRef = BE9CD40AE5421DE56199DAB9 /* BlockOpsTests.swift */; };
		EFEE8799F9AD12810344543E /* DocumentView.swift in Sources */ = {isa = PBXBuildFile; fileRef = 6FD048133513A5E55DEE58E3 /* DocumentView.swift */; };
/* End PBXBuildFile section */

/* Begin PBXContainerItemProxy section */
		2F90C74A36A316F03305A859 /* PBXContainerItemProxy */ = {
			isa = PBXContainerItemProxy;
			containerPortal = 9F1EB934F0F2890C1F8E3B35 /* Project object */;
			proxyType = 1;
			remoteGlobalIDString = 1BAC28065CC3998F303FB401;
			remoteInfo = Chaqaq;
		};
		5619600F752AD25C38B6D46D /* PBXContainerItemProxy */ = {
			isa = PBXContainerItemProxy;
			containerPortal = 9F1EB934F0F2890C1F8E3B35 /* Project object */;
			proxyType = 1;
			remoteGlobalIDString = 1BAC28065CC3998F303FB401;
			remoteInfo = Chaqaq;
		};
		7115EA8F38A709FCE02E770D /* PBXContainerItemProxy */ = {
			isa = PBXContainerItemProxy;
			containerPortal = 9F1EB934F0F2890C1F8E3B35 /* Project object */;
			proxyType = 1;
			remoteGlobalIDString = 1BAC28065CC3998F303FB401;
			remoteInfo = Chaqaq;
		};
/* End PBXContainerItemProxy section */

/* Begin PBXFileReference section */
		154B3AE20F89F5C7DB50D9FC /* DocumentEditorUITests.swift */ = {isa = PBXFileReference; lastKnownFileType = sourcecode.swift; path = DocumentEditorUITests.swift; sourceTree = "<group>"; };
		2F3CBDF14C84002A72362594 /* EditableBlockTests.swift */ = {isa = PBXFileReference; lastKnownFileType = sourcecode.swift; path = EditableBlockTests.swift; sourceTree = "<group>"; };
		30E08CB89B3F79766A108177 /* Info.plist */ = {isa = PBXFileReference; lastKnownFileType = text.plist; path = Info.plist; sourceTree = "<group>"; };
		360E322DAC690D96965C457C /* DocumentApiTests.swift */ = {isa = PBXFileReference; lastKnownFileType = sourcecode.swift; path = DocumentApiTests.swift; sourceTree = "<group>"; };
		3B9DFCD117F0D67067513AF4 /* MarkdownShortcutTests.swift */ = {isa = PBXFileReference; lastKnownFileType = sourcecode.swift; path = MarkdownShortcutTests.swift; sourceTree = "<group>"; };
		4029840F37F43A8D8340DFFD /* ChaqaqTests.xctest */ = {isa = PBXFileReference; includeInIndex = 0; lastKnownFileType = wrapper.cfbundle; path = ChaqaqTests.xctest; sourceTree = BUILT_PRODUCTS_DIR; };
		432A43577995128EAF0870EF /* AttributedRoundTripTests.swift */ = {isa = PBXFileReference; lastKnownFileType = sourcecode.swift; path = AttributedRoundTripTests.swift; sourceTree = "<group>"; };
		4422FAB015F50295362A6D42 /* ChaqaqIntegrationTests.xctest */ = {isa = PBXFileReference; includeInIndex = 0; lastKnownFileType = wrapper.cfbundle; path = ChaqaqIntegrationTests.xctest; sourceTree = BUILT_PRODUCTS_DIR; };
		468510DC930C6616110EE478 /* RichTextEditor.swift */ = {isa = PBXFileReference; lastKnownFileType = sourcecode.swift; path = RichTextEditor.swift; sourceTree = "<group>"; };
		57832BB85495E1DBBAC6C32D /* ColorPersistenceTests.swift */ = {isa = PBXFileReference; lastKnownFileType = sourcecode.swift; path = ColorPersistenceTests.swift; sourceTree = "<group>"; };
		61FAF4827B7007C56EF3A1F9 /* Assets.xcassets */ = {isa = PBXFileReference; lastKnownFileType = folder.assetcatalog; path = Assets.xcassets; sourceTree = "<group>"; };
		67FD67E49E7454C8A158DE22 /* SearchTests.swift */ = {isa = PBXFileReference; lastKnownFileType = sourcecode.swift; path = SearchTests.swift; sourceTree = "<group>"; };
		6A3054081BFBDCD9AFC2D855 /* ChaqaqApp.swift */ = {isa = PBXFileReference; lastKnownFileType = sourcecode.swift; path = ChaqaqApp.swift; sourceTree = "<group>"; };
		6FD048133513A5E55DEE58E3 /* DocumentView.swift */ = {isa = PBXFileReference; lastKnownFileType = sourcecode.swift; path = DocumentView.swift; sourceTree = "<group>"; };
		7B37195EE5E973F6B64A028A /* Models.swift */ = {isa = PBXFileReference; lastKnownFileType = sourcecode.swift; path = Models.swift; sourceTree = "<group>"; };
		81B9A0DC80F9A91D0EC3FAA8 /* ChaqaqUITests.xctest */ = {isa = PBXFileReference; includeInIndex = 0; lastKnownFileType = wrapper.cfbundle; path = ChaqaqUITests.xctest; sourceTree = BUILT_PRODUCTS_DIR; };
		8B6B5EA5219F0422733302C5 /* DatabaseApiTests.swift */ = {isa = PBXFileReference; lastKnownFileType = sourcecode.swift; path = DatabaseApiTests.swift; sourceTree = "<group>"; };
		8D29F1324B9C40EC592CF5FB /* SeededDataUITests.swift */ = {isa = PBXFileReference; lastKnownFileType = sourcecode.swift; path = SeededDataUITests.swift; sourceTree = "<group>"; };
		93CE3D689ED3556BECE4B34B /* ConcurrencyTests.swift */ = {isa = PBXFileReference; lastKnownFileType = sourcecode.swift; path = ConcurrencyTests.swift; sourceTree = "<group>"; };
		AB5C4CC442340B4BBFA8DC7C /* PersistenceTests.swift */ = {isa = PBXFileReference; lastKnownFileType = sourcecode.swift; path = PersistenceTests.swift; sourceTree = "<group>"; };
		B7D590DABED7E2CDD49B2E4F /* CodableRoundTripTests.swift */ = {isa = PBXFileReference; lastKnownFileType = sourcecode.swift; path = CodableRoundTripTests.swift; sourceTree = "<group>"; };
		B8C376A241CCD334055F01CB /* ContentView.swift */ = {isa = PBXFileReference; lastKnownFileType = sourcecode.swift; path = ContentView.swift; sourceTree = "<group>"; };
		BB5EBAC510475F3D4181D142 /* HelpersTests.swift */ = {isa = PBXFileReference; lastKnownFileType = sourcecode.swift; path = HelpersTests.swift; sourceTree = "<group>"; };
		BE9CD40AE5421DE56199DAB9 /* BlockOpsTests.swift */ = {isa = PBXFileReference; lastKnownFileType = sourcecode.swift; path = BlockOpsTests.swift; sourceTree = "<group>"; };
		C27BE87CC9C7794976F2B588 /* Chaqaq.app */ = {isa = PBXFileReference; includeInIndex = 0; lastKnownFileType = wrapper.application; path = Chaqaq.app; sourceTree = BUILT_PRODUCTS_DIR; };
		C2897833B5B3685586CACEB6 /* chaqaq.xcframework */ = {isa = PBXFileReference; lastKnownFileType = wrapper.xcframework; name = chaqaq.xcframework; path = ../chaqaq.xcframework; sourceTree = "<group>"; };
		D11598236B0E33C53528220E /* chaqaq.swift */ = {isa = PBXFileReference; lastKnownFileType = sourcecode.swift; path = chaqaq.swift; sourceTree = "<group>"; };
		D852776D49D4F06F13B51597 /* EdgeCasesTests.swift */ = {isa = PBXFileReference; lastKnownFileType = sourcecode.swift; path = EdgeCasesTests.swift; sourceTree = "<group>"; };
		D9F5A78072F05AA576874C58 /* Resilience.swift */ = {isa = PBXFileReference; lastKnownFileType = sourcecode.swift; path = Resilience.swift; sourceTree = "<group>"; };
		DA8725F0F0F35A74E2885BF3 /* HomeScreenUITests.swift */ = {isa = PBXFileReference; lastKnownFileType = sourcecode.swift; path = HomeScreenUITests.swift; sourceTree = "<group>"; };
		DC19F4873E2FB0D3F59FC174 /* ResilienceFFITests.swift */ = {isa = PBXFileReference; lastKnownFileType = sourcecode.swift; path = ResilienceFFITests.swift; sourceTree = "<group>"; };
		DE0D5EF3410EEA5D9A1D6808 /* ModelsTests.swift */ = {isa = PBXFileReference; lastKnownFileType = sourcecode.swift; path = ModelsTests.swift; sourceTree = "<group>"; };
		F1F401B4D9863428B73BF78E /* DocumentViewModelTests.swift */ = {isa = PBXFileReference; lastKnownFileType = sourcecode.swift; path = DocumentViewModelTests.swift; sourceTree = "<group>"; };
		F3BD3DEA551FDF139D7CF4C7 /* CreateDocumentFlowTests.swift */ = {isa = PBXFileReference; lastKnownFileType = sourcecode.swift; path = CreateDocumentFlowTests.swift; sourceTree = "<group>"; };
		F3D5F7C753720610A7AE2EBA /* ResilienceTests.swift */ = {isa = PBXFileReference; lastKnownFileType = sourcecode.swift; path = ResilienceTests.swift; sourceTree = "<group>"; };
		F3F25D904DFA118FF322FA9E /* VMErrorHandlingTests.swift */ = {isa = PBXFileReference; lastKnownFileType = sourcecode.swift; path = VMErrorHandlingTests.swift; sourceTree = "<group>"; };
/* End PBXFileReference section */

/* Begin PBXFrameworksBuildPhase section */
		BDAD44F4E512183AEC5106DE /* Frameworks */ = {
			isa = PBXFrameworksBuildPhase;
			buildActionMask = 2147483647;
			files = (
				32CB7DE2D5E0652A08492D42 /* chaqaq.xcframework in Frameworks */,
			);
			runOnlyForDeploymentPostprocessing = 0;
		};
/* End PBXFrameworksBuildPhase section */

/* Begin PBXGroup section */
		21B8F48E09590762DD7CEB31 /* Integration */ = {
			isa = PBXGroup;
			children = (
				BE9CD40AE5421DE56199DAB9 /* BlockOpsTests.swift */,
				57832BB85495E1DBBAC6C32D /* ColorPersistenceTests.swift */,
				93CE3D689ED3556BECE4B34B /* ConcurrencyTests.swift */,
				8B6B5EA5219F0422733302C5 /* DatabaseApiTests.swift */,
				360E322DAC690D96965C457C /* DocumentApiTests.swift */,
				F1F401B4D9863428B73BF78E /* DocumentViewModelTests.swift */,
				D852776D49D4F06F13B51597 /* EdgeCasesTests.swift */,
				AB5C4CC442340B4BBFA8DC7C /* PersistenceTests.swift */,
				DC19F4873E2FB0D3F59FC174 /* ResilienceFFITests.swift */,
				67FD67E49E7454C8A158DE22 /* SearchTests.swift */,
				F3F25D904DFA118FF322FA9E /* VMErrorHandlingTests.swift */,
			);
			path = Integration;
			sourceTree = "<group>";
		};
		319B517576F972A68C24518D = {
			isa = PBXGroup;
			children = (
				B338699B4A26B8DB16A12B1E /* chaqaq */,
				CDCD32229FE0743A6011FDB2 /* Sources */,
				CAE9526D6F7DC3BF41443494 /* Tests */,
				7CF3A08DC1BBDEA71AEC28AF /* Frameworks */,
				5D112C4D04D58803B10FE7A2 /* Products */,
			);
			sourceTree = "<group>";
		};
		41F2B419821D3FB758E39E4D /* swift-bindings */ = {
			isa = PBXGroup;
			children = (
				D11598236B0E33C53528220E /* chaqaq.swift */,
			);
			path = "swift-bindings";
			sourceTree = "<group>";
		};
		5D112C4D04D58803B10FE7A2 /* Products */ = {
			isa = PBXGroup;
			children = (
				C27BE87CC9C7794976F2B588 /* Chaqaq.app */,
				4422FAB015F50295362A6D42 /* ChaqaqIntegrationTests.xctest */,
				4029840F37F43A8D8340DFFD /* ChaqaqTests.xctest */,
				81B9A0DC80F9A91D0EC3FAA8 /* ChaqaqUITests.xctest */,
			);
			name = Products;
			sourceTree = "<group>";
		};
		7CF3A08DC1BBDEA71AEC28AF /* Frameworks */ = {
			isa = PBXGroup;
			children = (
				C2897833B5B3685586CACEB6 /* chaqaq.xcframework */,
			);
			name = Frameworks;
			sourceTree = "<group>";
		};
		7DAAEF6469CFC6B05D1A0410 /* Unit */ = {
			isa = PBXGroup;
			children = (
				432A43577995128EAF0870EF /* AttributedRoundTripTests.swift */,
				B7D590DABED7E2CDD49B2E4F /* CodableRoundTripTests.swift */,
				2F3CBDF14C84002A72362594 /* EditableBlockTests.swift */,
				BB5EBAC510475F3D4181D142 /* HelpersTests.swift */,
				3B9DFCD117F0D67067513AF4 /* MarkdownShortcutTests.swift */,
				DE0D5EF3410EEA5D9A1D6808 /* ModelsTests.swift */,
				F3D5F7C753720610A7AE2EBA /* ResilienceTests.swift */,
			);
			path = Unit;
			sourceTree = "<group>";
		};
		B338699B4A26B8DB16A12B1E /* chaqaq */ = {
			isa = PBXGroup;
			children = (
				41F2B419821D3FB758E39E4D /* swift-bindings */,
			);
			name = chaqaq;
			path = ..;
			sourceTree = "<group>";
		};
		CAE9526D6F7DC3BF41443494 /* Tests */ = {
			isa = PBXGroup;
			children = (
				21B8F48E09590762DD7CEB31 /* Integration */,
				F7421A1D3B767EA9C4458C16 /* UI */,
				7DAAEF6469CFC6B05D1A0410 /* Unit */,
			);
			path = Tests;
			sourceTree = "<group>";
		};
		CDCD32229FE0743A6011FDB2 /* Sources */ = {
			isa = PBXGroup;
			children = (
				61FAF4827B7007C56EF3A1F9 /* Assets.xcassets */,
				6A3054081BFBDCD9AFC2D855 /* ChaqaqApp.swift */,
				B8C376A241CCD334055F01CB /* ContentView.swift */,
				6FD048133513A5E55DEE58E3 /* DocumentView.swift */,
				30E08CB89B3F79766A108177 /* Info.plist */,
				7B37195EE5E973F6B64A028A /* Models.swift */,
				D9F5A78072F05AA576874C58 /* Resilience.swift */,
				468510DC930C6616110EE478 /* RichTextEditor.swift */,
			);
			path = Sources;
			sourceTree = "<group>";
		};
		F7421A1D3B767EA9C4458C16 /* UI */ = {
			isa = PBXGroup;
			children = (
				F3BD3DEA551FDF139D7CF4C7 /* CreateDocumentFlowTests.swift */,
				154B3AE20F89F5C7DB50D9FC /* DocumentEditorUITests.swift */,
				DA8725F0F0F35A74E2885BF3 /* HomeScreenUITests.swift */,
				8D29F1324B9C40EC592CF5FB /* SeededDataUITests.swift */,
			);
			path = UI;
			sourceTree = "<group>";
		};
/* End PBXGroup section */

/* Begin PBXNativeTarget section */
		1BAC28065CC3998F303FB401 /* Chaqaq */ = {
			isa = PBXNativeTarget;
			buildConfigurationList = 796F691B06DB18D994D81641 /* Build configuration list for PBXNativeTarget "Chaqaq" */;
			buildPhases = (
				AF0ABAACC467937B27A93ECC /* Sources */,
				2703096EFEA29B0A93A3943F /* Resources */,
				BDAD44F4E512183AEC5106DE /* Frameworks */,
			);
			buildRules = (
			);
			dependencies = (
			);
			name = Chaqaq;
			packageProductDependencies = (
			);
			productName = Chaqaq;
			productReference = C27BE87CC9C7794976F2B588 /* Chaqaq.app */;
			productType = "com.apple.product-type.application";
		};
		760C20460D9739BD0F086E50 /* ChaqaqIntegrationTests */ = {
			isa = PBXNativeTarget;
			buildConfigurationList = 66C8B18DCC4433A2D3664301 /* Build configuration list for PBXNativeTarget "ChaqaqIntegrationTests" */;
			buildPhases = (
				FC8F112D76271DDECECED916 /* Sources */,
			);
			buildRules = (
			);
			dependencies = (
				EA90A634EDE80ED8AEF3D81D /* PBXTargetDependency */,
			);
			name = ChaqaqIntegrationTests;
			packageProductDependencies = (
			);
			productName = ChaqaqIntegrationTests;
			productReference = 4422FAB015F50295362A6D42 /* ChaqaqIntegrationTests.xctest */;
			productType = "com.apple.product-type.bundle.unit-test";
		};
		D6970CFEC1BF8AC2BDA1A5B6 /* ChaqaqTests */ = {
			isa = PBXNativeTarget;
			buildConfigurationList = 3119E170EB3F3B516702B313 /* Build configuration list for PBXNativeTarget "ChaqaqTests" */;
			buildPhases = (
				DA44B019164B82018BB13ABC /* Sources */,
			);
			buildRules = (
			);
			dependencies = (
				6A948D3C8424FEBB86EA853C /* PBXTargetDependency */,
			);
			name = ChaqaqTests;
			packageProductDependencies = (
			);
			productName = ChaqaqTests;
			productReference = 4029840F37F43A8D8340DFFD /* ChaqaqTests.xctest */;
			productType = "com.apple.product-type.bundle.unit-test";
		};
		E3A89FBCA3D10C699E3029C2 /* ChaqaqUITests */ = {
			isa = PBXNativeTarget;
			buildConfigurationList = C6A2E48FBB347B495DBAC666 /* Build configuration list for PBXNativeTarget "ChaqaqUITests" */;
			buildPhases = (
				36B55CDF640888AA96CEA48E /* Sources */,
			);
			buildRules = (
			);
			dependencies = (
				ECAAE462D2EB0D702831172D /* PBXTargetDependency */,
			);
			name = ChaqaqUITests;
			packageProductDependencies = (
			);
			productName = ChaqaqUITests;
			productReference = 81B9A0DC80F9A91D0EC3FAA8 /* ChaqaqUITests.xctest */;
			productType = "com.apple.product-type.bundle.ui-testing";
		};
/* End PBXNativeTarget section */

/* Begin PBXProject section */
		9F1EB934F0F2890C1F8E3B35 /* Project object */ = {
			isa = PBXProject;
			attributes = {
				BuildIndependentTargetsInParallel = YES;
				LastUpgradeCheck = 1430;
				TargetAttributes = {
					E3A89FBCA3D10C699E3029C2 = {
						TestTargetID = 1BAC28065CC3998F303FB401;
					};
				};
			};
			buildConfigurationList = AB7C2EBF5C272CAD4E65BC92 /* Build configuration list for PBXProject "Chaqaq" */;
			developmentRegion = en;
			hasScannedForEncodings = 0;
			knownRegions = (
				Base,
				en,
			);
			mainGroup = 319B517576F972A68C24518D;
			minimizedProjectReferenceProxies = 1;
			preferredProjectObjectVersion = 77;
			productRefGroup = 5D112C4D04D58803B10FE7A2 /* Products */;
			projectDirPath = "";
			projectRoot = "";
			targets = (
				1BAC28065CC3998F303FB401 /* Chaqaq */,
				760C20460D9739BD0F086E50 /* ChaqaqIntegrationTests */,
				D6970CFEC1BF8AC2BDA1A5B6 /* ChaqaqTests */,
				E3A89FBCA3D10C699E3029C2 /* ChaqaqUITests */,
			);
		};
/* End PBXProject section */

/* Begin PBXResourcesBuildPhase section */
		2703096EFEA29B0A93A3943F /* Resources */ = {
			isa = PBXResourcesBuildPhase;
			buildActionMask = 2147483647;
			files = (
				C17337002B16D605DFB278E5 /* Assets.xcassets in Resources */,
			);
			runOnlyForDeploymentPostprocessing = 0;
		};
/* End PBXResourcesBuildPhase section */

/* Begin PBXSourcesBuildPhase section */
		36B55CDF640888AA96CEA48E /* Sources */ = {
			isa = PBXSourcesBuildPhase;
			buildActionMask = 2147483647;
			files = (
				60A5045396792C4FD55B3526 /* CreateDocumentFlowTests.swift in Sources */,
				611B587BA01844FC23C1CDB6 /* DocumentEditorUITests.swift in Sources */,
				1D1DD07C0EFEDECD11786079 /* HomeScreenUITests.swift in Sources */,
				B13BAFE8F8B712E9FC544354 /* SeededDataUITests.swift in Sources */,
			);
			runOnlyForDeploymentPostprocessing = 0;
		};
		AF0ABAACC467937B27A93ECC /* Sources */ = {
			isa = PBXSourcesBuildPhase;
			buildActionMask = 2147483647;
			files = (
				EB303519C033E0CEB4CF7DAC /* ChaqaqApp.swift in Sources */,
				10192E1DF36988E71B726941 /* ContentView.swift in Sources */,
				EFEE8799F9AD12810344543E /* DocumentView.swift in Sources */,
				D21CF0FB8443FCF3AE5B634E /* Models.swift in Sources */,
				2AFFBCC5D77E6BCE8E855942 /* Resilience.swift in Sources */,
				94766EC0131DB557DB393722 /* RichTextEditor.swift in Sources */,
				8751D1C7EF9DCA4901C58456 /* chaqaq.swift in Sources */,
			);
			runOnlyForDeploymentPostprocessing = 0;
		};
		DA44B019164B82018BB13ABC /* Sources */ = {
			isa = PBXSourcesBuildPhase;
			buildActionMask = 2147483647;
			files = (
				0B6B081CC9497DC8621A0384 /* AttributedRoundTripTests.swift in Sources */,
				50192AB12E752AA13B3F69B5 /* CodableRoundTripTests.swift in Sources */,
				49A30335803C8A3917EF15DD /* EditableBlockTests.swift in Sources */,
				566B7A21337531D883EC7E98 /* HelpersTests.swift in Sources */,
				0C1E1C8AD11759625F837CD4 /* MarkdownShortcutTests.swift in Sources */,
				A8148D81C3FC1CEECBF51E48 /* ModelsTests.swift in Sources */,
				6852346BA35475CD2310283F /* ResilienceTests.swift in Sources */,
			);
			runOnlyForDeploymentPostprocessing = 0;
		};
		FC8F112D76271DDECECED916 /* Sources */ = {
			isa = PBXSourcesBuildPhase;
			buildActionMask = 2147483647;
			files = (
				EBEE393B64CA85A6759B89B6 /* BlockOpsTests.swift in Sources */,
				273634F9619099760E720D72 /* ColorPersistenceTests.swift in Sources */,
				B4E6EB2D7A6D475F93A081E8 /* ConcurrencyTests.swift in Sources */,
				5AD9BF95B63F3CC6C1163107 /* DatabaseApiTests.swift in Sources */,
				CB742789018700DFCDE5D6E6 /* DocumentApiTests.swift in Sources */,
				E291D8DF01FD7DBFF1E382F6 /* DocumentViewModelTests.swift in Sources */,
				8D6AC9E782AD4A9965B94718 /* EdgeCasesTests.swift in Sources */,
				1240A2D9E3F2A5AC18D51ACB /* PersistenceTests.swift in Sources */,
				B2CE43ADC5AE0E594AE37B88 /* ResilienceFFITests.swift in Sources */,
				53CCE657117895E542F4C775 /* SearchTests.swift in Sources */,
				2262FF7F0F8E6AFF5773214D /* VMErrorHandlingTests.swift in Sources */,
			);
			runOnlyForDeploymentPostprocessing = 0;
		};
/* End PBXSourcesBuildPhase section */

/* Begin PBXTargetDependency section */
		6A948D3C8424FEBB86EA853C /* PBXTargetDependency */ = {
			isa = PBXTargetDependency;
			target = 1BAC28065CC3998F303FB401 /* Chaqaq */;
			targetProxy = 5619600F752AD25C38B6D46D /* PBXContainerItemProxy */;
		};
		EA90A634EDE80ED8AEF3D81D /* PBXTargetDependency */ = {
			isa = PBXTargetDependency;
			target = 1BAC28065CC3998F303FB401 /* Chaqaq */;
			targetProxy = 2F90C74A36A316F03305A859 /* PBXContainerItemProxy */;
		};
		ECAAE462D2EB0D702831172D /* PBXTargetDependency */ = {
			isa = PBXTargetDependency;
			target = 1BAC28065CC3998F303FB401 /* Chaqaq */;
			targetProxy = 7115EA8F38A709FCE02E770D /* PBXContainerItemProxy */;
		};
/* End PBXTargetDependency section */

/* Begin XCBuildConfiguration section */
		2C7D990CC49E4A41A278D186 /* Release */ = {
			isa = XCBuildConfiguration;
			buildSettings = {
				BUNDLE_LOADER = "$(TEST_HOST)";
				GENERATE_INFOPLIST_FILE = YES;
				IPHONEOS_DEPLOYMENT_TARGET = 26.0;
				LD_RUNPATH_SEARCH_PATHS = (
					"$(inherited)",
					"@executable_path/Frameworks",
					"@loader_path/Frameworks",
				);
				PRODUCT_BUNDLE_IDENTIFIER = com.gloiiire.chaqaq.integration;
				SDKROOT = iphoneos;
				SWIFT_VERSION = 5.0;
				TARGETED_DEVICE_FAMILY = "1,2";
				TEST_HOST = "$(BUILT_PRODUCTS_DIR)/Chaqaq.app/Chaqaq";
			};
			name = Release;
		};
		4591EA6DF893B754B10F8CAB /* Debug */ = {
			isa = XCBuildConfiguration;
			buildSettings = {
				BUNDLE_LOADER = "$(TEST_HOST)";
				GENERATE_INFOPLIST_FILE = YES;
				IPHONEOS_DEPLOYMENT_TARGET = 26.0;
				LD_RUNPATH_SEARCH_PATHS = (
					"$(inherited)",
					"@executable_path/Frameworks",
					"@loader_path/Frameworks",
				);
				PRODUCT_BUNDLE_IDENTIFIER = com.gloiiire.chaqaq.integration;
				SDKROOT = iphoneos;
				SWIFT_VERSION = 5.0;
				TARGETED_DEVICE_FAMILY = "1,2";
				TEST_HOST = "$(BUILT_PRODUCTS_DIR)/Chaqaq.app/Chaqaq";
			};
			name = Debug;
		};
		5EE5895221EF048E8534FE33 /* Release */ = {
			isa = XCBuildConfiguration;
			buildSettings = {
				BUNDLE_LOADER = "$(TEST_HOST)";
				GENERATE_INFOPLIST_FILE = YES;
				IPHONEOS_DEPLOYMENT_TARGET = 26.0;
				LD_RUNPATH_SEARCH_PATHS = (
					"$(inherited)",
					"@executable_path/Frameworks",
					"@loader_path/Frameworks",
				);
				PRODUCT_BUNDLE_IDENTIFIER = com.gloiiire.chaqaq.uitests;
				SDKROOT = iphoneos;
				SWIFT_VERSION = 5.0;
				TARGETED_DEVICE_FAMILY = "1,2";
				TEST_TARGET_NAME = Chaqaq;
			};
			name = Release;
		};
		5FF190F6EBF1A039D278161B /* Debug */ = {
			isa = XCBuildConfiguration;
			buildSettings = {
				ASSETCATALOG_COMPILER_APPICON_NAME = AppIcon;
				CODE_SIGN_IDENTITY = "iPhone Developer";
				"EXCLUDED_ARCHS[sdk=iphonesimulator*]" = x86_64;
				FRAMEWORK_SEARCH_PATHS = (
					"$(inherited)",
					"\"..\"",
				);
				INFOPLIST_FILE = Sources/Info.plist;
				IPHONEOS_DEPLOYMENT_TARGET = 26.0;
				LD_RUNPATH_SEARCH_PATHS = (
					"$(inherited)",
					"@executable_path/Frameworks",
				);
				OTHER_LDFLAGS = "$(inherited) -lc++";
				PRODUCT_BUNDLE_IDENTIFIER = com.gloiiire.chaqaq;
				SDKROOT = iphoneos;
				SWIFT_VERSION = 5.0;
				TARGETED_DEVICE_FAMILY = "1,2";
			};
			name = Debug;
		};
		8386F2E235B677EDB30EAB1C /* Release */ = {
			isa = XCBuildConfiguration;
			buildSettings = {
				ALWAYS_SEARCH_USER_PATHS = NO;
				CLANG_ANALYZER_NONNULL = YES;
				CLANG_ANALYZER_NUMBER_OBJECT_CONVERSION = YES_AGGRESSIVE;
				CLANG_CXX_LANGUAGE_STANDARD = "gnu++14";
				CLANG_CXX_LIBRARY = "libc++";
				CLANG_ENABLE_MODULES = YES;
				CLANG_ENABLE_OBJC_ARC = YES;
				CLANG_ENABLE_OBJC_WEAK = YES;
				CLANG_WARN_BLOCK_CAPTURE_AUTORELEASING = YES;
				CLANG_WARN_BOOL_CONVERSION = YES;
				CLANG_WARN_COMMA = YES;
				CLANG_WARN_CONSTANT_CONVERSION = YES;
				CLANG_WARN_DEPRECATED_OBJC_IMPLEMENTATIONS = YES;
				CLANG_WARN_DIRECT_OBJC_ISA_USAGE = YES_ERROR;
				CLANG_WARN_DOCUMENTATION_COMMENTS = YES;
				CLANG_WARN_EMPTY_BODY = YES;
				CLANG_WARN_ENUM_CONVERSION = YES;
				CLANG_WARN_INFINITE_RECURSION = YES;
				CLANG_WARN_INT_CONVERSION = YES;
				CLANG_WARN_NON_LITERAL_NULL_CONVERSION = YES;
				CLANG_WARN_OBJC_IMPLICIT_RETAIN_SELF = YES;
				CLANG_WARN_OBJC_LITERAL_CONVERSION = YES;
				CLANG_WARN_OBJC_ROOT_CLASS = YES_ERROR;
				CLANG_WARN_QUOTED_INCLUDE_IN_FRAMEWORK_HEADER = YES;
				CLANG_WARN_RANGE_LOOP_ANALYSIS = YES;
				CLANG_WARN_STRICT_PROTOTYPES = YES;
				CLANG_WARN_SUSPICIOUS_MOVE = YES;
				CLANG_WARN_UNGUARDED_AVAILABILITY = YES_AGGRESSIVE;
				CLANG_WARN_UNREACHABLE_CODE = YES;
				CLANG_WARN__DUPLICATE_METHOD_MATCH = YES;
				COPY_PHASE_STRIP = NO;
				DEBUG_INFORMATION_FORMAT = "dwarf-with-dsym";
				ENABLE_NS_ASSERTIONS = NO;
				ENABLE_STRICT_OBJC_MSGSEND = YES;
				GCC_C_LANGUAGE_STANDARD = gnu11;
				GCC_NO_COMMON_BLOCKS = YES;
				GCC_WARN_64_TO_32_BIT_CONVERSION = YES;
				GCC_WARN_ABOUT_RETURN_TYPE = YES_ERROR;
				GCC_WARN_UNDECLARED_SELECTOR = YES;
				GCC_WARN_UNINITIALIZED_AUTOS = YES_AGGRESSIVE;
				GCC_WARN_UNUSED_FUNCTION = YES;
				GCC_WARN_UNUSED_VARIABLE = YES;
				IPHONEOS_DEPLOYMENT_TARGET = 26.0;
				MTL_ENABLE_DEBUG_INFO = NO;
				MTL_FAST_MATH = YES;
				PRODUCT_NAME = "$(TARGET_NAME)";
				SDKROOT = iphoneos;
				SWIFT_COMPILATION_MODE = wholemodule;
				SWIFT_OPTIMIZATION_LEVEL = "-O";
				SWIFT_VERSION = 5.0;
			};
			name = Release;
		};
		A163D33E47B86D4CE6880240 /* Debug */ = {
			isa = XCBuildConfiguration;
			buildSettings = {
				BUNDLE_LOADER = "$(TEST_HOST)";
				GENERATE_INFOPLIST_FILE = YES;
				IPHONEOS_DEPLOYMENT_TARGET = 26.0;
				LD_RUNPATH_SEARCH_PATHS = (
					"$(inherited)",
					"@executable_path/Frameworks",
					"@loader_path/Frameworks",
				);
				PRODUCT_BUNDLE_IDENTIFIER = com.gloiiire.chaqaq.tests;
				SDKROOT = iphoneos;
				SWIFT_VERSION = 5.0;
				TARGETED_DEVICE_FAMILY = "1,2";
				TEST_HOST = "$(BUILT_PRODUCTS_DIR)/Chaqaq.app/Chaqaq";
			};
			name = Debug;
		};
		A4763DE551A790223968A627 /* Release */ = {
			isa = XCBuildConfiguration;
			buildSettings = {
				BUNDLE_LOADER = "$(TEST_HOST)";
				GENERATE_INFOPLIST_FILE = YES;
				IPHONEOS_DEPLOYMENT_TARGET = 26.0;
				LD_RUNPATH_SEARCH_PATHS = (
					"$(inherited)",
					"@executable_path/Frameworks",
					"@loader_path/Frameworks",
				);
				PRODUCT_BUNDLE_IDENTIFIER = com.gloiiire.chaqaq.tests;
				SDKROOT = iphoneos;
				SWIFT_VERSION = 5.0;
				TARGETED_DEVICE_FAMILY = "1,2";
				TEST_HOST = "$(BUILT_PRODUCTS_DIR)/Chaqaq.app/Chaqaq";
			};
			name = Release;
		};
		B38A878961BDA5DCBD88D325 /* Debug */ = {
			isa = XCBuildConfiguration;
			buildSettings = {
				ALWAYS_SEARCH_USER_PATHS = NO;
				CLANG_ANALYZER_NONNULL = YES;
				CLANG_ANALYZER_NUMBER_OBJECT_CONVERSION = YES_AGGRESSIVE;
				CLANG_CXX_LANGUAGE_STANDARD = "gnu++14";
				CLANG_CXX_LIBRARY = "libc++";
				CLANG_ENABLE_MODULES = YES;
				CLANG_ENABLE_OBJC_ARC = YES;
				CLANG_ENABLE_OBJC_WEAK = YES;
				CLANG_WARN_BLOCK_CAPTURE_AUTORELEASING = YES;
				CLANG_WARN_BOOL_CONVERSION = YES;
				CLANG_WARN_COMMA = YES;
				CLANG_WARN_CONSTANT_CONVERSION = YES;
				CLANG_WARN_DEPRECATED_OBJC_IMPLEMENTATIONS = YES;
				CLANG_WARN_DIRECT_OBJC_ISA_USAGE = YES_ERROR;
				CLANG_WARN_DOCUMENTATION_COMMENTS = YES;
				CLANG_WARN_EMPTY_BODY = YES;
				CLANG_WARN_ENUM_CONVERSION = YES;
				CLANG_WARN_INFINITE_RECURSION = YES;
				CLANG_WARN_INT_CONVERSION = YES;
				CLANG_WARN_NON_LITERAL_NULL_CONVERSION = YES;
				CLANG_WARN_OBJC_IMPLICIT_RETAIN_SELF = YES;
				CLANG_WARN_OBJC_LITERAL_CONVERSION = YES;
				CLANG_WARN_OBJC_ROOT_CLASS = YES_ERROR;
				CLANG_WARN_QUOTED_INCLUDE_IN_FRAMEWORK_HEADER = YES;
				CLANG_WARN_RANGE_LOOP_ANALYSIS = YES;
				CLANG_WARN_STRICT_PROTOTYPES = YES;
				CLANG_WARN_SUSPICIOUS_MOVE = YES;
				CLANG_WARN_UNGUARDED_AVAILABILITY = YES_AGGRESSIVE;
				CLANG_WARN_UNREACHABLE_CODE = YES;
				CLANG_WARN__DUPLICATE_METHOD_MATCH = YES;
				COPY_PHASE_STRIP = NO;
				DEBUG_INFORMATION_FORMAT = dwarf;
				ENABLE_STRICT_OBJC_MSGSEND = YES;
				ENABLE_TESTABILITY = YES;
				GCC_C_LANGUAGE_STANDARD = gnu11;
				GCC_DYNAMIC_NO_PIC = NO;
				GCC_NO_COMMON_BLOCKS = YES;
				GCC_OPTIMIZATION_LEVEL = 0;
				GCC_PREPROCESSOR_DEFINITIONS = (
					"$(inherited)",
					"DEBUG=1",
				);
				GCC_WARN_64_TO_32_BIT_CONVERSION = YES;
				GCC_WARN_ABOUT_RETURN_TYPE = YES_ERROR;
				GCC_WARN_UNDECLARED_SELECTOR = YES;
				GCC_WARN_UNINITIALIZED_AUTOS = YES_AGGRESSIVE;
				GCC_WARN_UNUSED_FUNCTION = YES;
				GCC_WARN_UNUSED_VARIABLE = YES;
				IPHONEOS_DEPLOYMENT_TARGET = 26.0;
				MTL_ENABLE_DEBUG_INFO = INCLUDE_SOURCE;
				MTL_FAST_MATH = YES;
				ONLY_ACTIVE_ARCH = YES;
				PRODUCT_NAME = "$(TARGET_NAME)";
				SDKROOT = iphoneos;
				SWIFT_ACTIVE_COMPILATION_CONDITIONS = DEBUG;
				SWIFT_OPTIMIZATION_LEVEL = "-Onone";
				SWIFT_VERSION = 5.0;
			};
			name = Debug;
		};
		C11345B2720C90ABD5DED822 /* Debug */ = {
			isa = XCBuildConfiguration;
			buildSettings = {
				BUNDLE_LOADER = "$(TEST_HOST)";
				GENERATE_INFOPLIST_FILE = YES;
				IPHONEOS_DEPLOYMENT_TARGET = 26.0;
				LD_RUNPATH_SEARCH_PATHS = (
					"$(inherited)",
					"@executable_path/Frameworks",
					"@loader_path/Frameworks",
				);
				PRODUCT_BUNDLE_IDENTIFIER = com.gloiiire.chaqaq.uitests;
				SDKROOT = iphoneos;
				SWIFT_VERSION = 5.0;
				TARGETED_DEVICE_FAMILY = "1,2";
				TEST_TARGET_NAME = Chaqaq;
			};
			name = Debug;
		};
		D942E95DC0F425D5959E289C /* Release */ = {
			isa = XCBuildConfiguration;
			buildSettings = {
				ASSETCATALOG_COMPILER_APPICON_NAME = AppIcon;
				CODE_SIGN_IDENTITY = "iPhone Developer";
				"EXCLUDED_ARCHS[sdk=iphonesimulator*]" = x86_64;
				FRAMEWORK_SEARCH_PATHS = (
					"$(inherited)",
					"\"..\"",
				);
				INFOPLIST_FILE = Sources/Info.plist;
				IPHONEOS_DEPLOYMENT_TARGET = 26.0;
				LD_RUNPATH_SEARCH_PATHS = (
					"$(inherited)",
					"@executable_path/Frameworks",
				);
				OTHER_LDFLAGS = "$(inherited) -lc++";
				PRODUCT_BUNDLE_IDENTIFIER = com.gloiiire.chaqaq;
				SDKROOT = iphoneos;
				SWIFT_VERSION = 5.0;
				TARGETED_DEVICE_FAMILY = "1,2";
			};
			name = Release;
		};
/* End XCBuildConfiguration section */

/* Begin XCConfigurationList section */
		3119E170EB3F3B516702B313 /* Build configuration list for PBXNativeTarget "ChaqaqTests" */ = {
			isa = XCConfigurationList;
			buildConfigurations = (
				A163D33E47B86D4CE6880240 /* Debug */,
				A4763DE551A790223968A627 /* Release */,
			);
			defaultConfigurationIsVisible = 0;
			defaultConfigurationName = Debug;
		};
		66C8B18DCC4433A2D3664301 /* Build configuration list for PBXNativeTarget "ChaqaqIntegrationTests" */ = {
			isa = XCConfigurationList;
			buildConfigurations = (
				4591EA6DF893B754B10F8CAB /* Debug */,
				2C7D990CC49E4A41A278D186 /* Release */,
			);
			defaultConfigurationIsVisible = 0;
			defaultConfigurationName = Debug;
		};
		796F691B06DB18D994D81641 /* Build configuration list for PBXNativeTarget "Chaqaq" */ = {
			isa = XCConfigurationList;
			buildConfigurations = (
				5FF190F6EBF1A039D278161B /* Debug */,
				D942E95DC0F425D5959E289C /* Release */,
			);
			defaultConfigurationIsVisible = 0;
			defaultConfigurationName = Debug;
		};
		AB7C2EBF5C272CAD4E65BC92 /* Build configuration list for PBXProject "Chaqaq" */ = {
			isa = XCConfigurationList;
			buildConfigurations = (
				B38A878961BDA5DCBD88D325 /* Debug */,
				8386F2E235B677EDB30EAB1C /* Release */,
			);
			defaultConfigurationIsVisible = 0;
			defaultConfigurationName = Debug;
		};
		C6A2E48FBB347B495DBAC666 /* Build configuration list for PBXNativeTarget "ChaqaqUITests" */ = {
			isa = XCConfigurationList;
			buildConfigurations = (
				C11345B2720C90ABD5DED822 /* Debug */,
				5EE5895221EF048E8534FE33 /* Release */,
			);
			defaultConfigurationIsVisible = 0;
			defaultConfigurationName = Debug;
		};
/* End XCConfigurationList section */
	};
	rootObject = 9F1EB934F0F2890C1F8E3B35 /* Project object */;
}
